{
  "version": 4,
  "terraform_version": "1.4.4",
  "serial": 195,
  "lineage": "462e08b7-d54c-f4ab-840a-f1a475c962df",
  "outputs": {
    "bigquery_connection_id": {
      "value": "projects/vishal-sandpit-474523/locations/australia-southeast1/connections/gemini-pro-connection",
      "type": "string"
    },
    "data_catalog_taxonomy_id": {
      "value": "projects/vishal-sandpit-474523/locations/australia-southeast1/taxonomies/7638949646360194197",
      "type": "string"
    },
    "dataform_repository_id": {
      "value": "projects/vishal-sandpit-474523/locations/australia-southeast1/repositories/intelia-warehouse",
      "type": "string"
    },
    "gcs_bucket_name": {
      "value": "vishal-sandpit-474523-delta-staging",
      "type": "string"
    },
    "gemini_model_id": {
      "value": "gemini-pro",
      "type": "string"
    }
  },
  "resources": [
    {
      "module": "module.bigquery",
      "mode": "managed",
      "type": "google_bigquery_connection",
      "name": "gemini_connection",
      "provider": "provider[\"registry.terraform.io/hashicorp/google\"]",
      "instances": [
        {
          "schema_version": 0,
          "attributes": {
            "aws": [],
            "azure": [],
            "cloud_resource": [
              {
                "service_account_id": "bqcx-160702508047-jt96@gcp-sa-bigquery-condel.iam.gserviceaccount.com"
              }
            ],
            "cloud_spanner": [],
            "cloud_sql": [],
            "connection_id": "gemini-pro-connection",
            "description": "",
            "friendly_name": "",
            "has_credential": false,
            "id": "projects/vishal-sandpit-474523/locations/australia-southeast1/connections/gemini-pro-connection",
            "kms_key_name": "",
            "location": "australia-southeast1",
            "name": "projects/160702508047/locations/australia-southeast1/connections/gemini-pro-connection",
            "project": "vishal-sandpit-474523",
            "spark": [],
            "timeouts": null
          },
          "sensitive_attributes": [],
          "private": "eyJlMmJmYjczMC1lY2FhLTExZTYtOGY4OC0zNDM2M2JjN2M0YzAiOnsiY3JlYXRlIjoxMjAwMDAwMDAwMDAwLCJkZWxldGUiOjEyMDAwMDAwMDAwMDAsInVwZGF0ZSI6MTIwMDAwMDAwMDAwMH19",
          "dependencies": [
            "module.project_services.google_project_service.apis"
          ]
        }
      ]
    },
    {
      "module": "module.bigquery",
      "mode": "managed",
      "type": "google_bigquery_dataset",
      "name": "ai",
      "provider": "provider[\"registry.terraform.io/hashicorp/google\"]",
      "instances": [
        {
          "schema_version": 0,
          "attributes": {
            "access": [
              {
                "dataset": [],
                "domain": "",
                "group_by_email": "",
                "iam_member": "",
                "role": "OWNER",
                "routine": [],
                "special_group": "",
                "user_by_email": "vishal.pattabiraman@intelia.com.au",
                "view": []
              },
              {
                "dataset": [],
                "domain": "",
                "group_by_email": "",
                "iam_member": "",
                "role": "OWNER",
                "routine": [],
                "special_group": "projectOwners",
                "user_by_email": "",
                "view": []
              },
              {
                "dataset": [],
                "domain": "",
                "group_by_email": "",
                "iam_member": "",
                "role": "READER",
                "routine": [],
                "special_group": "projectReaders",
                "user_by_email": "",
                "view": []
              },
              {
                "dataset": [],
                "domain": "",
                "group_by_email": "",
                "iam_member": "",
                "role": "WRITER",
                "routine": [],
                "special_group": "projectWriters",
                "user_by_email": "",
                "view": []
              }
            ],
            "creation_time": 414297023,
            "dataset_id": "ai",
            "default_collation": "",
            "default_encryption_configuration": [],
            "default_partition_expiration_ms": 0,
            "default_table_expiration_ms": 0,
            "delete_contents_on_destroy": false,
            "description": "Gemini-enriched views and ML models",
            "effective_labels": {
              "layer": "ai"
            },
            "etag": "+l3BqAufMQnnLS6Kijir0w==",
            "external_dataset_reference": [],
            "friendly_name": "AI",
            "id": "projects/vishal-sandpit-474523/datasets/ai",
            "is_case_insensitive": false,
            "labels": {
              "layer": "ai"
            },
            "last_modified_time": 414297023,
            "location": "australia-southeast1",
            "max_time_travel_hours": "168",
            "project": "vishal-sandpit-474523",
            "resource_tags": {},
            "self_link": "https://bigquery.googleapis.com/bigquery/v2/projects/vishal-sandpit-474523/datasets/ai",
            "storage_billing_model": "",
            "terraform_labels": {
              "layer": "ai"
            },
            "timeouts": null
          },
          "sensitive_attributes": [],
          "private": "eyJlMmJmYjczMC1lY2FhLTExZTYtOGY4OC0zNDM2M2JjN2M0YzAiOnsiY3JlYXRlIjoxMjAwMDAwMDAwMDAwLCJkZWxldGUiOjEyMDAwMDAwMDAwMDAsInVwZGF0ZSI6MTIwMDAwMDAwMDAwMH19",
          "dependencies": [
            "module.project_services.google_project_service.apis"
          ]
        }
      ]
    },
    {
      "module": "module.bigquery",
      "mode": "managed",
      "type": "google_bigquery_dataset",
      "name": "bronze",
      "provider": "provider[\"registry.terraform.io/hashicorp/google\"]",
      "instances": [
        {
          "schema_version": 0,
          "attributes": {
            "access": [
              {
                "dataset": [],
                "domain": "",
                "group_by_email": "",
                "iam_member": "",
                "role": "OWNER",
                "routine": [],
                "special_group": "",
                "user_by_email": "vishal.pattabiraman@intelia.com.au",
                "view": []
              },
              {
                "dataset": [],
                "domain": "",
                "group_by_email": "",
                "iam_member": "",
                "role": "OWNER",
                "routine": [],
                "special_group": "projectOwners",
                "user_by_email": "",
                "view": []
              },
              {
                "dataset": [],
                "domain": "",
                "group_by_email": "",
                "iam_member": "",
                "role": "READER",
                "routine": [],
                "special_group": "projectReaders",
                "user_by_email": "",
                "view": []
              },
              {
                "dataset": [],
                "domain": "",
                "group_by_email": "",
                "iam_member": "",
                "role": "WRITER",
                "routine": [],
                "special_group": "projectWriters",
                "user_by_email": "",
                "view": []
              }
            ],
            "creation_time": 414297024,
            "dataset_id": "bronze",
            "default_collation": "",
            "default_encryption_configuration": [],
            "default_partition_expiration_ms": 0,
            "default_table_expiration_ms": 0,
            "delete_contents_on_destroy": false,
            "description": "Raw external tables from GCS",
            "effective_labels": {
              "layer": "bronze"
            },
            "etag": "jNRWonsZJbu/ub9/1uOcBw==",
            "external_dataset_reference": [],
            "friendly_name": "Bronze",
            "id": "projects/vishal-sandpit-474523/datasets/bronze",
            "is_case_insensitive": false,
            "labels": {
              "layer": "bronze"
            },
            "last_modified_time": 414297024,
            "location": "australia-southeast1",
            "max_time_travel_hours": "168",
            "project": "vishal-sandpit-474523",
            "resource_tags": {},
            "self_link": "https://bigquery.googleapis.com/bigquery/v2/projects/vishal-sandpit-474523/datasets/bronze",
            "storage_billing_model": "",
            "terraform_labels": {
              "layer": "bronze"
            },
            "timeouts": null
          },
          "sensitive_attributes": [],
          "private": "eyJlMmJmYjczMC1lY2FhLTExZTYtOGY4OC0zNDM2M2JjN2M0YzAiOnsiY3JlYXRlIjoxMjAwMDAwMDAwMDAwLCJkZWxldGUiOjEyMDAwMDAwMDAwMDAsInVwZGF0ZSI6MTIwMDAwMDAwMDAwMH19",
          "dependencies": [
            "module.project_services.google_project_service.apis"
          ]
        }
      ]
    },
    {
      "module": "module.bigquery",
      "mode": "managed",
      "type": "google_bigquery_dataset",
      "name": "gold",
      "provider": "provider[\"registry.terraform.io/hashicorp/google\"]",
      "instances": [
        {
          "schema_version": 0,
          "attributes": {
            "access": [
              {
                "dataset": [],
                "domain": "",
                "group_by_email": "",
                "iam_member": "",
                "role": "OWNER",
                "routine": [],
                "special_group": "",
                "user_by_email": "vishal.pattabiraman@intelia.com.au",
                "view": []
              },
              {
                "dataset": [],
                "domain": "",
                "group_by_email": "",
                "iam_member": "",
                "role": "OWNER",
                "routine": [],
                "special_group": "projectOwners",
                "user_by_email": "",
                "view": []
              },
              {
                "dataset": [],
                "domain": "",
                "group_by_email": "",
                "iam_member": "",
                "role": "READER",
                "routine": [],
                "special_group": "projectReaders",
                "user_by_email": "",
                "view": []
              },
              {
                "dataset": [],
                "domain": "",
                "group_by_email": "",
                "iam_member": "",
                "role": "WRITER",
                "routine": [],
                "special_group": "projectWriters",
                "user_by_email": "",
                "view": []
              }
            ],
            "creation_time": 414298727,
            "dataset_id": "gold",
            "default_collation": "",
            "default_encryption_configuration": [],
            "default_partition_expiration_ms": 0,
            "default_table_expiration_ms": 0,
            "delete_contents_on_destroy": false,
            "description": "Business-ready dimension and fact tables",
            "effective_labels": {
              "layer": "gold"
            },
            "etag": "cvIztECRhZfUNXUEUWg8Kw==",
            "external_dataset_reference": [],
            "friendly_name": "Gold",
            "id": "projects/vishal-sandpit-474523/datasets/gold",
            "is_case_insensitive": false,
            "labels": {
              "layer": "gold"
            },
            "last_modified_time": 414298727,
            "location": "australia-southeast1",
            "max_time_travel_hours": "168",
            "project": "vishal-sandpit-474523",
            "resource_tags": {},
            "self_link": "https://bigquery.googleapis.com/bigquery/v2/projects/vishal-sandpit-474523/datasets/gold",
            "storage_billing_model": "",
            "terraform_labels": {
              "layer": "gold"
            },
            "timeouts": null
          },
          "sensitive_attributes": [],
          "private": "eyJlMmJmYjczMC1lY2FhLTExZTYtOGY4OC0zNDM2M2JjN2M0YzAiOnsiY3JlYXRlIjoxMjAwMDAwMDAwMDAwLCJkZWxldGUiOjEyMDAwMDAwMDAwMDAsInVwZGF0ZSI6MTIwMDAwMDAwMDAwMH19",
          "dependencies": [
            "module.project_services.google_project_service.apis"
          ]
        }
      ]
    },
    {
      "module": "module.bigquery",
      "mode": "managed",
      "type": "google_bigquery_dataset",
      "name": "governance",
      "provider": "provider[\"registry.terraform.io/hashicorp/google\"]",
      "instances": [
        {
          "schema_version": 0,
          "attributes": {
            "access": [
              {
                "dataset": [],
                "domain": "",
                "group_by_email": "",
                "iam_member": "",
                "role": "OWNER",
                "routine": [],
                "special_group": "",
                "user_by_email": "vishal.pattabiraman@intelia.com.au",
                "view": []
              },
              {
                "dataset": [],
                "domain": "",
                "group_by_email": "",
                "iam_member": "",
                "role": "OWNER",
                "routine": [],
                "special_group": "projectOwners",
                "user_by_email": "",
                "view": []
              },
              {
                "dataset": [],
                "domain": "",
                "group_by_email": "",
                "iam_member": "",
                "role": "READER",
                "routine": [],
                "special_group": "projectReaders",
                "user_by_email": "",
                "view": []
              },
              {
                "dataset": [],
                "domain": "",
                "group_by_email": "",
                "iam_member": "",
                "role": "WRITER",
                "routine": [],
                "special_group": "projectWriters",
                "user_by_email": "",
                "view": []
              }
            ],
            "creation_time": 414297037,
            "dataset_id": "governance",
            "default_collation": "",
            "default_encryption_configuration": [],
            "default_partition_expiration_ms": 0,
            "default_table_expiration_ms": 0,
            "delete_contents_on_destroy": false,
            "description": "Audit logs, batch tracking, compliance",
            "effective_labels": {
              "layer": "governance"
            },
            "etag": "t4LbafPPIRp8drV0mLAf5Q==",
            "external_dataset_reference": [],
            "friendly_name": "Governance",
            "id": "projects/vishal-sandpit-474523/datasets/governance",
            "is_case_insensitive": false,
            "labels": {
              "layer": "governance"
            },
            "last_modified_time": 414297037,
            "location": "australia-southeast1",
            "max_time_travel_hours": "168",
            "project": "vishal-sandpit-474523",
            "resource_tags": {},
            "self_link": "https://bigquery.googleapis.com/bigquery/v2/projects/vishal-sandpit-474523/datasets/governance",
            "storage_billing_model": "",
            "terraform_labels": {
              "layer": "governance"
            },
            "timeouts": null
          },
          "sensitive_attributes": [],
          "private": "eyJlMmJmYjczMC1lY2FhLTExZTYtOGY4OC0zNDM2M2JjN2M0YzAiOnsiY3JlYXRlIjoxMjAwMDAwMDAwMDAwLCJkZWxldGUiOjEyMDAwMDAwMDAwMDAsInVwZGF0ZSI6MTIwMDAwMDAwMDAwMH19",
          "dependencies": [
            "module.project_services.google_project_service.apis"
          ]
        }
      ]
    },
    {
      "module": "module.bigquery",
      "mode": "managed",
      "type": "google_bigquery_dataset",
      "name": "silver",
      "provider": "provider[\"registry.terraform.io/hashicorp/google\"]",
      "instances": [
        {
          "schema_version": 0,
          "attributes": {
            "access": [
              {
                "dataset": [],
                "domain": "",
                "group_by_email": "",
                "iam_member": "",
                "role": "OWNER",
                "routine": [],
                "special_group": "",
                "user_by_email": "vishal.pattabiraman@intelia.com.au",
                "view": []
              },
              {
                "dataset": [],
                "domain": "",
                "group_by_email": "",
                "iam_member": "",
                "role": "OWNER",
                "routine": [],
                "special_group": "projectOwners",
                "user_by_email": "",
                "view": []
              },
              {
                "dataset": [],
                "domain": "",
                "group_by_email": "",
                "iam_member": "",
                "role": "READER",
                "routine": [],
                "special_group": "projectReaders",
                "user_by_email": "",
                "view": []
              },
              {
                "dataset": [],
                "domain": "",
                "group_by_email": "",
                "iam_member": "",
                "role": "WRITER",
                "routine": [],
                "special_group": "projectWriters",
                "user_by_email": "",
                "view": []
              }
            ],
            "creation_time": 414297031,
            "dataset_id": "silver",
            "default_collation": "",
            "default_encryption_configuration": [],
            "default_partition_expiration_ms": 0,
            "default_table_expiration_ms": 0,
            "delete_contents_on_destroy": false,
            "description": "Cleaned and standardised staging tables",
            "effective_labels": {
              "layer": "silver"
            },
            "etag": "7crtrh0geAaeQlsRzNdtOw==",
            "external_dataset_reference": [],
            "friendly_name": "Silver",
            "id": "projects/vishal-sandpit-474523/datasets/silver",
            "is_case_insensitive": false,
            "labels": {
              "layer": "silver"
            },
            "last_modified_time": 414297031,
            "location": "australia-southeast1",
            "max_time_travel_hours": "168",
            "project": "vishal-sandpit-474523",
            "resource_tags": {},
            "self_link": "https://bigquery.googleapis.com/bigquery/v2/projects/vishal-sandpit-474523/datasets/silver",
            "storage_billing_model": "",
            "terraform_labels": {
              "layer": "silver"
            },
            "timeouts": null
          },
          "sensitive_attributes": [],
          "private": "eyJlMmJmYjczMC1lY2FhLTExZTYtOGY4OC0zNDM2M2JjN2M0YzAiOnsiY3JlYXRlIjoxMjAwMDAwMDAwMDAwLCJkZWxldGUiOjEyMDAwMDAwMDAwMDAsInVwZGF0ZSI6MTIwMDAwMDAwMDAwMH19",
          "dependencies": [
            "module.project_services.google_project_service.apis"
          ]
        }
      ]
    },
    {
      "module": "module.bigquery",
      "mode": "managed",
      "type": "google_project_iam_member",
      "name": "gemini_connection_vertex",
      "provider": "provider[\"registry.terraform.io/hashicorp/google\"]",
      "instances": [
        {
          "schema_version": 0,
          "attributes": {
            "condition": [],
            "etag": "BwZNulcgsmI=",
            "id": "vishal-sandpit-474523/roles/aiplatform.user/serviceAccount:bqcx-160702508047-jt96@gcp-sa-bigquery-condel.iam.gserviceaccount.com",
            "member": "serviceAccount:bqcx-160702508047-jt96@gcp-sa-bigquery-condel.iam.gserviceaccount.com",
            "project": "vishal-sandpit-474523",
            "role": "roles/aiplatform.user"
          },
          "sensitive_attributes": [],
          "private": "bnVsbA==",
          "dependencies": [
            "module.bigquery.google_bigquery_connection.gemini_connection",
            "module.project_services.google_project_service.apis"
          ]
        }
      ]
    },
    {
      "module": "module.cloud_build",
      "mode": "managed",
      "type": "google_cloudbuild_trigger",
      "name": "deploy",
      "provider": "provider[\"registry.terraform.io/hashicorp/google\"]",
      "instances": [
        {
          "index_key": 0,
          "schema_version": 2,
          "attributes": {
            "approval_config": [
              {
                "approval_required": false
              }
            ],
            "bitbucket_server_trigger_config": [],
            "build": [],
            "create_time": "2026-03-24T00:45:13.421264036Z",
            "description": "Deploys Terraform and triggers Dataform full-refresh on push to main.",
            "disabled": false,
            "filename": "cloudbuild-deploy.yaml",
            "filter": "",
            "git_file_source": [],
            "github": [],
            "id": "projects/vishal-sandpit-474523/locations/australia-southeast1/triggers/d867f911-071a-4e5c-8fa2-2e3f2bd8bb52",
            "ignored_files": [],
            "include_build_logs": "",
            "included_files": [],
            "location": "australia-southeast1",
            "name": "deploy-main",
            "project": "vishal-sandpit-474523",
            "pubsub_config": [],
            "repository_event_config": [
              {
                "pull_request": [],
                "push": [
                  {
                    "branch": "^main$",
                    "invert_regex": false,
                    "tag": ""
                  }
                ],
                "repository": "projects/vishal-sandpit-474523/locations/australia-southeast1/connections/github-connection/repositories/intelia-warehouse"
              }
            ],
            "service_account": "projects/vishal-sandpit-474523/serviceAccounts/cloudbuild-sa@vishal-sandpit-474523.iam.gserviceaccount.com",
            "source_to_build": [],
            "substitutions": {},
            "tags": [],
            "timeouts": null,
            "trigger_id": "d867f911-071a-4e5c-8fa2-2e3f2bd8bb52",
            "trigger_template": [],
            "webhook_config": []
          },
          "sensitive_attributes": [],
          "private": "eyJlMmJmYjczMC1lY2FhLTExZTYtOGY4OC0zNDM2M2JjN2M0YzAiOnsiY3JlYXRlIjoxMjAwMDAwMDAwMDAwLCJkZWxldGUiOjEyMDAwMDAwMDAwMDAsInVwZGF0ZSI6MTIwMDAwMDAwMDAwMH0sInNjaGVtYV92ZXJzaW9uIjoiMiJ9",
          "dependencies": [
            "module.cloud_build.google_cloudbuildv2_connection.github",
            "module.cloud_build.google_cloudbuildv2_repository.intelia_warehouse",
            "module.iam.google_project_iam_member.ai_developer_aiplatform_user",
            "module.iam.google_project_iam_member.ai_developer_bq_editor",
            "module.iam.google_project_iam_member.ai_developer_bq_job_user",
            "module.iam.google_project_iam_member.cloudbuild_sa_bq_job_user",
            "module.iam.google_project_iam_member.cloudbuild_sa_builds_editor",
            "module.iam.google_project_iam_member.cloudbuild_sa_dataform_editor",
            "module.iam.google_project_iam_member.cloudbuild_sa_secret_accessor",
            "module.iam.google_project_iam_member.cloudbuild_sa_storage_admin",
            "module.iam.google_project_iam_member.data_analyst_bq_job_user",
            "module.iam.google_project_iam_member.data_analyst_bq_viewer",
            "module.iam.google_project_iam_member.data_engineer_bq_editor",
            "module.iam.google_project_iam_member.data_engineer_bq_job_user",
            "module.iam.google_project_iam_member.data_engineer_dataform_editor",
            "module.iam.google_project_iam_member.data_engineer_storage_object_viewer",
            "module.iam.google_project_iam_member.dataform_sa_bq_editor",
            "module.iam.google_project_iam_member.dataform_sa_bq_job_user",
            "module.iam.google_project_iam_member.dataplex_sa_bq_data_viewer",
            "module.iam.google_project_iam_member.dataplex_sa_bq_job_user",
            "module.iam.google_project_iam_member.dataplex_sa_dataplex_editor",
            "module.iam.google_project_iam_member.eventarc_sa_event_receiver",
            "module.iam.google_project_iam_member.eventarc_sa_workflows_invoker",
            "module.iam.google_project_iam_member.governance_bq_metadata_viewer",
            "module.iam.google_project_iam_member.governance_catalog_tag_editor",
            "module.iam.google_project_iam_member.scheduler_sa_workflows_invoker",
            "module.iam.google_project_iam_member.workflows_sa_bq_job_user",
            "module.iam.google_project_iam_member.workflows_sa_dataform_editor",
            "module.iam.google_project_iam_member.workflows_sa_log_writer",
            "module.iam.google_service_account.ai_developer",
            "module.iam.google_service_account.cloudbuild",
            "module.iam.google_service_account.data_analyst",
            "module.iam.google_service_account.data_engineer",
            "module.iam.google_service_account.dataform",
            "module.iam.google_service_account.dataplex",
            "module.iam.google_service_account.eventarc",
            "module.iam.google_service_account.governance",
            "module.iam.google_service_account.scheduler",
            "module.iam.google_service_account.workflows",
            "module.project_services.google_project_service.apis",
            "module.secret_manager.data.google_project.current",
            "module.secret_manager.google_secret_manager_secret.gemini_api_key",
            "module.secret_manager.google_secret_manager_secret.github_token",
            "module.secret_manager.google_secret_manager_secret.looker_api_key",
            "module.secret_manager.google_secret_manager_secret_iam_member.cloudbuild_agent_github_token",
            "module.secret_manager.google_secret_manager_secret_iam_member.cloudbuild_sa_github_token",
            "module.secret_manager.google_secret_manager_secret_iam_member.dataform_github_token",
            "module.secret_manager.google_secret_manager_secret_version.gemini_api_key_placeholder",
            "module.secret_manager.google_secret_manager_secret_version.github_token_placeholder",
            "module.secret_manager.google_secret_manager_secret_version.looker_api_key_placeholder"
          ]
        }
      ]
    },
    {
      "module": "module.cloud_build",
      "mode": "managed",
      "type": "google_cloudbuild_trigger",
      "name": "validate",
      "provider": "provider[\"registry.terraform.io/hashicorp/google\"]",
      "instances": [
        {
          "index_key": 0,
          "schema_version": 2,
          "attributes": {
            "approval_config": [
              {
                "approval_required": false
              }
            ],
            "bitbucket_server_trigger_config": [],
            "build": [],
            "create_time": "2026-03-24T00:45:13.888916215Z",
            "description": "Validates Terraform and Dataform on every pull request.",
            "disabled": false,
            "filename": "cloudbuild-validate.yaml",
            "filter": "",
            "git_file_source": [],
            "github": [],
            "id": "projects/vishal-sandpit-474523/locations/australia-southeast1/triggers/dbb325be-b26d-47f2-b932-2426b902bc87",
            "ignored_files": [],
            "include_build_logs": "",
            "included_files": [],
            "location": "australia-southeast1",
            "name": "validate-pr",
            "project": "vishal-sandpit-474523",
            "pubsub_config": [],
            "repository_event_config": [
              {
                "pull_request": [
                  {
                    "branch": ".*",
                    "comment_control": "COMMENTS_ENABLED_FOR_EXTERNAL_CONTRIBUTORS_ONLY",
                    "invert_regex": false
                  }
                ],
                "push": [],
                "repository": "projects/vishal-sandpit-474523/locations/australia-southeast1/connections/github-connection/repositories/intelia-warehouse"
              }
            ],
            "service_account": "projects/vishal-sandpit-474523/serviceAccounts/cloudbuild-sa@vishal-sandpit-474523.iam.gserviceaccount.com",
            "source_to_build": [],
            "substitutions": {},
            "tags": [],
            "timeouts": null,
            "trigger_id": "dbb325be-b26d-47f2-b932-2426b902bc87",
            "trigger_template": [],
            "webhook_config": []
          },
          "sensitive_attributes": [],
          "private": "eyJlMmJmYjczMC1lY2FhLTExZTYtOGY4OC0zNDM2M2JjN2M0YzAiOnsiY3JlYXRlIjoxMjAwMDAwMDAwMDAwLCJkZWxldGUiOjEyMDAwMDAwMDAwMDAsInVwZGF0ZSI6MTIwMDAwMDAwMDAwMH0sInNjaGVtYV92ZXJzaW9uIjoiMiJ9",
          "dependencies": [
            "module.cloud_build.google_cloudbuildv2_connection.github",
            "module.cloud_build.google_cloudbuildv2_repository.intelia_warehouse",
            "module.iam.google_project_iam_member.ai_developer_aiplatform_user",
            "module.iam.google_project_iam_member.ai_developer_bq_editor",
            "module.iam.google_project_iam_member.ai_developer_bq_job_user",
            "module.iam.google_project_iam_member.cloudbuild_sa_bq_job_user",
            "module.iam.google_project_iam_member.cloudbuild_sa_builds_editor",
            "module.iam.google_project_iam_member.cloudbuild_sa_dataform_editor",
            "module.iam.google_project_iam_member.cloudbuild_sa_secret_accessor",
            "module.iam.google_project_iam_member.cloudbuild_sa_storage_admin",
            "module.iam.google_project_iam_member.data_analyst_bq_job_user",
            "module.iam.google_project_iam_member.data_analyst_bq_viewer",
            "module.iam.google_project_iam_member.data_engineer_bq_editor",
            "module.iam.google_project_iam_member.data_engineer_bq_job_user",
            "module.iam.google_project_iam_member.data_engineer_dataform_editor",
            "module.iam.google_project_iam_member.data_engineer_storage_object_viewer",
            "module.iam.google_project_iam_member.dataform_sa_bq_editor",
            "module.iam.google_project_iam_member.dataform_sa_bq_job_user",
            "module.iam.google_project_iam_member.dataplex_sa_bq_data_viewer",
            "module.iam.google_project_iam_member.dataplex_sa_bq_job_user",
            "module.iam.google_project_iam_member.dataplex_sa_dataplex_editor",
            "module.iam.google_project_iam_member.eventarc_sa_event_receiver",
            "module.iam.google_project_iam_member.eventarc_sa_workflows_invoker",
            "module.iam.google_project_iam_member.governance_bq_metadata_viewer",
            "module.iam.google_project_iam_member.governance_catalog_tag_editor",
            "module.iam.google_project_iam_member.scheduler_sa_workflows_invoker",
            "module.iam.google_project_iam_member.workflows_sa_bq_job_user",
            "module.iam.google_project_iam_member.workflows_sa_dataform_editor",
            "module.iam.google_project_iam_member.workflows_sa_log_writer",
            "module.iam.google_service_account.ai_developer",
            "module.iam.google_service_account.cloudbuild",
            "module.iam.google_service_account.data_analyst",
            "module.iam.google_service_account.data_engineer",
            "module.iam.google_service_account.dataform",
            "module.iam.google_service_account.dataplex",
            "module.iam.google_service_account.eventarc",
            "module.iam.google_service_account.governance",
            "module.iam.google_service_account.scheduler",
            "module.iam.google_service_account.workflows",
            "module.project_services.google_project_service.apis",
            "module.secret_manager.data.google_project.current",
            "module.secret_manager.google_secret_manager_secret.gemini_api_key",
            "module.secret_manager.google_secret_manager_secret.github_token",
            "module.secret_manager.google_secret_manager_secret.looker_api_key",
            "module.secret_manager.google_secret_manager_secret_iam_member.cloudbuild_agent_github_token",
            "module.secret_manager.google_secret_manager_secret_iam_member.cloudbuild_sa_github_token",
            "module.secret_manager.google_secret_manager_secret_iam_member.dataform_github_token",
            "module.secret_manager.google_secret_manager_secret_version.gemini_api_key_placeholder",
            "module.secret_manager.google_secret_manager_secret_version.github_token_placeholder",
            "module.secret_manager.google_secret_manager_secret_version.looker_api_key_placeholder"
          ]
        }
      ]
    },
    {
      "module": "module.cloud_build",
      "mode": "managed",
      "type": "google_cloudbuildv2_connection",
      "name": "github",
      "provider": "provider[\"registry.terraform.io/hashicorp/google\"]",
      "instances": [
        {
          "index_key": 0,
          "schema_version": 0,
          "attributes": {
            "annotations": {},
            "bitbucket_cloud_config": [],
            "bitbucket_data_center_config": [],
            "create_time": "2026-03-24T00:29:52.008997378Z",
            "disabled": false,
            "effective_annotations": {},
            "etag": "X50pxTH494guNuAYzwOmle2OX-WDvJkdQ0gY8KGtVPg",
            "github_config": [
              {
                "app_installation_id": 118548621,
                "authorizer_credential": [
                  {
                    "oauth_token_secret_version": "projects/vishal-sandpit-474523/secrets/github-connection-github-oauthtoken-3dd5a5/versions/latest",
                    "username": "chtsalvishal"
                  }
                ]
              }
            ],
            "github_enterprise_config": [],
            "gitlab_config": [],
            "id": "projects/vishal-sandpit-474523/locations/australia-southeast1/connections/github-connection",
            "installation_state": [
              {
                "action_uri": "",
                "message": "",
                "stage": "COMPLETE"
              }
            ],
            "location": "australia-southeast1",
            "name": "github-connection",
            "project": "vishal-sandpit-474523",
            "reconciling": false,
            "timeouts": null,
            "update_time": "2026-03-24T00:43:44.137812896Z"
          },
          "sensitive_attributes": [],
          "private": "eyJlMmJmYjczMC1lY2FhLTExZTYtOGY4OC0zNDM2M2JjN2M0YzAiOnsiY3JlYXRlIjoxMjAwMDAwMDAwMDAwLCJkZWxldGUiOjEyMDAwMDAwMDAwMDAsInVwZGF0ZSI6MTIwMDAwMDAwMDAwMH19",
          "dependencies": [
            "module.iam.google_project_iam_member.ai_developer_aiplatform_user",
            "module.iam.google_project_iam_member.ai_developer_bq_editor",
            "module.iam.google_project_iam_member.ai_developer_bq_job_user",
            "module.iam.google_project_iam_member.cloudbuild_sa_bq_job_user",
            "module.iam.google_project_iam_member.cloudbuild_sa_builds_editor",
            "module.iam.google_project_iam_member.cloudbuild_sa_dataform_editor",
            "module.iam.google_project_iam_member.cloudbuild_sa_secret_accessor",
            "module.iam.google_project_iam_member.cloudbuild_sa_storage_admin",
            "module.iam.google_project_iam_member.data_analyst_bq_job_user",
            "module.iam.google_project_iam_member.data_analyst_bq_viewer",
            "module.iam.google_project_iam_member.data_engineer_bq_editor",
            "module.iam.google_project_iam_member.data_engineer_bq_job_user",
            "module.iam.google_project_iam_member.data_engineer_dataform_editor",
            "module.iam.google_project_iam_member.data_engineer_storage_object_viewer",
            "module.iam.google_project_iam_member.dataform_sa_bq_editor",
            "module.iam.google_project_iam_member.dataform_sa_bq_job_user",
            "module.iam.google_project_iam_member.dataplex_sa_bq_data_viewer",
            "module.iam.google_project_iam_member.dataplex_sa_bq_job_user",
            "module.iam.google_project_iam_member.dataplex_sa_dataplex_editor",
            "module.iam.google_project_iam_member.eventarc_sa_event_receiver",
            "module.iam.google_project_iam_member.eventarc_sa_workflows_invoker",
            "module.iam.google_project_iam_member.governance_bq_metadata_viewer",
            "module.iam.google_project_iam_member.governance_catalog_tag_editor",
            "module.iam.google_project_iam_member.scheduler_sa_workflows_invoker",
            "module.iam.google_project_iam_member.workflows_sa_bq_job_user",
            "module.iam.google_project_iam_member.workflows_sa_dataform_editor",
            "module.iam.google_project_iam_member.workflows_sa_log_writer",
            "module.iam.google_service_account.ai_developer",
            "module.iam.google_service_account.cloudbuild",
            "module.iam.google_service_account.data_analyst",
            "module.iam.google_service_account.data_engineer",
            "module.iam.google_service_account.dataform",
            "module.iam.google_service_account.dataplex",
            "module.iam.google_service_account.eventarc",
            "module.iam.google_service_account.governance",
            "module.iam.google_service_account.scheduler",
            "module.iam.google_service_account.workflows",
            "module.project_services.google_project_service.apis",
            "module.secret_manager.data.google_project.current",
            "module.secret_manager.google_secret_manager_secret.gemini_api_key",
            "module.secret_manager.google_secret_manager_secret.github_token",
            "module.secret_manager.google_secret_manager_secret.looker_api_key",
            "module.secret_manager.google_secret_manager_secret_iam_member.cloudbuild_agent_github_token",
            "module.secret_manager.google_secret_manager_secret_iam_member.cloudbuild_sa_github_token",
            "module.secret_manager.google_secret_manager_secret_iam_member.dataform_github_token",
            "module.secret_manager.google_secret_manager_secret_version.gemini_api_key_placeholder",
            "module.secret_manager.google_secret_manager_secret_version.github_token_placeholder",
            "module.secret_manager.google_secret_manager_secret_version.looker_api_key_placeholder"
          ]
        }
      ]
    },
    {
      "module": "module.cloud_build",
      "mode": "managed",
      "type": "google_cloudbuildv2_repository",
      "name": "intelia_warehouse",
      "provider": "provider[\"registry.terraform.io/hashicorp/google\"]",
      "instances": [
        {
          "index_key": 0,
          "schema_version": 0,
          "attributes": {
            "annotations": {},
            "create_time": "2026-03-24T00:45:00.583487665Z",
            "effective_annotations": {},
            "etag": "QuNUKXD1SocghCzkxwQizBYDVB9Ijv8eL3pLN_wREJs",
            "id": "projects/vishal-sandpit-474523/locations/australia-southeast1/connections/github-connection/repositories/intelia-warehouse",
            "location": "australia-southeast1",
            "name": "intelia-warehouse",
            "parent_connection": "github-connection",
            "project": "vishal-sandpit-474523",
            "remote_uri": "https://github.com/chtsalvishal/Hackathon---GENAI-Comp-2.git",
            "timeouts": null,
            "update_time": "2026-03-24T00:45:02.691237962Z"
          },
          "sensitive_attributes": [],
          "private": "eyJlMmJmYjczMC1lY2FhLTExZTYtOGY4OC0zNDM2M2JjN2M0YzAiOnsiY3JlYXRlIjoxMjAwMDAwMDAwMDAwLCJkZWxldGUiOjEyMDAwMDAwMDAwMDB9fQ==",
          "dependencies": [
            "module.cloud_build.google_cloudbuildv2_connection.github",
            "module.iam.google_project_iam_member.ai_developer_aiplatform_user",
            "module.iam.google_project_iam_member.ai_developer_bq_editor",
            "module.iam.google_project_iam_member.ai_developer_bq_job_user",
            "module.iam.google_project_iam_member.cloudbuild_sa_bq_job_user",
            "module.iam.google_project_iam_member.cloudbuild_sa_builds_editor",
            "module.iam.google_project_iam_member.cloudbuild_sa_dataform_editor",
            "module.iam.google_project_iam_member.cloudbuild_sa_secret_accessor",
            "module.iam.google_project_iam_member.cloudbuild_sa_storage_admin",
            "module.iam.google_project_iam_member.data_analyst_bq_job_user",
            "module.iam.google_project_iam_member.data_analyst_bq_viewer",
            "module.iam.google_project_iam_member.data_engineer_bq_editor",
            "module.iam.google_project_iam_member.data_engineer_bq_job_user",
            "module.iam.google_project_iam_member.data_engineer_dataform_editor",
            "module.iam.google_project_iam_member.data_engineer_storage_object_viewer",
            "module.iam.google_project_iam_member.dataform_sa_bq_editor",
            "module.iam.google_project_iam_member.dataform_sa_bq_job_user",
            "module.iam.google_project_iam_member.dataplex_sa_bq_data_viewer",
            "module.iam.google_project_iam_member.dataplex_sa_bq_job_user",
            "module.iam.google_project_iam_member.dataplex_sa_dataplex_editor",
            "module.iam.google_project_iam_member.eventarc_sa_event_receiver",
            "module.iam.google_project_iam_member.eventarc_sa_workflows_invoker",
            "module.iam.google_project_iam_member.governance_bq_metadata_viewer",
            "module.iam.google_project_iam_member.governance_catalog_tag_editor",
            "module.iam.google_project_iam_member.scheduler_sa_workflows_invoker",
            "module.iam.google_project_iam_member.workflows_sa_bq_job_user",
            "module.iam.google_project_iam_member.workflows_sa_dataform_editor",
            "module.iam.google_project_iam_member.workflows_sa_log_writer",
            "module.iam.google_service_account.ai_developer",
            "module.iam.google_service_account.cloudbuild",
            "module.iam.google_service_account.data_analyst",
            "module.iam.google_service_account.data_engineer",
            "module.iam.google_service_account.dataform",
            "module.iam.google_service_account.dataplex",
            "module.iam.google_service_account.eventarc",
            "module.iam.google_service_account.governance",
            "module.iam.google_service_account.scheduler",
            "module.iam.google_service_account.workflows",
            "module.project_services.google_project_service.apis",
            "module.secret_manager.data.google_project.current",
            "module.secret_manager.google_secret_manager_secret.gemini_api_key",
            "module.secret_manager.google_secret_manager_secret.github_token",
            "module.secret_manager.google_secret_manager_secret.looker_api_key",
            "module.secret_manager.google_secret_manager_secret_iam_member.cloudbuild_agent_github_token",
            "module.secret_manager.google_secret_manager_secret_iam_member.cloudbuild_sa_github_token",
            "module.secret_manager.google_secret_manager_secret_iam_member.dataform_github_token",
            "module.secret_manager.google_secret_manager_secret_version.gemini_api_key_placeholder",
            "module.secret_manager.google_secret_manager_secret_version.github_token_placeholder",
            "module.secret_manager.google_secret_manager_secret_version.looker_api_key_placeholder"
          ]
        }
      ]
    },
    {
      "module": "module.cloud_scheduler",
      "mode": "managed",
      "type": "google_cloud_scheduler_job",
      "name": "daily_refresh",
      "provider": "provider[\"registry.terraform.io/hashicorp/google\"]",
      "instances": [
        {
          "schema_version": 0,
          "attributes": {
            "app_engine_http_target": [],
            "attempt_deadline": "180s",
            "description": "Triggers the daily-refresh Cloud Workflow at midnight AEDT.",
            "http_target": [
              {
                "body": "eyJhcmd1bWVudCI6IntcInNvdXJjZVwiOlwiY2xvdWQtc2NoZWR1bGVyXCJ9In0=",
                "headers": {
                  "Content-Type": "application/json"
                },
                "http_method": "POST",
                "oauth_token": [
                  {
                    "scope": "https://www.googleapis.com/auth/cloud-platform",
                    "service_account_email": "scheduler-sa@vishal-sandpit-474523.iam.gserviceaccount.com"
                  }
                ],
                "oidc_token": [],
                "uri": "https://workflowexecutions.googleapis.com/v1/projects/vishal-sandpit-474523/locations/australia-southeast1/workflows/daily-refresh-workflow/executions"
              }
            ],
            "id": "projects/vishal-sandpit-474523/locations/australia-southeast1/jobs/daily-refresh-trigger",
            "name": "daily-refresh-trigger",
            "paused": false,
            "project": "vishal-sandpit-474523",
            "pubsub_target": [],
            "region": "australia-southeast1",
            "retry_config": [],
            "schedule": "0 14 * * *",
            "state": "ENABLED",
            "time_zone": "Australia/Sydney",
            "timeouts": null
          },
          "sensitive_attributes": [],
          "private": "eyJlMmJmYjczMC1lY2FhLTExZTYtOGY4OC0zNDM2M2JjN2M0YzAiOnsiY3JlYXRlIjoxMjAwMDAwMDAwMDAwLCJkZWxldGUiOjEyMDAwMDAwMDAwMDAsInVwZGF0ZSI6MTIwMDAwMDAwMDAwMH19",
          "dependencies": [
            "module.cloud_workflows.google_workflows_workflow.daily_refresh",
            "module.cloud_workflows.google_workflows_workflow.delta_ingest",
            "module.iam.google_project_iam_member.ai_developer_aiplatform_user",
            "module.iam.google_project_iam_member.ai_developer_bq_editor",
            "module.iam.google_project_iam_member.ai_developer_bq_job_user",
            "module.iam.google_project_iam_member.cloudbuild_sa_bq_job_user",
            "module.iam.google_project_iam_member.cloudbuild_sa_builds_editor",
            "module.iam.google_project_iam_member.cloudbuild_sa_dataform_editor",
            "module.iam.google_project_iam_member.cloudbuild_sa_secret_accessor",
            "module.iam.google_project_iam_member.cloudbuild_sa_storage_admin",
            "module.iam.google_project_iam_member.data_analyst_bq_job_user",
            "module.iam.google_project_iam_member.data_analyst_bq_viewer",
            "module.iam.google_project_iam_member.data_engineer_bq_editor",
            "module.iam.google_project_iam_member.data_engineer_bq_job_user",
            "module.iam.google_project_iam_member.data_engineer_dataform_editor",
            "module.iam.google_project_iam_member.data_engineer_storage_object_viewer",
            "module.iam.google_project_iam_member.dataform_sa_bq_editor",
            "module.iam.google_project_iam_member.dataform_sa_bq_job_user",
            "module.iam.google_project_iam_member.dataplex_sa_bq_data_viewer",
            "module.iam.google_project_iam_member.dataplex_sa_bq_job_user",
            "module.iam.google_project_iam_member.dataplex_sa_dataplex_editor",
            "module.iam.google_project_iam_member.eventarc_sa_event_receiver",
            "module.iam.google_project_iam_member.eventarc_sa_workflows_invoker",
            "module.iam.google_project_iam_member.governance_bq_metadata_viewer",
            "module.iam.google_project_iam_member.governance_catalog_tag_editor",
            "module.iam.google_project_iam_member.scheduler_sa_workflows_invoker",
            "module.iam.google_project_iam_member.workflows_sa_bq_job_user",
            "module.iam.google_project_iam_member.workflows_sa_dataform_editor",
            "module.iam.google_project_iam_member.workflows_sa_log_writer",
            "module.iam.google_service_account.ai_developer",
            "module.iam.google_service_account.cloudbuild",
            "module.iam.google_service_account.data_analyst",
            "module.iam.google_service_account.data_engineer",
            "module.iam.google_service_account.dataform",
            "module.iam.google_service_account.dataplex",
            "module.iam.google_service_account.eventarc",
            "module.iam.google_service_account.governance",
            "module.iam.google_service_account.scheduler",
            "module.iam.google_service_account.workflows",
            "module.project_services.google_project_service.apis"
          ]
        }
      ]
    },
    {
      "module": "module.cloud_workflows",
      "mode": "managed",
      "type": "google_workflows_workflow",
      "name": "daily_refresh",
      "provider": "provider[\"registry.terraform.io/hashicorp/google\"]",
      "instances": [
        {
          "schema_version": 1,
          "attributes": {
            "call_log_level": "",
            "create_time": "2026-03-24T00:13:57.928216378Z",
            "crypto_key_name": "",
            "description": "Full warehouse refresh \u00e2\u20ac\u201d compiles Dataform and runs all tables on a daily schedule.",
            "effective_labels": {
              "workload": "daily-refresh"
            },
            "id": "projects/vishal-sandpit-474523/locations/australia-southeast1/workflows/daily-refresh-workflow",
            "labels": {
              "workload": "daily-refresh"
            },
            "name": "daily-refresh-workflow",
            "name_prefix": null,
            "project": "vishal-sandpit-474523",
            "region": "australia-southeast1",
            "revision_id": "000001-673",
            "service_account": "projects/vishal-sandpit-474523/serviceAccounts/workflows-sa@vishal-sandpit-474523.iam.gserviceaccount.com",
            "source_contents": "main:\n  params: [args]\n  steps:\n    - init:\n        assign:\n          - project_id: ${sys.get_env(\"GOOGLE_CLOUD_PROJECT_ID\")}\n          - location: ${sys.get_env(\"GOOGLE_CLOUD_LOCATION\")}\n          - repository: \"intelia-warehouse\"\n          - dataform_base: ${\"https://dataform.googleapis.com/v1beta1/projects/\" + project_id + \"/locations/\" + location + \"/repositories/\" + repository}\n\n    - log_start:\n        call: sys.log\n        args:\n          text: \"daily-refresh-workflow started\"\n          severity: INFO\n\n    - create_compilation:\n        call: http.post\n        args:\n          url: ${dataform_base + \"/compilationResults\"}\n          auth:\n            type: OAuth2\n          body:\n            gitCommitish: \"main\"\n        result: compile_resp\n\n    - check_compile:\n        switch:\n          - condition: ${compile_resp.code != 200}\n            raise: ${\"Compilation failed HTTP \" + string(compile_resp.code)}\n\n    - extract_compilation_name:\n        assign:\n          - compilation_name: ${compile_resp.body.name}\n\n    - log_compilation:\n        call: sys.log\n        args:\n          text: ${\"Compilation result - \" + compilation_name}\n          severity: INFO\n\n    - create_invocation:\n        call: http.post\n        args:\n          url: ${dataform_base + \"/workflowInvocations\"}\n          auth:\n            type: OAuth2\n          body:\n            compilationResult: ${compilation_name}\n            invocationConfig:\n              fullyRefreshIncrementalTablesEnabled: true\n              transitiveDependenciesIncluded: true\n              transitiveDependentsIncluded: true\n        result: invoke_resp\n\n    - check_invoke_created:\n        switch:\n          - condition: ${invoke_resp.code != 200}\n            raise: ${\"Invocation creation failed HTTP \" + string(invoke_resp.code)}\n\n    - extract_invocation_name:\n        assign:\n          - invocation_name: ${invoke_resp.body.name}\n          - poll_url: ${\"https://dataform.googleapis.com/v1beta1/\" + invocation_name}\n\n    - log_invocation:\n        call: sys.log\n        args:\n          text: ${\"Invocation started - \" + invocation_name}\n          severity: INFO\n\n    - poll_loop:\n        steps:\n          - poll:\n              call: http.get\n              args:\n                url: ${poll_url}\n                auth:\n                  type: OAuth2\n              result: poll_resp\n\n          - check_state:\n              switch:\n                - condition: ${poll_resp.body.state == \"SUCCEEDED\"}\n                  next: succeeded\n                - condition: ${poll_resp.body.state == \"FAILED\"}\n                  next: failed\n                - condition: ${poll_resp.body.state == \"CANCELING\" or poll_resp.body.state == \"CANCELLED\"}\n                  next: cancelled\n\n          - wait:\n              call: sys.sleep\n              args:\n                seconds: 60\n              next: poll\n\n    - succeeded:\n        call: sys.log\n        args:\n          text: ${\"Daily refresh SUCCEEDED - \" + invocation_name}\n          severity: INFO\n        next: done\n\n    - failed:\n        raise: ${\"Dataform daily refresh FAILED - \" + invocation_name}\n\n    - cancelled:\n        raise: ${\"Dataform daily refresh CANCELLED - \" + invocation_name}\n\n    - done:\n        return: ${invocation_name}\n",
            "state": "ACTIVE",
            "terraform_labels": {
              "workload": "daily-refresh"
            },
            "timeouts": null,
            "update_time": "2026-03-24T00:13:58.357663727Z",
            "user_env_vars": {}
          },
          "sensitive_attributes": [],
          "private": "eyJlMmJmYjczMC1lY2FhLTExZTYtOGY4OC0zNDM2M2JjN2M0YzAiOnsiY3JlYXRlIjoxMjAwMDAwMDAwMDAwLCJkZWxldGUiOjEyMDAwMDAwMDAwMDAsInVwZGF0ZSI6MTIwMDAwMDAwMDAwMH0sInNjaGVtYV92ZXJzaW9uIjoiMSJ9",
          "dependencies": [
            "module.iam.google_project_iam_member.ai_developer_aiplatform_user",
            "module.iam.google_project_iam_member.ai_developer_bq_editor",
            "module.iam.google_project_iam_member.ai_developer_bq_job_user",
            "module.iam.google_project_iam_member.cloudbuild_sa_bq_job_user",
            "module.iam.google_project_iam_member.cloudbuild_sa_builds_editor",
            "module.iam.google_project_iam_member.cloudbuild_sa_dataform_editor",
            "module.iam.google_project_iam_member.cloudbuild_sa_secret_accessor",
            "module.iam.google_project_iam_member.cloudbuild_sa_storage_admin",
            "module.iam.google_project_iam_member.data_analyst_bq_job_user",
            "module.iam.google_project_iam_member.data_analyst_bq_viewer",
            "module.iam.google_project_iam_member.data_engineer_bq_editor",
            "module.iam.google_project_iam_member.data_engineer_bq_job_user",
            "module.iam.google_project_iam_member.data_engineer_dataform_editor",
            "module.iam.google_project_iam_member.data_engineer_storage_object_viewer",
            "module.iam.google_project_iam_member.dataform_sa_bq_editor",
            "module.iam.google_project_iam_member.dataform_sa_bq_job_user",
            "module.iam.google_project_iam_member.dataplex_sa_bq_data_viewer",
            "module.iam.google_project_iam_member.dataplex_sa_bq_job_user",
            "module.iam.google_project_iam_member.dataplex_sa_dataplex_editor",
            "module.iam.google_project_iam_member.eventarc_sa_event_receiver",
            "module.iam.google_project_iam_member.eventarc_sa_workflows_invoker",
            "module.iam.google_project_iam_member.governance_bq_metadata_viewer",
            "module.iam.google_project_iam_member.governance_catalog_tag_editor",
            "module.iam.google_project_iam_member.scheduler_sa_workflows_invoker",
            "module.iam.google_project_iam_member.workflows_sa_bq_job_user",
            "module.iam.google_project_iam_member.workflows_sa_dataform_editor",
            "module.iam.google_project_iam_member.workflows_sa_log_writer",
            "module.iam.google_service_account.ai_developer",
            "module.iam.google_service_account.cloudbuild",
            "module.iam.google_service_account.data_analyst",
            "module.iam.google_service_account.data_engineer",
            "module.iam.google_service_account.dataform",
            "module.iam.google_service_account.dataplex",
            "module.iam.google_service_account.eventarc",
            "module.iam.google_service_account.governance",
            "module.iam.google_service_account.scheduler",
            "module.iam.google_service_account.workflows",
            "module.project_services.google_project_service.apis"
          ]
        }
      ]
    },
    {
      "module": "module.cloud_workflows",
      "mode": "managed",
      "type": "google_workflows_workflow",
      "name": "delta_ingest",
      "provider": "provider[\"registry.terraform.io/hashicorp/google\"]",
      "instances": [
        {
          "schema_version": 1,
          "attributes": {
            "call_log_level": "",
            "create_time": "2026-03-24T00:13:58.079457135Z",
            "crypto_key_name": "",
            "description": "Compiles Dataform and invokes only delta-tagged tables when a new file lands in GCS.",
            "effective_labels": {
              "workload": "delta-pipeline"
            },
            "id": "projects/vishal-sandpit-474523/locations/australia-southeast1/workflows/delta-ingest-workflow",
            "labels": {
              "workload": "delta-pipeline"
            },
            "name": "delta-ingest-workflow",
            "name_prefix": null,
            "project": "vishal-sandpit-474523",
            "region": "australia-southeast1",
            "revision_id": "000002-dc2",
            "service_account": "projects/vishal-sandpit-474523/serviceAccounts/workflows-sa@vishal-sandpit-474523.iam.gserviceaccount.com",
            "source_contents": "main:\n  params: [event]\n  steps:\n    - init:\n        assign:\n          - project_id: ${sys.get_env(\"GOOGLE_CLOUD_PROJECT_ID\")}\n          - location: ${sys.get_env(\"GOOGLE_CLOUD_LOCATION\")}\n          - repository: \"intelia-warehouse\"\n          - tag: \"delta\"\n          - dataform_base: ${\"https://dataform.googleapis.com/v1beta1/projects/\" + project_id + \"/locations/\" + location + \"/repositories/\" + repository}\n\n    - log_event:\n        call: sys.log\n        args:\n          text: \"delta-ingest triggered\"\n          severity: INFO\n\n    - list_compilations:\n        call: http.get\n        args:\n          url: ${dataform_base + \"/compilationResults?pageSize=5\"}\n          auth:\n            type: OAuth2\n        result: list_resp\n\n    - check_list:\n        switch:\n          - condition: ${list_resp.code != 200}\n            raise: ${\"List compilations failed HTTP \" + string(list_resp.code)}\n\n    - extract_compilation_name:\n        assign:\n          - compilation_name: ${list_resp.body.compilationResults[0].name}\n\n    - log_compilation:\n        call: sys.log\n        args:\n          text: ${\"Compilation result - \" + compilation_name}\n          severity: INFO\n\n    - create_invocation:\n        call: http.post\n        args:\n          url: ${dataform_base + \"/workflowInvocations\"}\n          auth:\n            type: OAuth2\n          body:\n            compilationResult: ${compilation_name}\n            invocationConfig:\n              includedTags:\n                - ${tag}\n              transitiveDependenciesIncluded: true\n              transitiveDependentsIncluded: false\n        result: invoke_resp\n\n    - check_invoke_created:\n        switch:\n          - condition: ${invoke_resp.code != 200}\n            raise: ${\"Invocation creation failed HTTP \" + string(invoke_resp.code)}\n\n    - extract_invocation_name:\n        assign:\n          - invocation_name: ${invoke_resp.body.name}\n          - poll_url: ${\"https://dataform.googleapis.com/v1beta1/\" + invocation_name}\n\n    - log_invocation:\n        call: sys.log\n        args:\n          text: ${\"Invocation started - \" + invocation_name}\n          severity: INFO\n\n    - poll_loop:\n        steps:\n          - poll:\n              call: http.get\n              args:\n                url: ${poll_url}\n                auth:\n                  type: OAuth2\n              result: poll_resp\n\n          - check_state:\n              switch:\n                - condition: ${poll_resp.body.state == \"SUCCEEDED\"}\n                  next: succeeded\n                - condition: ${poll_resp.body.state == \"FAILED\"}\n                  next: failed\n                - condition: ${poll_resp.body.state == \"CANCELING\" or poll_resp.body.state == \"CANCELLED\"}\n                  next: cancelled\n\n          - wait:\n              call: sys.sleep\n              args:\n                seconds: 30\n              next: poll\n\n    - succeeded:\n        call: sys.log\n        args:\n          text: ${\"Invocation SUCCEEDED - \" + invocation_name}\n          severity: INFO\n        next: done\n\n    - failed:\n        raise: ${\"Dataform invocation FAILED - \" + invocation_name}\n\n    - cancelled:\n        raise: ${\"Dataform invocation CANCELLED - \" + invocation_name}\n\n    - done:\n        return: ${invocation_name}\n",
            "state": "ACTIVE",
            "terraform_labels": {
              "workload": "delta-pipeline"
            },
            "timeouts": null,
            "update_time": "2026-03-24T01:11:25.246312651Z",
            "user_env_vars": {}
          },
          "sensitive_attributes": [],
          "private": "eyJlMmJmYjczMC1lY2FhLTExZTYtOGY4OC0zNDM2M2JjN2M0YzAiOnsiY3JlYXRlIjoxMjAwMDAwMDAwMDAwLCJkZWxldGUiOjEyMDAwMDAwMDAwMDAsInVwZGF0ZSI6MTIwMDAwMDAwMDAwMH0sInNjaGVtYV92ZXJzaW9uIjoiMSJ9",
          "dependencies": [
            "module.iam.google_project_iam_member.ai_developer_aiplatform_user",
            "module.iam.google_project_iam_member.ai_developer_bq_editor",
            "module.iam.google_project_iam_member.ai_developer_bq_job_user",
            "module.iam.google_project_iam_member.cloudbuild_sa_bq_job_user",
            "module.iam.google_project_iam_member.cloudbuild_sa_builds_editor",
            "module.iam.google_project_iam_member.cloudbuild_sa_dataform_editor",
            "module.iam.google_project_iam_member.cloudbuild_sa_secret_accessor",
            "module.iam.google_project_iam_member.cloudbuild_sa_storage_admin",
            "module.iam.google_project_iam_member.data_analyst_bq_job_user",
            "module.iam.google_project_iam_member.data_analyst_bq_viewer",
            "module.iam.google_project_iam_member.data_engineer_bq_editor",
            "module.iam.google_project_iam_member.data_engineer_bq_job_user",
            "module.iam.google_project_iam_member.data_engineer_dataform_editor",
            "module.iam.google_project_iam_member.data_engineer_storage_object_viewer",
            "module.iam.google_project_iam_member.dataform_sa_bq_editor",
            "module.iam.google_project_iam_member.dataform_sa_bq_job_user",
            "module.iam.google_project_iam_member.dataplex_sa_bq_data_viewer",
            "module.iam.google_project_iam_member.dataplex_sa_bq_job_user",
            "module.iam.google_project_iam_member.dataplex_sa_dataplex_editor",
            "module.iam.google_project_iam_member.eventarc_sa_event_receiver",
            "module.iam.google_project_iam_member.eventarc_sa_workflows_invoker",
            "module.iam.google_project_iam_member.governance_bq_metadata_viewer",
            "module.iam.google_project_iam_member.governance_catalog_tag_editor",
            "module.iam.google_project_iam_member.scheduler_sa_workflows_invoker",
            "module.iam.google_project_iam_member.workflows_sa_bq_job_user",
            "module.iam.google_project_iam_member.workflows_sa_dataform_editor",
            "module.iam.google_project_iam_member.workflows_sa_log_writer",
            "module.iam.google_service_account.ai_developer",
            "module.iam.google_service_account.cloudbuild",
            "module.iam.google_service_account.data_analyst",
            "module.iam.google_service_account.data_engineer",
            "module.iam.google_service_account.dataform",
            "module.iam.google_service_account.dataplex",
            "module.iam.google_service_account.eventarc",
            "module.iam.google_service_account.governance",
            "module.iam.google_service_account.scheduler",
            "module.iam.google_service_account.workflows",
            "module.project_services.google_project_service.apis"
          ]
        }
      ]
    },
    {
      "module": "module.data_catalog",
      "mode": "managed",
      "type": "google_data_catalog_policy_tag",
      "name": "customer_email",
      "provider": "provider[\"registry.terraform.io/hashicorp/google\"]",
      "instances": [
        {
          "schema_version": 0,
          "attributes": {
            "child_policy_tags": [],
            "description": "Customer email address \u00e2\u20ac\u201d PII.",
            "display_name": "customer_email",
            "id": "projects/vishal-sandpit-474523/locations/australia-southeast1/taxonomies/7638949646360194197/policyTags/2796219643491496181",
            "name": "projects/vishal-sandpit-474523/locations/australia-southeast1/taxonomies/7638949646360194197/policyTags/2796219643491496181",
            "parent_policy_tag": "projects/vishal-sandpit-474523/locations/australia-southeast1/taxonomies/7638949646360194197/policyTags/7825657596165317938",
            "taxonomy": "projects/vishal-sandpit-474523/locations/australia-southeast1/taxonomies/7638949646360194197",
            "timeouts": null
          },
          "sensitive_attributes": [],
          "private": "eyJlMmJmYjczMC1lY2FhLTExZTYtOGY4OC0zNDM2M2JjN2M0YzAiOnsiY3JlYXRlIjoxMjAwMDAwMDAwMDAwLCJkZWxldGUiOjEyMDAwMDAwMDAwMDAsInVwZGF0ZSI6MTIwMDAwMDAwMDAwMH19",
          "dependencies": [
            "module.data_catalog.google_data_catalog_policy_tag.pii",
            "module.data_catalog.google_data_catalog_taxonomy.intelia",
            "module.project_services.google_project_service.apis"
          ]
        }
      ]
    },
    {
      "module": "module.data_catalog",
      "mode": "managed",
      "type": "google_data_catalog_policy_tag",
      "name": "customer_name",
      "provider": "provider[\"registry.terraform.io/hashicorp/google\"]",
      "instances": [
        {
          "schema_version": 0,
          "attributes": {
            "child_policy_tags": [],
            "description": "Customer full name \u00e2\u20ac\u201d PII.",
            "display_name": "customer_name",
            "id": "projects/vishal-sandpit-474523/locations/australia-southeast1/taxonomies/7638949646360194197/policyTags/1267542084878572337",
            "name": "projects/vishal-sandpit-474523/locations/australia-southeast1/taxonomies/7638949646360194197/policyTags/1267542084878572337",
            "parent_policy_tag": "projects/vishal-sandpit-474523/locations/australia-southeast1/taxonomies/7638949646360194197/policyTags/7825657596165317938",
            "taxonomy": "projects/vishal-sandpit-474523/locations/australia-southeast1/taxonomies/7638949646360194197",
            "timeouts": null
          },
          "sensitive_attributes": [],
          "private": "eyJlMmJmYjczMC1lY2FhLTExZTYtOGY4OC0zNDM2M2JjN2M0YzAiOnsiY3JlYXRlIjoxMjAwMDAwMDAwMDAwLCJkZWxldGUiOjEyMDAwMDAwMDAwMDAsInVwZGF0ZSI6MTIwMDAwMDAwMDAwMH19",
          "dependencies": [
            "module.data_catalog.google_data_catalog_policy_tag.pii",
            "module.data_catalog.google_data_catalog_taxonomy.intelia",
            "module.project_services.google_project_service.apis"
          ]
        }
      ]
    },
    {
      "module": "module.data_catalog",
      "mode": "managed",
      "type": "google_data_catalog_policy_tag",
      "name": "customer_phone",
      "provider": "provider[\"registry.terraform.io/hashicorp/google\"]",
      "instances": [
        {
          "schema_version": 0,
          "attributes": {
            "child_policy_tags": [],
            "description": "Customer phone number \u00e2\u20ac\u201d PII.",
            "display_name": "customer_phone",
            "id": "projects/vishal-sandpit-474523/locations/australia-southeast1/taxonomies/7638949646360194197/policyTags/8501836418753835921",
            "name": "projects/vishal-sandpit-474523/locations/australia-southeast1/taxonomies/7638949646360194197/policyTags/8501836418753835921",
            "parent_policy_tag": "projects/vishal-sandpit-474523/locations/australia-southeast1/taxonomies/7638949646360194197/policyTags/7825657596165317938",
            "taxonomy": "projects/vishal-sandpit-474523/locations/australia-southeast1/taxonomies/7638949646360194197",
            "timeouts": null
          },
          "sensitive_attributes": [],
          "private": "eyJlMmJmYjczMC1lY2FhLTExZTYtOGY4OC0zNDM2M2JjN2M0YzAiOnsiY3JlYXRlIjoxMjAwMDAwMDAwMDAwLCJkZWxldGUiOjEyMDAwMDAwMDAwMDAsInVwZGF0ZSI6MTIwMDAwMDAwMDAwMH19",
          "dependencies": [
            "module.data_catalog.google_data_catalog_policy_tag.pii",
            "module.data_catalog.google_data_catalog_taxonomy.intelia",
            "module.project_services.google_project_service.apis"
          ]
        }
      ]
    },
    {
      "module": "module.data_catalog",
      "mode": "managed",
      "type": "google_data_catalog_policy_tag",
      "name": "internal_cost",
      "provider": "provider[\"registry.terraform.io/hashicorp/google\"]",
      "instances": [
        {
          "schema_version": 0,
          "attributes": {
            "child_policy_tags": [],
            "description": "Internal cost data \u00e2\u20ac\u201d Internal Use Only.",
            "display_name": "internal_cost",
            "id": "projects/vishal-sandpit-474523/locations/australia-southeast1/taxonomies/7638949646360194197/policyTags/5246353957800789763",
            "name": "projects/vishal-sandpit-474523/locations/australia-southeast1/taxonomies/7638949646360194197/policyTags/5246353957800789763",
            "parent_policy_tag": "projects/vishal-sandpit-474523/locations/australia-southeast1/taxonomies/7638949646360194197/policyTags/1242558832035299244",
            "taxonomy": "projects/vishal-sandpit-474523/locations/australia-southeast1/taxonomies/7638949646360194197",
            "timeouts": null
          },
          "sensitive_attributes": [],
          "private": "eyJlMmJmYjczMC1lY2FhLTExZTYtOGY4OC0zNDM2M2JjN2M0YzAiOnsiY3JlYXRlIjoxMjAwMDAwMDAwMDAwLCJkZWxldGUiOjEyMDAwMDAwMDAwMDAsInVwZGF0ZSI6MTIwMDAwMDAwMDAwMH19",
          "dependencies": [
            "module.data_catalog.google_data_catalog_policy_tag.internal_use_only",
            "module.data_catalog.google_data_catalog_taxonomy.intelia",
            "module.project_services.google_project_service.apis"
          ]
        }
      ]
    },
    {
      "module": "module.data_catalog",
      "mode": "managed",
      "type": "google_data_catalog_policy_tag",
      "name": "internal_use_only",
      "provider": "provider[\"registry.terraform.io/hashicorp/google\"]",
      "instances": [
        {
          "schema_version": 0,
          "attributes": {
            "child_policy_tags": [
              "projects/vishal-sandpit-474523/locations/australia-southeast1/taxonomies/7638949646360194197/policyTags/5246353957800789763"
            ],
            "description": "Data classified for internal use only; not to be shared externally.",
            "display_name": "Internal Use Only",
            "id": "projects/vishal-sandpit-474523/locations/australia-southeast1/taxonomies/7638949646360194197/policyTags/1242558832035299244",
            "name": "projects/vishal-sandpit-474523/locations/australia-southeast1/taxonomies/7638949646360194197/policyTags/1242558832035299244",
            "parent_policy_tag": "",
            "taxonomy": "projects/vishal-sandpit-474523/locations/australia-southeast1/taxonomies/7638949646360194197",
            "timeouts": null
          },
          "sensitive_attributes": [],
          "private": "eyJlMmJmYjczMC1lY2FhLTExZTYtOGY4OC0zNDM2M2JjN2M0YzAiOnsiY3JlYXRlIjoxMjAwMDAwMDAwMDAwLCJkZWxldGUiOjEyMDAwMDAwMDAwMDAsInVwZGF0ZSI6MTIwMDAwMDAwMDAwMH19",
          "dependencies": [
            "module.data_catalog.google_data_catalog_taxonomy.intelia",
            "module.project_services.google_project_service.apis"
          ]
        }
      ]
    },
    {
      "module": "module.data_catalog",
      "mode": "managed",
      "type": "google_data_catalog_policy_tag",
      "name": "lifetime_value",
      "provider": "provider[\"registry.terraform.io/hashicorp/google\"]",
      "instances": [
        {
          "schema_version": 0,
          "attributes": {
            "child_policy_tags": [],
            "description": "Customer lifetime value \u00e2\u20ac\u201d Sensitive Financial.",
            "display_name": "lifetime_value",
            "id": "projects/vishal-sandpit-474523/locations/australia-southeast1/taxonomies/7638949646360194197/policyTags/2815039736360581891",
            "name": "projects/vishal-sandpit-474523/locations/australia-southeast1/taxonomies/7638949646360194197/policyTags/2815039736360581891",
            "parent_policy_tag": "projects/vishal-sandpit-474523/locations/australia-southeast1/taxonomies/7638949646360194197/policyTags/4390288473413043579",
            "taxonomy": "projects/vishal-sandpit-474523/locations/australia-southeast1/taxonomies/7638949646360194197",
            "timeouts": null
          },
          "sensitive_attributes": [],
          "private": "eyJlMmJmYjczMC1lY2FhLTExZTYtOGY4OC0zNDM2M2JjN2M0YzAiOnsiY3JlYXRlIjoxMjAwMDAwMDAwMDAwLCJkZWxldGUiOjEyMDAwMDAwMDAwMDAsInVwZGF0ZSI6MTIwMDAwMDAwMDAwMH19",
          "dependencies": [
            "module.data_catalog.google_data_catalog_policy_tag.sensitive_financial",
            "module.data_catalog.google_data_catalog_taxonomy.intelia",
            "module.project_services.google_project_service.apis"
          ]
        }
      ]
    },
    {
      "module": "module.data_catalog",
      "mode": "managed",
      "type": "google_data_catalog_policy_tag",
      "name": "order_total",
      "provider": "provider[\"registry.terraform.io/hashicorp/google\"]",
      "instances": [
        {
          "schema_version": 0,
          "attributes": {
            "child_policy_tags": [],
            "description": "Total monetary value of an order \u00e2\u20ac\u201d Sensitive Financial.",
            "display_name": "order_total",
            "id": "projects/vishal-sandpit-474523/locations/australia-southeast1/taxonomies/7638949646360194197/policyTags/5295245209189638222",
            "name": "projects/vishal-sandpit-474523/locations/australia-southeast1/taxonomies/7638949646360194197/policyTags/5295245209189638222",
            "parent_policy_tag": "projects/vishal-sandpit-474523/locations/australia-southeast1/taxonomies/7638949646360194197/policyTags/4390288473413043579",
            "taxonomy": "projects/vishal-sandpit-474523/locations/australia-southeast1/taxonomies/7638949646360194197",
            "timeouts": null
          },
          "sensitive_attributes": [],
          "private": "eyJlMmJmYjczMC1lY2FhLTExZTYtOGY4OC0zNDM2M2JjN2M0YzAiOnsiY3JlYXRlIjoxMjAwMDAwMDAwMDAwLCJkZWxldGUiOjEyMDAwMDAwMDAwMDAsInVwZGF0ZSI6MTIwMDAwMDAwMDAwMH19",
          "dependencies": [
            "module.data_catalog.google_data_catalog_policy_tag.sensitive_financial",
            "module.data_catalog.google_data_catalog_taxonomy.intelia",
            "module.project_services.google_project_service.apis"
          ]
        }
      ]
    },
    {
      "module": "module.data_catalog",
      "mode": "managed",
      "type": "google_data_catalog_policy_tag",
      "name": "pii",
      "provider": "provider[\"registry.terraform.io/hashicorp/google\"]",
      "instances": [
        {
          "schema_version": 0,
          "attributes": {
            "child_policy_tags": [
              "projects/vishal-sandpit-474523/locations/australia-southeast1/taxonomies/7638949646360194197/policyTags/8501836418753835921",
              "projects/vishal-sandpit-474523/locations/australia-southeast1/taxonomies/7638949646360194197/policyTags/1267542084878572337",
              "projects/vishal-sandpit-474523/locations/australia-southeast1/taxonomies/7638949646360194197/policyTags/2796219643491496181"
            ],
            "description": "Personally Identifiable Information that must be masked or restricted.",
            "display_name": "PII",
            "id": "projects/vishal-sandpit-474523/locations/australia-southeast1/taxonomies/7638949646360194197/policyTags/7825657596165317938",
            "name": "projects/vishal-sandpit-474523/locations/australia-southeast1/taxonomies/7638949646360194197/policyTags/7825657596165317938",
            "parent_policy_tag": "",
            "taxonomy": "projects/vishal-sandpit-474523/locations/australia-southeast1/taxonomies/7638949646360194197",
            "timeouts": null
          },
          "sensitive_attributes": [],
          "private": "eyJlMmJmYjczMC1lY2FhLTExZTYtOGY4OC0zNDM2M2JjN2M0YzAiOnsiY3JlYXRlIjoxMjAwMDAwMDAwMDAwLCJkZWxldGUiOjEyMDAwMDAwMDAwMDAsInVwZGF0ZSI6MTIwMDAwMDAwMDAwMH19",
          "dependencies": [
            "module.data_catalog.google_data_catalog_taxonomy.intelia",
            "module.project_services.google_project_service.apis"
          ]
        }
      ]
    },
    {
      "module": "module.data_catalog",
      "mode": "managed",
      "type": "google_data_catalog_policy_tag",
      "name": "sensitive_financial",
      "provider": "provider[\"registry.terraform.io/hashicorp/google\"]",
      "instances": [
        {
          "schema_version": 0,
          "attributes": {
            "child_policy_tags": [
              "projects/vishal-sandpit-474523/locations/australia-southeast1/taxonomies/7638949646360194197/policyTags/5295245209189638222",
              "projects/vishal-sandpit-474523/locations/australia-southeast1/taxonomies/7638949646360194197/policyTags/2815039736360581891",
              "projects/vishal-sandpit-474523/locations/australia-southeast1/taxonomies/7638949646360194197/policyTags/2315574801300032169"
            ],
            "description": "Financially sensitive fields restricted to authorised finance principals.",
            "display_name": "Sensitive Financial",
            "id": "projects/vishal-sandpit-474523/locations/australia-southeast1/taxonomies/7638949646360194197/policyTags/4390288473413043579",
            "name": "projects/vishal-sandpit-474523/locations/australia-southeast1/taxonomies/7638949646360194197/policyTags/4390288473413043579",
            "parent_policy_tag": "",
            "taxonomy": "projects/vishal-sandpit-474523/locations/australia-southeast1/taxonomies/7638949646360194197",
            "timeouts": null
          },
          "sensitive_attributes": [],
          "private": "eyJlMmJmYjczMC1lY2FhLTExZTYtOGY4OC0zNDM2M2JjN2M0YzAiOnsiY3JlYXRlIjoxMjAwMDAwMDAwMDAwLCJkZWxldGUiOjEyMDAwMDAwMDAwMDAsInVwZGF0ZSI6MTIwMDAwMDAwMDAwMH19",
          "dependencies": [
            "module.data_catalog.google_data_catalog_taxonomy.intelia",
            "module.project_services.google_project_service.apis"
          ]
        }
      ]
    },
    {
      "module": "module.data_catalog",
      "mode": "managed",
      "type": "google_data_catalog_policy_tag",
      "name": "unit_price",
      "provider": "provider[\"registry.terraform.io/hashicorp/google\"]",
      "instances": [
        {
          "schema_version": 0,
          "attributes": {
            "child_policy_tags": [],
            "description": "Unit price of a product \u00e2\u20ac\u201d Sensitive Financial.",
            "display_name": "unit_price",
            "id": "projects/vishal-sandpit-474523/locations/australia-southeast1/taxonomies/7638949646360194197/policyTags/2315574801300032169",
            "name": "projects/vishal-sandpit-474523/locations/australia-southeast1/taxonomies/7638949646360194197/policyTags/2315574801300032169",
            "parent_policy_tag": "projects/vishal-sandpit-474523/locations/australia-southeast1/taxonomies/7638949646360194197/policyTags/4390288473413043579",
            "taxonomy": "projects/vishal-sandpit-474523/locations/australia-southeast1/taxonomies/7638949646360194197",
            "timeouts": null
          },
          "sensitive_attributes": [],
          "private": "eyJlMmJmYjczMC1lY2FhLTExZTYtOGY4OC0zNDM2M2JjN2M0YzAiOnsiY3JlYXRlIjoxMjAwMDAwMDAwMDAwLCJkZWxldGUiOjEyMDAwMDAwMDAwMDAsInVwZGF0ZSI6MTIwMDAwMDAwMDAwMH19",
          "dependencies": [
            "module.data_catalog.google_data_catalog_policy_tag.sensitive_financial",
            "module.data_catalog.google_data_catalog_taxonomy.intelia",
            "module.project_services.google_project_service.apis"
          ]
        }
      ]
    },
    {
      "module": "module.data_catalog",
      "mode": "managed",
      "type": "google_data_catalog_taxonomy",
      "name": "intelia",
      "provider": "provider[\"registry.terraform.io/hashicorp/google\"]",
      "instances": [
        {
          "schema_version": 0,
          "attributes": {
            "activated_policy_types": [
              "FINE_GRAINED_ACCESS_CONTROL"
            ],
            "description": "Enterprise policy tag taxonomy governing PII, sensitive financial, and internal data classifications.",
            "display_name": "Intelia Data Taxonomy",
            "id": "projects/vishal-sandpit-474523/locations/australia-southeast1/taxonomies/7638949646360194197",
            "name": "projects/vishal-sandpit-474523/locations/australia-southeast1/taxonomies/7638949646360194197",
            "project": "vishal-sandpit-474523",
            "region": "australia-southeast1",
            "timeouts": null
          },
          "sensitive_attributes": [],
          "private": "eyJlMmJmYjczMC1lY2FhLTExZTYtOGY4OC0zNDM2M2JjN2M0YzAiOnsiY3JlYXRlIjoxMjAwMDAwMDAwMDAwLCJkZWxldGUiOjEyMDAwMDAwMDAwMDAsInVwZGF0ZSI6MTIwMDAwMDAwMDAwMH19",
          "dependencies": [
            "module.project_services.google_project_service.apis"
          ]
        }
      ]
    },
    {
      "module": "module.data_catalog",
      "mode": "managed",
      "type": "google_project_iam_audit_config",
      "name": "bigquery_audit",
      "provider": "provider[\"registry.terraform.io/hashicorp/google\"]",
      "instances": [
        {
          "schema_version": 0,
          "attributes": {
            "audit_log_config": [
              {
                "exempted_members": [],
                "log_type": "ADMIN_READ"
              },
              {
                "exempted_members": [],
                "log_type": "DATA_READ"
              },
              {
                "exempted_members": [],
                "log_type": "DATA_WRITE"
              }
            ],
            "etag": "BwZNulcgsmI=",
            "id": "vishal-sandpit-474523/audit_config/bigquery.googleapis.com",
            "project": "vishal-sandpit-474523",
            "service": "bigquery.googleapis.com"
          },
          "sensitive_attributes": [],
          "private": "bnVsbA==",
          "dependencies": [
            "module.project_services.google_project_service.apis"
          ]
        }
      ]
    },
    {
      "module": "module.dataform",
      "mode": "managed",
      "type": "google_dataform_repository",
      "name": "main",
      "provider": "provider[\"registry.terraform.io/hashicorp/google-beta\"]",
      "instances": [
        {
          "schema_version": 0,
          "attributes": {
            "display_name": "",
            "effective_labels": {},
            "git_remote_settings": [
              {
                "authentication_token_secret_version": "projects/160702508047/secrets/github-token/versions/latest",
                "default_branch": "main",
                "ssh_authentication_config": [],
                "token_status": "",
                "url": "https://github.com/chtsalvishal/Hackathon---GENAI-Comp-2"
              }
            ],
            "id": "projects/vishal-sandpit-474523/locations/australia-southeast1/repositories/intelia-warehouse",
            "kms_key_name": "",
            "labels": {},
            "name": "intelia-warehouse",
            "npmrc_environment_variables_secret_version": "",
            "project": "vishal-sandpit-474523",
            "region": "australia-southeast1",
            "service_account": "",
            "terraform_labels": {},
            "timeouts": null,
            "workspace_compilation_overrides": [
              {
                "default_database": "vishal-sandpit-474523",
                "schema_suffix": "",
                "table_prefix": ""
              }
            ]
          },
          "sensitive_attributes": [],
          "private": "eyJlMmJmYjczMC1lY2FhLTExZTYtOGY4OC0zNDM2M2JjN2M0YzAiOnsiY3JlYXRlIjoxMjAwMDAwMDAwMDAwLCJkZWxldGUiOjEyMDAwMDAwMDAwMDAsInVwZGF0ZSI6MTIwMDAwMDAwMDAwMH19",
          "dependencies": [
            "module.iam.google_project_iam_member.ai_developer_aiplatform_user",
            "module.iam.google_project_iam_member.ai_developer_bq_editor",
            "module.iam.google_project_iam_member.ai_developer_bq_job_user",
            "module.iam.google_project_iam_member.cloudbuild_sa_bq_job_user",
            "module.iam.google_project_iam_member.cloudbuild_sa_builds_editor",
            "module.iam.google_project_iam_member.cloudbuild_sa_dataform_editor",
            "module.iam.google_project_iam_member.cloudbuild_sa_secret_accessor",
            "module.iam.google_project_iam_member.cloudbuild_sa_storage_admin",
            "module.iam.google_project_iam_member.data_analyst_bq_job_user",
            "module.iam.google_project_iam_member.data_analyst_bq_viewer",
            "module.iam.google_project_iam_member.data_engineer_bq_editor",
            "module.iam.google_project_iam_member.data_engineer_bq_job_user",
            "module.iam.google_project_iam_member.data_engineer_dataform_editor",
            "module.iam.google_project_iam_member.data_engineer_storage_object_viewer",
            "module.iam.google_project_iam_member.dataform_sa_bq_editor",
            "module.iam.google_project_iam_member.dataform_sa_bq_job_user",
            "module.iam.google_project_iam_member.dataplex_sa_bq_data_viewer",
            "module.iam.google_project_iam_member.dataplex_sa_bq_job_user",
            "module.iam.google_project_iam_member.dataplex_sa_dataplex_editor",
            "module.iam.google_project_iam_member.eventarc_sa_event_receiver",
            "module.iam.google_project_iam_member.eventarc_sa_workflows_invoker",
            "module.iam.google_project_iam_member.governance_bq_metadata_viewer",
            "module.iam.google_project_iam_member.governance_catalog_tag_editor",
            "module.iam.google_project_iam_member.scheduler_sa_workflows_invoker",
            "module.iam.google_project_iam_member.workflows_sa_bq_job_user",
            "module.iam.google_project_iam_member.workflows_sa_dataform_editor",
            "module.iam.google_project_iam_member.workflows_sa_log_writer",
            "module.iam.google_service_account.ai_developer",
            "module.iam.google_service_account.cloudbuild",
            "module.iam.google_service_account.data_analyst",
            "module.iam.google_service_account.data_engineer",
            "module.iam.google_service_account.dataform",
            "module.iam.google_service_account.dataplex",
            "module.iam.google_service_account.eventarc",
            "module.iam.google_service_account.governance",
            "module.iam.google_service_account.scheduler",
            "module.iam.google_service_account.workflows",
            "module.project_services.google_project_service.apis",
            "module.secret_manager.data.google_project.current",
            "module.secret_manager.google_secret_manager_secret.gemini_api_key",
            "module.secret_manager.google_secret_manager_secret.github_token",
            "module.secret_manager.google_secret_manager_secret.looker_api_key",
            "module.secret_manager.google_secret_manager_secret_iam_member.cloudbuild_agent_github_token",
            "module.secret_manager.google_secret_manager_secret_iam_member.cloudbuild_sa_github_token",
            "module.secret_manager.google_secret_manager_secret_iam_member.dataform_github_token",
            "module.secret_manager.google_secret_manager_secret_version.gemini_api_key_placeholder",
            "module.secret_manager.google_secret_manager_secret_version.github_token_placeholder",
            "module.secret_manager.google_secret_manager_secret_version.looker_api_key_placeholder"
          ]
        }
      ]
    },
    {
      "module": "module.dataform",
      "mode": "managed",
      "type": "google_dataform_repository_release_config",
      "name": "production",
      "provider": "provider[\"registry.terraform.io/hashicorp/google-beta\"]",
      "instances": [
        {
          "schema_version": 0,
          "attributes": {
            "code_compilation_config": [
              {
                "assertion_schema": "dataform_assertions",
                "database_suffix": "",
                "default_database": "vishal-sandpit-474523",
                "default_location": "australia-southeast1",
                "default_schema": "gold",
                "schema_suffix": "",
                "table_prefix": "",
                "vars": {}
              }
            ],
            "cron_schedule": "0 12 * * *",
            "git_commitish": "main",
            "id": "projects/vishal-sandpit-474523/locations/australia-southeast1/repositories/intelia-warehouse/releaseConfigs/production",
            "name": "production",
            "project": "vishal-sandpit-474523",
            "recent_scheduled_release_records": [],
            "region": "australia-southeast1",
            "repository": "intelia-warehouse",
            "time_zone": "UTC",
            "timeouts": null
          },
          "sensitive_attributes": [],
          "private": "eyJlMmJmYjczMC1lY2FhLTExZTYtOGY4OC0zNDM2M2JjN2M0YzAiOnsiY3JlYXRlIjoxMjAwMDAwMDAwMDAwLCJkZWxldGUiOjEyMDAwMDAwMDAwMDAsInVwZGF0ZSI6MTIwMDAwMDAwMDAwMH19",
          "dependencies": [
            "module.dataform.google_dataform_repository.main",
            "module.iam.google_project_iam_member.ai_developer_aiplatform_user",
            "module.iam.google_project_iam_member.ai_developer_bq_editor",
            "module.iam.google_project_iam_member.ai_developer_bq_job_user",
            "module.iam.google_project_iam_member.cloudbuild_sa_bq_job_user",
            "module.iam.google_project_iam_member.cloudbuild_sa_builds_editor",
            "module.iam.google_project_iam_member.cloudbuild_sa_dataform_editor",
            "module.iam.google_project_iam_member.cloudbuild_sa_secret_accessor",
            "module.iam.google_project_iam_member.cloudbuild_sa_storage_admin",
            "module.iam.google_project_iam_member.data_analyst_bq_job_user",
            "module.iam.google_project_iam_member.data_analyst_bq_viewer",
            "module.iam.google_project_iam_member.data_engineer_bq_editor",
            "module.iam.google_project_iam_member.data_engineer_bq_job_user",
            "module.iam.google_project_iam_member.data_engineer_dataform_editor",
            "module.iam.google_project_iam_member.data_engineer_storage_object_viewer",
            "module.iam.google_project_iam_member.dataform_sa_bq_editor",
            "module.iam.google_project_iam_member.dataform_sa_bq_job_user",
            "module.iam.google_project_iam_member.dataplex_sa_bq_data_viewer",
            "module.iam.google_project_iam_member.dataplex_sa_bq_job_user",
            "module.iam.google_project_iam_member.dataplex_sa_dataplex_editor",
            "module.iam.google_project_iam_member.eventarc_sa_event_receiver",
            "module.iam.google_project_iam_member.eventarc_sa_workflows_invoker",
            "module.iam.google_project_iam_member.governance_bq_metadata_viewer",
            "module.iam.google_project_iam_member.governance_catalog_tag_editor",
            "module.iam.google_project_iam_member.scheduler_sa_workflows_invoker",
            "module.iam.google_project_iam_member.workflows_sa_bq_job_user",
            "module.iam.google_project_iam_member.workflows_sa_dataform_editor",
            "module.iam.google_project_iam_member.workflows_sa_log_writer",
            "module.iam.google_service_account.ai_developer",
            "module.iam.google_service_account.cloudbuild",
            "module.iam.google_service_account.data_analyst",
            "module.iam.google_service_account.data_engineer",
            "module.iam.google_service_account.dataform",
            "module.iam.google_service_account.dataplex",
            "module.iam.google_service_account.eventarc",
            "module.iam.google_service_account.governance",
            "module.iam.google_service_account.scheduler",
            "module.iam.google_service_account.workflows",
            "module.project_services.google_project_service.apis",
            "module.secret_manager.data.google_project.current",
            "module.secret_manager.google_secret_manager_secret.gemini_api_key",
            "module.secret_manager.google_secret_manager_secret.github_token",
            "module.secret_manager.google_secret_manager_secret.looker_api_key",
            "module.secret_manager.google_secret_manager_secret_iam_member.cloudbuild_agent_github_token",
            "module.secret_manager.google_secret_manager_secret_iam_member.cloudbuild_sa_github_token",
            "module.secret_manager.google_secret_manager_secret_iam_member.dataform_github_token",
            "module.secret_manager.google_secret_manager_secret_version.gemini_api_key_placeholder",
            "module.secret_manager.google_secret_manager_secret_version.github_token_placeholder",
            "module.secret_manager.google_secret_manager_secret_version.looker_api_key_placeholder"
          ]
        }
      ]
    },
    {
      "module": "module.dataform",
      "mode": "managed",
      "type": "google_dataform_repository_workflow_config",
      "name": "daily_full_refresh",
      "provider": "provider[\"registry.terraform.io/hashicorp/google-beta\"]",
      "instances": [
        {
          "schema_version": 0,
          "attributes": {
            "cron_schedule": "30 14 * * *",
            "id": "projects/vishal-sandpit-474523/locations/australia-southeast1/repositories/intelia-warehouse/workflowConfigs/daily-full-refresh",
            "invocation_config": [
              {
                "fully_refresh_incremental_tables_enabled": true,
                "included_tags": [],
                "included_targets": [],
                "service_account": "",
                "transitive_dependencies_included": true,
                "transitive_dependents_included": true
              }
            ],
            "name": "daily-full-refresh",
            "project": "vishal-sandpit-474523",
            "recent_scheduled_execution_records": [],
            "region": "australia-southeast1",
            "release_config": "projects/vishal-sandpit-474523/locations/australia-southeast1/repositories/intelia-warehouse/releaseConfigs/production",
            "repository": "intelia-warehouse",
            "time_zone": "UTC",
            "timeouts": null
          },
          "sensitive_attributes": [],
          "private": "eyJlMmJmYjczMC1lY2FhLTExZTYtOGY4OC0zNDM2M2JjN2M0YzAiOnsiY3JlYXRlIjoxMjAwMDAwMDAwMDAwLCJkZWxldGUiOjEyMDAwMDAwMDAwMDAsInVwZGF0ZSI6MTIwMDAwMDAwMDAwMH19",
          "dependencies": [
            "module.dataform.google_dataform_repository.main",
            "module.dataform.google_dataform_repository_release_config.production",
            "module.iam.google_project_iam_member.ai_developer_aiplatform_user",
            "module.iam.google_project_iam_member.ai_developer_bq_editor",
            "module.iam.google_project_iam_member.ai_developer_bq_job_user",
            "module.iam.google_project_iam_member.cloudbuild_sa_bq_job_user",
            "module.iam.google_project_iam_member.cloudbuild_sa_builds_editor",
            "module.iam.google_project_iam_member.cloudbuild_sa_dataform_editor",
            "module.iam.google_project_iam_member.cloudbuild_sa_secret_accessor",
            "module.iam.google_project_iam_member.cloudbuild_sa_storage_admin",
            "module.iam.google_project_iam_member.data_analyst_bq_job_user",
            "module.iam.google_project_iam_member.data_analyst_bq_viewer",
            "module.iam.google_project_iam_member.data_engineer_bq_editor",
            "module.iam.google_project_iam_member.data_engineer_bq_job_user",
            "module.iam.google_project_iam_member.data_engineer_dataform_editor",
            "module.iam.google_project_iam_member.data_engineer_storage_object_viewer",
            "module.iam.google_project_iam_member.dataform_sa_bq_editor",
            "module.iam.google_project_iam_member.dataform_sa_bq_job_user",
            "module.iam.google_project_iam_member.dataplex_sa_bq_data_viewer",
            "module.iam.google_project_iam_member.dataplex_sa_bq_job_user",
            "module.iam.google_project_iam_member.dataplex_sa_dataplex_editor",
            "module.iam.google_project_iam_member.eventarc_sa_event_receiver",
            "module.iam.google_project_iam_member.eventarc_sa_workflows_invoker",
            "module.iam.google_project_iam_member.governance_bq_metadata_viewer",
            "module.iam.google_project_iam_member.governance_catalog_tag_editor",
            "module.iam.google_project_iam_member.scheduler_sa_workflows_invoker",
            "module.iam.google_project_iam_member.workflows_sa_bq_job_user",
            "module.iam.google_project_iam_member.workflows_sa_dataform_editor",
            "module.iam.google_project_iam_member.workflows_sa_log_writer",
            "module.iam.google_service_account.ai_developer",
            "module.iam.google_service_account.cloudbuild",
            "module.iam.google_service_account.data_analyst",
            "module.iam.google_service_account.data_engineer",
            "module.iam.google_service_account.dataform",
            "module.iam.google_service_account.dataplex",
            "module.iam.google_service_account.eventarc",
            "module.iam.google_service_account.governance",
            "module.iam.google_service_account.scheduler",
            "module.iam.google_service_account.workflows",
            "module.project_services.google_project_service.apis",
            "module.secret_manager.data.google_project.current",
            "module.secret_manager.google_secret_manager_secret.gemini_api_key",
            "module.secret_manager.google_secret_manager_secret.github_token",
            "module.secret_manager.google_secret_manager_secret.looker_api_key",
            "module.secret_manager.google_secret_manager_secret_iam_member.cloudbuild_agent_github_token",
            "module.secret_manager.google_secret_manager_secret_iam_member.cloudbuild_sa_github_token",
            "module.secret_manager.google_secret_manager_secret_iam_member.dataform_github_token",
            "module.secret_manager.google_secret_manager_secret_version.gemini_api_key_placeholder",
            "module.secret_manager.google_secret_manager_secret_version.github_token_placeholder",
            "module.secret_manager.google_secret_manager_secret_version.looker_api_key_placeholder"
          ]
        }
      ]
    },
    {
      "module": "module.dataform",
      "mode": "managed",
      "type": "google_project_iam_member",
      "name": "dataform_sa_dataform_editor",
      "provider": "provider[\"registry.terraform.io/hashicorp/google\"]",
      "instances": [
        {
          "schema_version": 0,
          "attributes": {
            "condition": [],
            "etag": "BwZNulcgsmI=",
            "id": "vishal-sandpit-474523/roles/dataform.editor/serviceAccount:dataform-sa@vishal-sandpit-474523.iam.gserviceaccount.com",
            "member": "serviceAccount:dataform-sa@vishal-sandpit-474523.iam.gserviceaccount.com",
            "project": "vishal-sandpit-474523",
            "role": "roles/dataform.editor"
          },
          "sensitive_attributes": [],
          "private": "bnVsbA==",
          "dependencies": [
            "module.iam.google_project_iam_member.ai_developer_aiplatform_user",
            "module.iam.google_project_iam_member.ai_developer_bq_editor",
            "module.iam.google_project_iam_member.ai_developer_bq_job_user",
            "module.iam.google_project_iam_member.cloudbuild_sa_bq_job_user",
            "module.iam.google_project_iam_member.cloudbuild_sa_builds_editor",
            "module.iam.google_project_iam_member.cloudbuild_sa_dataform_editor",
            "module.iam.google_project_iam_member.cloudbuild_sa_secret_accessor",
            "module.iam.google_project_iam_member.cloudbuild_sa_storage_admin",
            "module.iam.google_project_iam_member.data_analyst_bq_job_user",
            "module.iam.google_project_iam_member.data_analyst_bq_viewer",
            "module.iam.google_project_iam_member.data_engineer_bq_editor",
            "module.iam.google_project_iam_member.data_engineer_bq_job_user",
            "module.iam.google_project_iam_member.data_engineer_dataform_editor",
            "module.iam.google_project_iam_member.data_engineer_storage_object_viewer",
            "module.iam.google_project_iam_member.dataform_sa_bq_editor",
            "module.iam.google_project_iam_member.dataform_sa_bq_job_user",
            "module.iam.google_project_iam_member.dataplex_sa_bq_data_viewer",
            "module.iam.google_project_iam_member.dataplex_sa_bq_job_user",
            "module.iam.google_project_iam_member.dataplex_sa_dataplex_editor",
            "module.iam.google_project_iam_member.eventarc_sa_event_receiver",
            "module.iam.google_project_iam_member.eventarc_sa_workflows_invoker",
            "module.iam.google_project_iam_member.governance_bq_metadata_viewer",
            "module.iam.google_project_iam_member.governance_catalog_tag_editor",
            "module.iam.google_project_iam_member.scheduler_sa_workflows_invoker",
            "module.iam.google_project_iam_member.workflows_sa_bq_job_user",
            "module.iam.google_project_iam_member.workflows_sa_dataform_editor",
            "module.iam.google_project_iam_member.workflows_sa_log_writer",
            "module.iam.google_service_account.ai_developer",
            "module.iam.google_service_account.cloudbuild",
            "module.iam.google_service_account.data_analyst",
            "module.iam.google_service_account.data_engineer",
            "module.iam.google_service_account.dataform",
            "module.iam.google_service_account.dataplex",
            "module.iam.google_service_account.eventarc",
            "module.iam.google_service_account.governance",
            "module.iam.google_service_account.scheduler",
            "module.iam.google_service_account.workflows",
            "module.project_services.google_project_service.apis",
            "module.secret_manager.data.google_project.current",
            "module.secret_manager.google_secret_manager_secret.gemini_api_key",
            "module.secret_manager.google_secret_manager_secret.github_token",
            "module.secret_manager.google_secret_manager_secret.looker_api_key",
            "module.secret_manager.google_secret_manager_secret_iam_member.cloudbuild_agent_github_token",
            "module.secret_manager.google_secret_manager_secret_iam_member.cloudbuild_sa_github_token",
            "module.secret_manager.google_secret_manager_secret_iam_member.dataform_github_token",
            "module.secret_manager.google_secret_manager_secret_version.gemini_api_key_placeholder",
            "module.secret_manager.google_secret_manager_secret_version.github_token_placeholder",
            "module.secret_manager.google_secret_manager_secret_version.looker_api_key_placeholder"
          ]
        }
      ]
    },
    {
      "module": "module.dataform",
      "mode": "managed",
      "type": "google_secret_manager_secret_iam_member",
      "name": "dataform_sa_github_token",
      "provider": "provider[\"registry.terraform.io/hashicorp/google\"]",
      "instances": [
        {
          "schema_version": 0,
          "attributes": {
            "condition": [],
            "etag": "BwZNugcRTew=",
            "id": "projects/vishal-sandpit-474523/secrets/github-token/roles/secretmanager.secretAccessor/serviceAccount:dataform-sa@vishal-sandpit-474523.iam.gserviceaccount.com",
            "member": "serviceAccount:dataform-sa@vishal-sandpit-474523.iam.gserviceaccount.com",
            "project": "vishal-sandpit-474523",
            "role": "roles/secretmanager.secretAccessor",
            "secret_id": "projects/vishal-sandpit-474523/secrets/github-token"
          },
          "sensitive_attributes": [],
          "private": "bnVsbA==",
          "dependencies": [
            "module.iam.google_project_iam_member.ai_developer_aiplatform_user",
            "module.iam.google_project_iam_member.ai_developer_bq_editor",
            "module.iam.google_project_iam_member.ai_developer_bq_job_user",
            "module.iam.google_project_iam_member.cloudbuild_sa_bq_job_user",
            "module.iam.google_project_iam_member.cloudbuild_sa_builds_editor",
            "module.iam.google_project_iam_member.cloudbuild_sa_dataform_editor",
            "module.iam.google_project_iam_member.cloudbuild_sa_secret_accessor",
            "module.iam.google_project_iam_member.cloudbuild_sa_storage_admin",
            "module.iam.google_project_iam_member.data_analyst_bq_job_user",
            "module.iam.google_project_iam_member.data_analyst_bq_viewer",
            "module.iam.google_project_iam_member.data_engineer_bq_editor",
            "module.iam.google_project_iam_member.data_engineer_bq_job_user",
            "module.iam.google_project_iam_member.data_engineer_dataform_editor",
            "module.iam.google_project_iam_member.data_engineer_storage_object_viewer",
            "module.iam.google_project_iam_member.dataform_sa_bq_editor",
            "module.iam.google_project_iam_member.dataform_sa_bq_job_user",
            "module.iam.google_project_iam_member.dataplex_sa_bq_data_viewer",
            "module.iam.google_project_iam_member.dataplex_sa_bq_job_user",
            "module.iam.google_project_iam_member.dataplex_sa_dataplex_editor",
            "module.iam.google_project_iam_member.eventarc_sa_event_receiver",
            "module.iam.google_project_iam_member.eventarc_sa_workflows_invoker",
            "module.iam.google_project_iam_member.governance_bq_metadata_viewer",
            "module.iam.google_project_iam_member.governance_catalog_tag_editor",
            "module.iam.google_project_iam_member.scheduler_sa_workflows_invoker",
            "module.iam.google_project_iam_member.workflows_sa_bq_job_user",
            "module.iam.google_project_iam_member.workflows_sa_dataform_editor",
            "module.iam.google_project_iam_member.workflows_sa_log_writer",
            "module.iam.google_service_account.ai_developer",
            "module.iam.google_service_account.cloudbuild",
            "module.iam.google_service_account.data_analyst",
            "module.iam.google_service_account.data_engineer",
            "module.iam.google_service_account.dataform",
            "module.iam.google_service_account.dataplex",
            "module.iam.google_service_account.eventarc",
            "module.iam.google_service_account.governance",
            "module.iam.google_service_account.scheduler",
            "module.iam.google_service_account.workflows",
            "module.project_services.google_project_service.apis",
            "module.secret_manager.data.google_project.current",
            "module.secret_manager.google_secret_manager_secret.gemini_api_key",
            "module.secret_manager.google_secret_manager_secret.github_token",
            "module.secret_manager.google_secret_manager_secret.looker_api_key",
            "module.secret_manager.google_secret_manager_secret_iam_member.cloudbuild_agent_github_token",
            "module.secret_manager.google_secret_manager_secret_iam_member.cloudbuild_sa_github_token",
            "module.secret_manager.google_secret_manager_secret_iam_member.dataform_github_token",
            "module.secret_manager.google_secret_manager_secret_version.gemini_api_key_placeholder",
            "module.secret_manager.google_secret_manager_secret_version.github_token_placeholder",
            "module.secret_manager.google_secret_manager_secret_version.looker_api_key_placeholder"
          ]
        }
      ]
    },
    {
      "module": "module.dataplex",
      "mode": "managed",
      "type": "google_dataplex_datascan",
      "name": "dim_customers_quality",
      "provider": "provider[\"registry.terraform.io/hashicorp/google\"]",
      "instances": [
        {
          "schema_version": 0,
          "attributes": {
            "create_time": "2026-03-24T00:13:58.063711178Z",
            "data": [
              {
                "entity": "",
                "resource": "//bigquery.googleapis.com/projects/vishal-sandpit-474523/datasets/gold/tables/dim_customers"
              }
            ],
            "data_profile_spec": [],
            "data_quality_spec": [
              {
                "post_scan_actions": [],
                "row_filter": "",
                "rules": [
                  {
                    "column": "customer_id",
                    "description": "Every customer must have a non-null customer_id.",
                    "dimension": "COMPLETENESS",
                    "ignore_null": false,
                    "name": "customer-id-not-null",
                    "non_null_expectation": [
                      {}
                    ],
                    "range_expectation": [],
                    "regex_expectation": [],
                    "row_condition_expectation": [],
                    "set_expectation": [],
                    "sql_assertion": [],
                    "statistic_range_expectation": [],
                    "table_condition_expectation": [],
                    "threshold": 0,
                    "uniqueness_expectation": []
                  },
                  {
                    "column": "customer_id",
                    "description": "customer_id must be unique.",
                    "dimension": "UNIQUENESS",
                    "ignore_null": false,
                    "name": "customer-id-unique",
                    "non_null_expectation": [],
                    "range_expectation": [],
                    "regex_expectation": [],
                    "row_condition_expectation": [],
                    "set_expectation": [],
                    "sql_assertion": [],
                    "statistic_range_expectation": [],
                    "table_condition_expectation": [],
                    "threshold": 0,
                    "uniqueness_expectation": [
                      {}
                    ]
                  },
                  {
                    "column": "email",
                    "description": "email must contain an @ symbol.",
                    "dimension": "VALIDITY",
                    "ignore_null": false,
                    "name": "email-format",
                    "non_null_expectation": [],
                    "range_expectation": [],
                    "regex_expectation": [],
                    "row_condition_expectation": [
                      {
                        "sql_expression": "email LIKE '%@%'"
                      }
                    ],
                    "set_expectation": [],
                    "sql_assertion": [],
                    "statistic_range_expectation": [],
                    "table_condition_expectation": [],
                    "threshold": 0,
                    "uniqueness_expectation": []
                  }
                ],
                "sampling_percent": 0
              }
            ],
            "data_scan_id": "dim-customers-quality",
            "description": "Daily data quality checks on the Gold dim_customers table.",
            "display_name": "dim_customers Data Quality",
            "effective_labels": {
              "layer": "gold",
              "table": "dim_customers",
              "workload": "data-quality"
            },
            "execution_spec": [
              {
                "field": "",
                "trigger": [
                  {
                    "on_demand": [],
                    "schedule": [
                      {
                        "cron": "0 2 * * *"
                      }
                    ]
                  }
                ]
              }
            ],
            "execution_status": [],
            "id": "projects/vishal-sandpit-474523/locations/australia-southeast1/dataScans/dim-customers-quality",
            "labels": {
              "layer": "gold",
              "table": "dim_customers",
              "workload": "data-quality"
            },
            "location": "australia-southeast1",
            "name": "projects/vishal-sandpit-474523/locations/australia-southeast1/dataScans/dim-customers-quality",
            "project": "vishal-sandpit-474523",
            "state": "ACTIVE",
            "terraform_labels": {
              "layer": "gold",
              "table": "dim_customers",
              "workload": "data-quality"
            },
            "timeouts": null,
            "type": "DATA_QUALITY",
            "uid": "924ec5d8-5da8-4a94-ad79-fdb78d8aefe1",
            "update_time": "2026-03-24T00:15:02.864706715Z"
          },
          "sensitive_attributes": [],
          "private": "eyJlMmJmYjczMC1lY2FhLTExZTYtOGY4OC0zNDM2M2JjN2M0YzAiOnsiY3JlYXRlIjozMDAwMDAwMDAwMDAsImRlbGV0ZSI6MzAwMDAwMDAwMDAwLCJ1cGRhdGUiOjMwMDAwMDAwMDAwMH19",
          "dependencies": [
            "module.bigquery.google_bigquery_connection.gemini_connection",
            "module.bigquery.google_bigquery_dataset.ai",
            "module.bigquery.google_bigquery_dataset.bronze",
            "module.bigquery.google_bigquery_dataset.gold",
            "module.bigquery.google_bigquery_dataset.governance",
            "module.bigquery.google_bigquery_dataset.silver",
            "module.bigquery.google_project_iam_member.gemini_connection_vertex",
            "module.iam.google_project_iam_member.ai_developer_aiplatform_user",
            "module.iam.google_project_iam_member.ai_developer_bq_editor",
            "module.iam.google_project_iam_member.ai_developer_bq_job_user",
            "module.iam.google_project_iam_member.cloudbuild_sa_bq_job_user",
            "module.iam.google_project_iam_member.cloudbuild_sa_builds_editor",
            "module.iam.google_project_iam_member.cloudbuild_sa_dataform_editor",
            "module.iam.google_project_iam_member.cloudbuild_sa_secret_accessor",
            "module.iam.google_project_iam_member.cloudbuild_sa_storage_admin",
            "module.iam.google_project_iam_member.data_analyst_bq_job_user",
            "module.iam.google_project_iam_member.data_analyst_bq_viewer",
            "module.iam.google_project_iam_member.data_engineer_bq_editor",
            "module.iam.google_project_iam_member.data_engineer_bq_job_user",
            "module.iam.google_project_iam_member.data_engineer_dataform_editor",
            "module.iam.google_project_iam_member.data_engineer_storage_object_viewer",
            "module.iam.google_project_iam_member.dataform_sa_bq_editor",
            "module.iam.google_project_iam_member.dataform_sa_bq_job_user",
            "module.iam.google_project_iam_member.dataplex_sa_bq_data_viewer",
            "module.iam.google_project_iam_member.dataplex_sa_bq_job_user",
            "module.iam.google_project_iam_member.dataplex_sa_dataplex_editor",
            "module.iam.google_project_iam_member.eventarc_sa_event_receiver",
            "module.iam.google_project_iam_member.eventarc_sa_workflows_invoker",
            "module.iam.google_project_iam_member.governance_bq_metadata_viewer",
            "module.iam.google_project_iam_member.governance_catalog_tag_editor",
            "module.iam.google_project_iam_member.scheduler_sa_workflows_invoker",
            "module.iam.google_project_iam_member.workflows_sa_bq_job_user",
            "module.iam.google_project_iam_member.workflows_sa_dataform_editor",
            "module.iam.google_project_iam_member.workflows_sa_log_writer",
            "module.iam.google_service_account.ai_developer",
            "module.iam.google_service_account.cloudbuild",
            "module.iam.google_service_account.data_analyst",
            "module.iam.google_service_account.data_engineer",
            "module.iam.google_service_account.dataform",
            "module.iam.google_service_account.dataplex",
            "module.iam.google_service_account.eventarc",
            "module.iam.google_service_account.governance",
            "module.iam.google_service_account.scheduler",
            "module.iam.google_service_account.workflows",
            "module.project_services.google_project_service.apis"
          ]
        }
      ]
    },
    {
      "module": "module.dataplex",
      "mode": "managed",
      "type": "google_dataplex_datascan",
      "name": "dim_products_quality",
      "provider": "provider[\"registry.terraform.io/hashicorp/google\"]",
      "instances": [
        {
          "schema_version": 0,
          "attributes": {
            "create_time": "2026-03-24T00:13:57.628833542Z",
            "data": [
              {
                "entity": "",
                "resource": "//bigquery.googleapis.com/projects/vishal-sandpit-474523/datasets/gold/tables/dim_products"
              }
            ],
            "data_profile_spec": [],
            "data_quality_spec": [
              {
                "post_scan_actions": [],
                "row_filter": "",
                "rules": [
                  {
                    "column": "product_id",
                    "description": "Every product must have a non-null product_id.",
                    "dimension": "COMPLETENESS",
                    "ignore_null": false,
                    "name": "product-id-not-null",
                    "non_null_expectation": [
                      {}
                    ],
                    "range_expectation": [],
                    "regex_expectation": [],
                    "row_condition_expectation": [],
                    "set_expectation": [],
                    "sql_assertion": [],
                    "statistic_range_expectation": [],
                    "table_condition_expectation": [],
                    "threshold": 0,
                    "uniqueness_expectation": []
                  },
                  {
                    "column": "unit_price",
                    "description": "unit_price must be \u003e 0.",
                    "dimension": "VALIDITY",
                    "ignore_null": false,
                    "name": "unit-price-positive",
                    "non_null_expectation": [],
                    "range_expectation": [
                      {
                        "max_value": "",
                        "min_value": "0",
                        "strict_max_enabled": false,
                        "strict_min_enabled": true
                      }
                    ],
                    "regex_expectation": [],
                    "row_condition_expectation": [],
                    "set_expectation": [],
                    "sql_assertion": [],
                    "statistic_range_expectation": [],
                    "table_condition_expectation": [],
                    "threshold": 0,
                    "uniqueness_expectation": []
                  }
                ],
                "sampling_percent": 0
              }
            ],
            "data_scan_id": "dim-products-quality",
            "description": "Daily data quality checks on the Gold dim_products table.",
            "display_name": "dim_products Data Quality",
            "effective_labels": {
              "layer": "gold",
              "table": "dim_products",
              "workload": "data-quality"
            },
            "execution_spec": [
              {
                "field": "",
                "trigger": [
                  {
                    "on_demand": [],
                    "schedule": [
                      {
                        "cron": "0 2 * * *"
                      }
                    ]
                  }
                ]
              }
            ],
            "execution_status": [],
            "id": "projects/vishal-sandpit-474523/locations/australia-southeast1/dataScans/dim-products-quality",
            "labels": {
              "layer": "gold",
              "table": "dim_products",
              "workload": "data-quality"
            },
            "location": "australia-southeast1",
            "name": "projects/vishal-sandpit-474523/locations/australia-southeast1/dataScans/dim-products-quality",
            "project": "vishal-sandpit-474523",
            "state": "ACTIVE",
            "terraform_labels": {
              "layer": "gold",
              "table": "dim_products",
              "workload": "data-quality"
            },
            "timeouts": null,
            "type": "DATA_QUALITY",
            "uid": "14d7d497-bb0c-492b-a2e3-c120c9b46017",
            "update_time": "2026-03-24T00:14:47.826440235Z"
          },
          "sensitive_attributes": [],
          "private": "eyJlMmJmYjczMC1lY2FhLTExZTYtOGY4OC0zNDM2M2JjN2M0YzAiOnsiY3JlYXRlIjozMDAwMDAwMDAwMDAsImRlbGV0ZSI6MzAwMDAwMDAwMDAwLCJ1cGRhdGUiOjMwMDAwMDAwMDAwMH19",
          "dependencies": [
            "module.bigquery.google_bigquery_connection.gemini_connection",
            "module.bigquery.google_bigquery_dataset.ai",
            "module.bigquery.google_bigquery_dataset.bronze",
            "module.bigquery.google_bigquery_dataset.gold",
            "module.bigquery.google_bigquery_dataset.governance",
            "module.bigquery.google_bigquery_dataset.silver",
            "module.bigquery.google_project_iam_member.gemini_connection_vertex",
            "module.iam.google_project_iam_member.ai_developer_aiplatform_user",
            "module.iam.google_project_iam_member.ai_developer_bq_editor",
            "module.iam.google_project_iam_member.ai_developer_bq_job_user",
            "module.iam.google_project_iam_member.cloudbuild_sa_bq_job_user",
            "module.iam.google_project_iam_member.cloudbuild_sa_builds_editor",
            "module.iam.google_project_iam_member.cloudbuild_sa_dataform_editor",
            "module.iam.google_project_iam_member.cloudbuild_sa_secret_accessor",
            "module.iam.google_project_iam_member.cloudbuild_sa_storage_admin",
            "module.iam.google_project_iam_member.data_analyst_bq_job_user",
            "module.iam.google_project_iam_member.data_analyst_bq_viewer",
            "module.iam.google_project_iam_member.data_engineer_bq_editor",
            "module.iam.google_project_iam_member.data_engineer_bq_job_user",
            "module.iam.google_project_iam_member.data_engineer_dataform_editor",
            "module.iam.google_project_iam_member.data_engineer_storage_object_viewer",
            "module.iam.google_project_iam_member.dataform_sa_bq_editor",
            "module.iam.google_project_iam_member.dataform_sa_bq_job_user",
            "module.iam.google_project_iam_member.dataplex_sa_bq_data_viewer",
            "module.iam.google_project_iam_member.dataplex_sa_bq_job_user",
            "module.iam.google_project_iam_member.dataplex_sa_dataplex_editor",
            "module.iam.google_project_iam_member.eventarc_sa_event_receiver",
            "module.iam.google_project_iam_member.eventarc_sa_workflows_invoker",
            "module.iam.google_project_iam_member.governance_bq_metadata_viewer",
            "module.iam.google_project_iam_member.governance_catalog_tag_editor",
            "module.iam.google_project_iam_member.scheduler_sa_workflows_invoker",
            "module.iam.google_project_iam_member.workflows_sa_bq_job_user",
            "module.iam.google_project_iam_member.workflows_sa_dataform_editor",
            "module.iam.google_project_iam_member.workflows_sa_log_writer",
            "module.iam.google_service_account.ai_developer",
            "module.iam.google_service_account.cloudbuild",
            "module.iam.google_service_account.data_analyst",
            "module.iam.google_service_account.data_engineer",
            "module.iam.google_service_account.dataform",
            "module.iam.google_service_account.dataplex",
            "module.iam.google_service_account.eventarc",
            "module.iam.google_service_account.governance",
            "module.iam.google_service_account.scheduler",
            "module.iam.google_service_account.workflows",
            "module.project_services.google_project_service.apis"
          ]
        }
      ]
    },
    {
      "module": "module.dataplex",
      "mode": "managed",
      "type": "google_dataplex_datascan",
      "name": "fct_orders_quality",
      "provider": "provider[\"registry.terraform.io/hashicorp/google\"]",
      "instances": [
        {
          "schema_version": 0,
          "attributes": {
            "create_time": "2026-03-24T00:13:58.294625463Z",
            "data": [
              {
                "entity": "",
                "resource": "//bigquery.googleapis.com/projects/vishal-sandpit-474523/datasets/gold/tables/fct_orders"
              }
            ],
            "data_profile_spec": [],
            "data_quality_spec": [
              {
                "post_scan_actions": [],
                "row_filter": "",
                "rules": [
                  {
                    "column": "order_id",
                    "description": "Every order must have a non-null order_id.",
                    "dimension": "COMPLETENESS",
                    "ignore_null": false,
                    "name": "order-id-not-null",
                    "non_null_expectation": [
                      {}
                    ],
                    "range_expectation": [],
                    "regex_expectation": [],
                    "row_condition_expectation": [],
                    "set_expectation": [],
                    "sql_assertion": [],
                    "statistic_range_expectation": [],
                    "table_condition_expectation": [],
                    "threshold": 0,
                    "uniqueness_expectation": []
                  },
                  {
                    "column": "order_date",
                    "description": "order_date must not be in the future.",
                    "dimension": "VALIDITY",
                    "ignore_null": false,
                    "name": "order-date-not-future",
                    "non_null_expectation": [],
                    "range_expectation": [],
                    "regex_expectation": [],
                    "row_condition_expectation": [
                      {
                        "sql_expression": "order_date \u003c= CURRENT_DATE()"
                      }
                    ],
                    "set_expectation": [],
                    "sql_assertion": [],
                    "statistic_range_expectation": [],
                    "table_condition_expectation": [],
                    "threshold": 0,
                    "uniqueness_expectation": []
                  },
                  {
                    "column": "total_amount",
                    "description": "total_amount must be \u003e= 0.",
                    "dimension": "VALIDITY",
                    "ignore_null": false,
                    "name": "total-amount-positive",
                    "non_null_expectation": [],
                    "range_expectation": [
                      {
                        "max_value": "",
                        "min_value": "0",
                        "strict_max_enabled": false,
                        "strict_min_enabled": false
                      }
                    ],
                    "regex_expectation": [],
                    "row_condition_expectation": [],
                    "set_expectation": [],
                    "sql_assertion": [],
                    "statistic_range_expectation": [],
                    "table_condition_expectation": [],
                    "threshold": 0,
                    "uniqueness_expectation": []
                  },
                  {
                    "column": "order_id",
                    "description": "order_id must be unique across all orders.",
                    "dimension": "UNIQUENESS",
                    "ignore_null": false,
                    "name": "order-id-unique",
                    "non_null_expectation": [],
                    "range_expectation": [],
                    "regex_expectation": [],
                    "row_condition_expectation": [],
                    "set_expectation": [],
                    "sql_assertion": [],
                    "statistic_range_expectation": [],
                    "table_condition_expectation": [],
                    "threshold": 0,
                    "uniqueness_expectation": [
                      {}
                    ]
                  }
                ],
                "sampling_percent": 0
              }
            ],
            "data_scan_id": "fct-orders-quality",
            "description": "Daily data quality checks on the Gold fct_orders table.",
            "display_name": "fct_orders Data Quality",
            "effective_labels": {
              "layer": "gold",
              "table": "fct_orders",
              "workload": "data-quality"
            },
            "execution_spec": [
              {
                "field": "",
                "trigger": [
                  {
                    "on_demand": [],
                    "schedule": [
                      {
                        "cron": "0 2 * * *"
                      }
                    ]
                  }
                ]
              }
            ],
            "execution_status": [],
            "id": "projects/vishal-sandpit-474523/locations/australia-southeast1/dataScans/fct-orders-quality",
            "labels": {
              "layer": "gold",
              "table": "fct_orders",
              "workload": "data-quality"
            },
            "location": "australia-southeast1",
            "name": "projects/vishal-sandpit-474523/locations/australia-southeast1/dataScans/fct-orders-quality",
            "project": "vishal-sandpit-474523",
            "state": "ACTIVE",
            "terraform_labels": {
              "layer": "gold",
              "table": "fct_orders",
              "workload": "data-quality"
            },
            "timeouts": null,
            "type": "DATA_QUALITY",
            "uid": "d7c836e5-97c6-4d38-8d05-8e86787b3a7d",
            "update_time": "2026-03-24T00:15:00.049656527Z"
          },
          "sensitive_attributes": [],
          "private": "eyJlMmJmYjczMC1lY2FhLTExZTYtOGY4OC0zNDM2M2JjN2M0YzAiOnsiY3JlYXRlIjozMDAwMDAwMDAwMDAsImRlbGV0ZSI6MzAwMDAwMDAwMDAwLCJ1cGRhdGUiOjMwMDAwMDAwMDAwMH19",
          "dependencies": [
            "module.bigquery.google_bigquery_connection.gemini_connection",
            "module.bigquery.google_bigquery_dataset.ai",
            "module.bigquery.google_bigquery_dataset.bronze",
            "module.bigquery.google_bigquery_dataset.gold",
            "module.bigquery.google_bigquery_dataset.governance",
            "module.bigquery.google_bigquery_dataset.silver",
            "module.bigquery.google_project_iam_member.gemini_connection_vertex",
            "module.iam.google_project_iam_member.ai_developer_aiplatform_user",
            "module.iam.google_project_iam_member.ai_developer_bq_editor",
            "module.iam.google_project_iam_member.ai_developer_bq_job_user",
            "module.iam.google_project_iam_member.cloudbuild_sa_bq_job_user",
            "module.iam.google_project_iam_member.cloudbuild_sa_builds_editor",
            "module.iam.google_project_iam_member.cloudbuild_sa_dataform_editor",
            "module.iam.google_project_iam_member.cloudbuild_sa_secret_accessor",
            "module.iam.google_project_iam_member.cloudbuild_sa_storage_admin",
            "module.iam.google_project_iam_member.data_analyst_bq_job_user",
            "module.iam.google_project_iam_member.data_analyst_bq_viewer",
            "module.iam.google_project_iam_member.data_engineer_bq_editor",
            "module.iam.google_project_iam_member.data_engineer_bq_job_user",
            "module.iam.google_project_iam_member.data_engineer_dataform_editor",
            "module.iam.google_project_iam_member.data_engineer_storage_object_viewer",
            "module.iam.google_project_iam_member.dataform_sa_bq_editor",
            "module.iam.google_project_iam_member.dataform_sa_bq_job_user",
            "module.iam.google_project_iam_member.dataplex_sa_bq_data_viewer",
            "module.iam.google_project_iam_member.dataplex_sa_bq_job_user",
            "module.iam.google_project_iam_member.dataplex_sa_dataplex_editor",
            "module.iam.google_project_iam_member.eventarc_sa_event_receiver",
            "module.iam.google_project_iam_member.eventarc_sa_workflows_invoker",
            "module.iam.google_project_iam_member.governance_bq_metadata_viewer",
            "module.iam.google_project_iam_member.governance_catalog_tag_editor",
            "module.iam.google_project_iam_member.scheduler_sa_workflows_invoker",
            "module.iam.google_project_iam_member.workflows_sa_bq_job_user",
            "module.iam.google_project_iam_member.workflows_sa_dataform_editor",
            "module.iam.google_project_iam_member.workflows_sa_log_writer",
            "module.iam.google_service_account.ai_developer",
            "module.iam.google_service_account.cloudbuild",
            "module.iam.google_service_account.data_analyst",
            "module.iam.google_service_account.data_engineer",
            "module.iam.google_service_account.dataform",
            "module.iam.google_service_account.dataplex",
            "module.iam.google_service_account.eventarc",
            "module.iam.google_service_account.governance",
            "module.iam.google_service_account.scheduler",
            "module.iam.google_service_account.workflows",
            "module.project_services.google_project_service.apis"
          ]
        }
      ]
    },
    {
      "module": "module.dataplex",
      "mode": "managed",
      "type": "google_dataplex_lake",
      "name": "intelia_warehouse",
      "provider": "provider[\"registry.terraform.io/hashicorp/google\"]",
      "instances": [
        {
          "schema_version": 0,
          "attributes": {
            "asset_status": [
              {
                "active_assets": 0,
                "security_policy_applying_assets": 0,
                "update_time": "2026-03-24T01:11:31.880393Z"
              }
            ],
            "create_time": "2026-03-24T00:06:16.911524582Z",
            "description": "Dataplex lake governing the Intelia data warehouse \u00e2\u20ac\u201d Bronze to AI layers.",
            "display_name": "Intelia Warehouse",
            "effective_labels": {
              "environment": "production",
              "workload": "data-warehouse"
            },
            "id": "projects/vishal-sandpit-474523/locations/australia-southeast1/lakes/intelia-warehouse",
            "labels": {
              "environment": "production",
              "workload": "data-warehouse"
            },
            "location": "australia-southeast1",
            "metastore": [],
            "metastore_status": [
              {
                "endpoint": "",
                "message": "",
                "state": "NONE",
                "update_time": "2026-03-24T00:06:18.358592Z"
              }
            ],
            "name": "intelia-warehouse",
            "project": "vishal-sandpit-474523",
            "service_account": "service-160702508047@gcp-sa-dataplex.iam.gserviceaccount.com",
            "state": "ACTIVE",
            "terraform_labels": {
              "environment": "production",
              "workload": "data-warehouse"
            },
            "timeouts": null,
            "uid": "dc354f22-bdc3-4da8-b4f8-e44f219f01e2",
            "update_time": "2026-03-24T00:08:13.194306497Z"
          },
          "sensitive_attributes": [],
          "private": "eyJlMmJmYjczMC1lY2FhLTExZTYtOGY4OC0zNDM2M2JjN2M0YzAiOnsiY3JlYXRlIjoxMjAwMDAwMDAwMDAwLCJkZWxldGUiOjEyMDAwMDAwMDAwMDAsInVwZGF0ZSI6MTIwMDAwMDAwMDAwMH19",
          "dependencies": [
            "module.bigquery.google_bigquery_connection.gemini_connection",
            "module.bigquery.google_bigquery_dataset.ai",
            "module.bigquery.google_bigquery_dataset.bronze",
            "module.bigquery.google_bigquery_dataset.gold",
            "module.bigquery.google_bigquery_dataset.governance",
            "module.bigquery.google_bigquery_dataset.silver",
            "module.bigquery.google_project_iam_member.gemini_connection_vertex",
            "module.iam.google_project_iam_member.ai_developer_aiplatform_user",
            "module.iam.google_project_iam_member.ai_developer_bq_editor",
            "module.iam.google_project_iam_member.ai_developer_bq_job_user",
            "module.iam.google_project_iam_member.cloudbuild_sa_bq_job_user",
            "module.iam.google_project_iam_member.cloudbuild_sa_builds_editor",
            "module.iam.google_project_iam_member.cloudbuild_sa_dataform_editor",
            "module.iam.google_project_iam_member.cloudbuild_sa_secret_accessor",
            "module.iam.google_project_iam_member.cloudbuild_sa_storage_admin",
            "module.iam.google_project_iam_member.data_analyst_bq_job_user",
            "module.iam.google_project_iam_member.data_analyst_bq_viewer",
            "module.iam.google_project_iam_member.data_engineer_bq_editor",
            "module.iam.google_project_iam_member.data_engineer_bq_job_user",
            "module.iam.google_project_iam_member.data_engineer_dataform_editor",
            "module.iam.google_project_iam_member.data_engineer_storage_object_viewer",
            "module.iam.google_project_iam_member.dataform_sa_bq_editor",
            "module.iam.google_project_iam_member.dataform_sa_bq_job_user",
            "module.iam.google_project_iam_member.dataplex_sa_bq_data_viewer",
            "module.iam.google_project_iam_member.dataplex_sa_bq_job_user",
            "module.iam.google_project_iam_member.dataplex_sa_dataplex_editor",
            "module.iam.google_project_iam_member.eventarc_sa_event_receiver",
            "module.iam.google_project_iam_member.eventarc_sa_workflows_invoker",
            "module.iam.google_project_iam_member.governance_bq_metadata_viewer",
            "module.iam.google_project_iam_member.governance_catalog_tag_editor",
            "module.iam.google_project_iam_member.scheduler_sa_workflows_invoker",
            "module.iam.google_project_iam_member.workflows_sa_bq_job_user",
            "module.iam.google_project_iam_member.workflows_sa_dataform_editor",
            "module.iam.google_project_iam_member.workflows_sa_log_writer",
            "module.iam.google_service_account.ai_developer",
            "module.iam.google_service_account.cloudbuild",
            "module.iam.google_service_account.data_analyst",
            "module.iam.google_service_account.data_engineer",
            "module.iam.google_service_account.dataform",
            "module.iam.google_service_account.dataplex",
            "module.iam.google_service_account.eventarc",
            "module.iam.google_service_account.governance",
            "module.iam.google_service_account.scheduler",
            "module.iam.google_service_account.workflows",
            "module.project_services.google_project_service.apis"
          ]
        }
      ]
    },
    {
      "module": "module.dataplex",
      "mode": "managed",
      "type": "google_dataplex_zone",
      "name": "curated",
      "provider": "provider[\"registry.terraform.io/hashicorp/google\"]",
      "instances": [
        {
          "schema_version": 0,
          "attributes": {
            "asset_status": [
              {
                "active_assets": 0,
                "security_policy_applying_assets": 0,
                "update_time": "2026-03-24T01:11:15.157837Z"
              }
            ],
            "create_time": "2026-03-24T00:08:25.533371713Z",
            "description": "Transformed and analytics-ready BigQuery datasets.",
            "discovery_spec": [
              {
                "csv_options": [],
                "enabled": true,
                "exclude_patterns": [],
                "include_patterns": [],
                "json_options": [],
                "schedule": "0 * * * *"
              }
            ],
            "display_name": "Curated Zone (Silver / Gold / AI)",
            "effective_labels": {
              "layer": "silver-gold-ai"
            },
            "id": "projects/vishal-sandpit-474523/locations/australia-southeast1/lakes/intelia-warehouse/zones/curated-zone",
            "labels": {
              "layer": "silver-gold-ai"
            },
            "lake": "intelia-warehouse",
            "location": "australia-southeast1",
            "name": "curated-zone",
            "project": "vishal-sandpit-474523",
            "resource_spec": [
              {
                "location_type": "SINGLE_REGION"
              }
            ],
            "state": "ACTIVE",
            "terraform_labels": {
              "layer": "silver-gold-ai"
            },
            "timeouts": null,
            "type": "CURATED",
            "uid": "ca22ba66-a8fb-44a7-8922-a16dc4c27d57",
            "update_time": "2026-03-24T00:08:30.114108619Z"
          },
          "sensitive_attributes": [],
          "private": "eyJlMmJmYjczMC1lY2FhLTExZTYtOGY4OC0zNDM2M2JjN2M0YzAiOnsiY3JlYXRlIjoxMjAwMDAwMDAwMDAwLCJkZWxldGUiOjEyMDAwMDAwMDAwMDAsInVwZGF0ZSI6MTIwMDAwMDAwMDAwMH19",
          "dependencies": [
            "module.bigquery.google_bigquery_connection.gemini_connection",
            "module.bigquery.google_bigquery_dataset.ai",
            "module.bigquery.google_bigquery_dataset.bronze",
            "module.bigquery.google_bigquery_dataset.gold",
            "module.bigquery.google_bigquery_dataset.governance",
            "module.bigquery.google_bigquery_dataset.silver",
            "module.bigquery.google_project_iam_member.gemini_connection_vertex",
            "module.dataplex.google_dataplex_lake.intelia_warehouse",
            "module.iam.google_project_iam_member.ai_developer_aiplatform_user",
            "module.iam.google_project_iam_member.ai_developer_bq_editor",
            "module.iam.google_project_iam_member.ai_developer_bq_job_user",
            "module.iam.google_project_iam_member.cloudbuild_sa_bq_job_user",
            "module.iam.google_project_iam_member.cloudbuild_sa_builds_editor",
            "module.iam.google_project_iam_member.cloudbuild_sa_dataform_editor",
            "module.iam.google_project_iam_member.cloudbuild_sa_secret_accessor",
            "module.iam.google_project_iam_member.cloudbuild_sa_storage_admin",
            "module.iam.google_project_iam_member.data_analyst_bq_job_user",
            "module.iam.google_project_iam_member.data_analyst_bq_viewer",
            "module.iam.google_project_iam_member.data_engineer_bq_editor",
            "module.iam.google_project_iam_member.data_engineer_bq_job_user",
            "module.iam.google_project_iam_member.data_engineer_dataform_editor",
            "module.iam.google_project_iam_member.data_engineer_storage_object_viewer",
            "module.iam.google_project_iam_member.dataform_sa_bq_editor",
            "module.iam.google_project_iam_member.dataform_sa_bq_job_user",
            "module.iam.google_project_iam_member.dataplex_sa_bq_data_viewer",
            "module.iam.google_project_iam_member.dataplex_sa_bq_job_user",
            "module.iam.google_project_iam_member.dataplex_sa_dataplex_editor",
            "module.iam.google_project_iam_member.eventarc_sa_event_receiver",
            "module.iam.google_project_iam_member.eventarc_sa_workflows_invoker",
            "module.iam.google_project_iam_member.governance_bq_metadata_viewer",
            "module.iam.google_project_iam_member.governance_catalog_tag_editor",
            "module.iam.google_project_iam_member.scheduler_sa_workflows_invoker",
            "module.iam.google_project_iam_member.workflows_sa_bq_job_user",
            "module.iam.google_project_iam_member.workflows_sa_dataform_editor",
            "module.iam.google_project_iam_member.workflows_sa_log_writer",
            "module.iam.google_service_account.ai_developer",
            "module.iam.google_service_account.cloudbuild",
            "module.iam.google_service_account.data_analyst",
            "module.iam.google_service_account.data_engineer",
            "module.iam.google_service_account.dataform",
            "module.iam.google_service_account.dataplex",
            "module.iam.google_service_account.eventarc",
            "module.iam.google_service_account.governance",
            "module.iam.google_service_account.scheduler",
            "module.iam.google_service_account.workflows",
            "module.project_services.google_project_service.apis"
          ]
        }
      ]
    },
    {
      "module": "module.dataplex",
      "mode": "managed",
      "type": "google_dataplex_zone",
      "name": "raw",
      "provider": "provider[\"registry.terraform.io/hashicorp/google\"]",
      "instances": [
        {
          "schema_version": 0,
          "attributes": {
            "asset_status": [
              {
                "active_assets": 0,
                "security_policy_applying_assets": 0,
                "update_time": "2026-03-24T01:12:02.234867Z"
              }
            ],
            "create_time": "2026-03-24T00:08:26.157484803Z",
            "description": "Unprocessed data landed from source systems via GCS.",
            "discovery_spec": [
              {
                "csv_options": [],
                "enabled": true,
                "exclude_patterns": [],
                "include_patterns": [],
                "json_options": [],
                "schedule": "0 * * * *"
              }
            ],
            "display_name": "Raw Zone (Bronze)",
            "effective_labels": {
              "layer": "bronze"
            },
            "id": "projects/vishal-sandpit-474523/locations/australia-southeast1/lakes/intelia-warehouse/zones/raw-zone",
            "labels": {
              "layer": "bronze"
            },
            "lake": "intelia-warehouse",
            "location": "australia-southeast1",
            "name": "raw-zone",
            "project": "vishal-sandpit-474523",
            "resource_spec": [
              {
                "location_type": "SINGLE_REGION"
              }
            ],
            "state": "ACTIVE",
            "terraform_labels": {
              "layer": "bronze"
            },
            "timeouts": null,
            "type": "RAW",
            "uid": "f35c5b97-829e-4685-8c8f-bfe14a401cf1",
            "update_time": "2026-03-24T00:08:31.083269439Z"
          },
          "sensitive_attributes": [],
          "private": "eyJlMmJmYjczMC1lY2FhLTExZTYtOGY4OC0zNDM2M2JjN2M0YzAiOnsiY3JlYXRlIjoxMjAwMDAwMDAwMDAwLCJkZWxldGUiOjEyMDAwMDAwMDAwMDAsInVwZGF0ZSI6MTIwMDAwMDAwMDAwMH19",
          "dependencies": [
            "module.bigquery.google_bigquery_connection.gemini_connection",
            "module.bigquery.google_bigquery_dataset.ai",
            "module.bigquery.google_bigquery_dataset.bronze",
            "module.bigquery.google_bigquery_dataset.gold",
            "module.bigquery.google_bigquery_dataset.governance",
            "module.bigquery.google_bigquery_dataset.silver",
            "module.bigquery.google_project_iam_member.gemini_connection_vertex",
            "module.dataplex.google_dataplex_lake.intelia_warehouse",
            "module.iam.google_project_iam_member.ai_developer_aiplatform_user",
            "module.iam.google_project_iam_member.ai_developer_bq_editor",
            "module.iam.google_project_iam_member.ai_developer_bq_job_user",
            "module.iam.google_project_iam_member.cloudbuild_sa_bq_job_user",
            "module.iam.google_project_iam_member.cloudbuild_sa_builds_editor",
            "module.iam.google_project_iam_member.cloudbuild_sa_dataform_editor",
            "module.iam.google_project_iam_member.cloudbuild_sa_secret_accessor",
            "module.iam.google_project_iam_member.cloudbuild_sa_storage_admin",
            "module.iam.google_project_iam_member.data_analyst_bq_job_user",
            "module.iam.google_project_iam_member.data_analyst_bq_viewer",
            "module.iam.google_project_iam_member.data_engineer_bq_editor",
            "module.iam.google_project_iam_member.data_engineer_bq_job_user",
            "module.iam.google_project_iam_member.data_engineer_dataform_editor",
            "module.iam.google_project_iam_member.data_engineer_storage_object_viewer",
            "module.iam.google_project_iam_member.dataform_sa_bq_editor",
            "module.iam.google_project_iam_member.dataform_sa_bq_job_user",
            "module.iam.google_project_iam_member.dataplex_sa_bq_data_viewer",
            "module.iam.google_project_iam_member.dataplex_sa_bq_job_user",
            "module.iam.google_project_iam_member.dataplex_sa_dataplex_editor",
            "module.iam.google_project_iam_member.eventarc_sa_event_receiver",
            "module.iam.google_project_iam_member.eventarc_sa_workflows_invoker",
            "module.iam.google_project_iam_member.governance_bq_metadata_viewer",
            "module.iam.google_project_iam_member.governance_catalog_tag_editor",
            "module.iam.google_project_iam_member.scheduler_sa_workflows_invoker",
            "module.iam.google_project_iam_member.workflows_sa_bq_job_user",
            "module.iam.google_project_iam_member.workflows_sa_dataform_editor",
            "module.iam.google_project_iam_member.workflows_sa_log_writer",
            "module.iam.google_service_account.ai_developer",
            "module.iam.google_service_account.cloudbuild",
            "module.iam.google_service_account.data_analyst",
            "module.iam.google_service_account.data_engineer",
            "module.iam.google_service_account.dataform",
            "module.iam.google_service_account.dataplex",
            "module.iam.google_service_account.eventarc",
            "module.iam.google_service_account.governance",
            "module.iam.google_service_account.scheduler",
            "module.iam.google_service_account.workflows",
            "module.project_services.google_project_service.apis"
          ]
        }
      ]
    },
    {
      "module": "module.eventarc",
      "mode": "managed",
      "type": "google_eventarc_trigger",
      "name": "delta_ingest",
      "provider": "provider[\"registry.terraform.io/hashicorp/google\"]",
      "instances": [
        {
          "schema_version": 0,
          "attributes": {
            "channel": "",
            "conditions": {},
            "create_time": "2026-03-24T00:18:15.610195339Z",
            "destination": [
              {
                "cloud_function": "",
                "cloud_run_service": [],
                "gke": [],
                "http_endpoint": [],
                "network_config": [],
                "workflow": "projects/vishal-sandpit-474523/locations/australia-southeast1/workflows/delta-ingest-workflow"
              }
            ],
            "effective_labels": {
              "workload": "delta-pipeline"
            },
            "etag": "",
            "event_data_content_type": "application/json",
            "id": "projects/vishal-sandpit-474523/locations/australia-southeast1/triggers/delta-ingest-trigger",
            "labels": {
              "workload": "delta-pipeline"
            },
            "location": "australia-southeast1",
            "matching_criteria": [
              {
                "attribute": "bucket",
                "operator": "",
                "value": "vishal-sandpit-474523-delta-staging"
              },
              {
                "attribute": "type",
                "operator": "",
                "value": "google.cloud.storage.object.v1.finalized"
              }
            ],
            "name": "delta-ingest-trigger",
            "project": "vishal-sandpit-474523",
            "service_account": "eventarc-sa@vishal-sandpit-474523.iam.gserviceaccount.com",
            "terraform_labels": {
              "workload": "delta-pipeline"
            },
            "timeouts": null,
            "transport": [
              {
                "pubsub": [
                  {
                    "subscription": "projects/vishal-sandpit-474523/subscriptions/eventarc-australia-southeast1-delta-ingest-trigger-sub-829",
                    "topic": "projects/vishal-sandpit-474523/topics/eventarc-australia-southeast1-delta-ingest-trigger-045"
                  }
                ]
              }
            ],
            "uid": "fac886e1-972e-4916-a82d-1f91e3addba7",
            "update_time": "2026-03-24T00:18:34.850889923Z"
          },
          "sensitive_attributes": [],
          "private": "eyJlMmJmYjczMC1lY2FhLTExZTYtOGY4OC0zNDM2M2JjN2M0YzAiOnsiY3JlYXRlIjoxMjAwMDAwMDAwMDAwLCJkZWxldGUiOjEyMDAwMDAwMDAwMDAsInVwZGF0ZSI6MTIwMDAwMDAwMDAwMH19",
          "dependencies": [
            "module.cloud_workflows.google_workflows_workflow.daily_refresh",
            "module.cloud_workflows.google_workflows_workflow.delta_ingest",
            "module.iam.google_project_iam_member.ai_developer_aiplatform_user",
            "module.iam.google_project_iam_member.ai_developer_bq_editor",
            "module.iam.google_project_iam_member.ai_developer_bq_job_user",
            "module.iam.google_project_iam_member.cloudbuild_sa_bq_job_user",
            "module.iam.google_project_iam_member.cloudbuild_sa_builds_editor",
            "module.iam.google_project_iam_member.cloudbuild_sa_dataform_editor",
            "module.iam.google_project_iam_member.cloudbuild_sa_secret_accessor",
            "module.iam.google_project_iam_member.cloudbuild_sa_storage_admin",
            "module.iam.google_project_iam_member.data_analyst_bq_job_user",
            "module.iam.google_project_iam_member.data_analyst_bq_viewer",
            "module.iam.google_project_iam_member.data_engineer_bq_editor",
            "module.iam.google_project_iam_member.data_engineer_bq_job_user",
            "module.iam.google_project_iam_member.data_engineer_dataform_editor",
            "module.iam.google_project_iam_member.data_engineer_storage_object_viewer",
            "module.iam.google_project_iam_member.dataform_sa_bq_editor",
            "module.iam.google_project_iam_member.dataform_sa_bq_job_user",
            "module.iam.google_project_iam_member.dataplex_sa_bq_data_viewer",
            "module.iam.google_project_iam_member.dataplex_sa_bq_job_user",
            "module.iam.google_project_iam_member.dataplex_sa_dataplex_editor",
            "module.iam.google_project_iam_member.eventarc_sa_event_receiver",
            "module.iam.google_project_iam_member.eventarc_sa_workflows_invoker",
            "module.iam.google_project_iam_member.governance_bq_metadata_viewer",
            "module.iam.google_project_iam_member.governance_catalog_tag_editor",
            "module.iam.google_project_iam_member.scheduler_sa_workflows_invoker",
            "module.iam.google_project_iam_member.workflows_sa_bq_job_user",
            "module.iam.google_project_iam_member.workflows_sa_dataform_editor",
            "module.iam.google_project_iam_member.workflows_sa_log_writer",
            "module.iam.google_service_account.ai_developer",
            "module.iam.google_service_account.cloudbuild",
            "module.iam.google_service_account.data_analyst",
            "module.iam.google_service_account.data_engineer",
            "module.iam.google_service_account.dataform",
            "module.iam.google_service_account.dataplex",
            "module.iam.google_service_account.eventarc",
            "module.iam.google_service_account.governance",
            "module.iam.google_service_account.scheduler",
            "module.iam.google_service_account.workflows",
            "module.project_services.google_project_service.apis",
            "module.pubsub.data.google_storage_project_service_account.gcs_sa",
            "module.pubsub.google_project_iam_member.gcs_pubsub_publisher",
            "module.pubsub.google_pubsub_topic.delta_ingest",
            "module.pubsub.google_pubsub_topic_iam_member.gcs_publisher",
            "module.pubsub.google_storage_notification.delta_ingest",
            "module.storage.google_storage_bucket.delta_staging"
          ]
        }
      ]
    },
    {
      "module": "module.iam",
      "mode": "managed",
      "type": "google_project_iam_member",
      "name": "ai_developer_aiplatform_user",
      "provider": "provider[\"registry.terraform.io/hashicorp/google\"]",
      "instances": [
        {
          "schema_version": 0,
          "attributes": {
            "condition": [],
            "etag": "BwZNulcgsmI=",
            "id": "vishal-sandpit-474523/roles/aiplatform.user/serviceAccount:ai-developer@vishal-sandpit-474523.iam.gserviceaccount.com",
            "member": "serviceAccount:ai-developer@vishal-sandpit-474523.iam.gserviceaccount.com",
            "project": "vishal-sandpit-474523",
            "role": "roles/aiplatform.user"
          },
          "sensitive_attributes": [],
          "private": "bnVsbA==",
          "dependencies": [
            "module.iam.google_service_account.ai_developer",
            "module.project_services.google_project_service.apis"
          ]
        }
      ]
    },
    {
      "module": "module.iam",
      "mode": "managed",
      "type": "google_project_iam_member",
      "name": "ai_developer_bq_editor",
      "provider": "provider[\"registry.terraform.io/hashicorp/google\"]",
      "instances": [
        {
          "schema_version": 0,
          "attributes": {
            "condition": [],
            "etag": "BwZNulcgsmI=",
            "id": "vishal-sandpit-474523/roles/bigquery.dataEditor/serviceAccount:ai-developer@vishal-sandpit-474523.iam.gserviceaccount.com",
            "member": "serviceAccount:ai-developer@vishal-sandpit-474523.iam.gserviceaccount.com",
            "project": "vishal-sandpit-474523",
            "role": "roles/bigquery.dataEditor"
          },
          "sensitive_attributes": [],
          "private": "bnVsbA==",
          "dependencies": [
            "module.iam.google_service_account.ai_developer",
            "module.project_services.google_project_service.apis"
          ]
        }
      ]
    },
    {
      "module": "module.iam",
      "mode": "managed",
      "type": "google_project_iam_member",
      "name": "ai_developer_bq_job_user",
      "provider": "provider[\"registry.terraform.io/hashicorp/google\"]",
      "instances": [
        {
          "schema_version": 0,
          "attributes": {
            "condition": [],
            "etag": "BwZNulcgsmI=",
            "id": "vishal-sandpit-474523/roles/bigquery.jobUser/serviceAccount:ai-developer@vishal-sandpit-474523.iam.gserviceaccount.com",
            "member": "serviceAccount:ai-developer@vishal-sandpit-474523.iam.gserviceaccount.com",
            "project": "vishal-sandpit-474523",
            "role": "roles/bigquery.jobUser"
          },
          "sensitive_attributes": [],
          "private": "bnVsbA==",
          "dependencies": [
            "module.iam.google_service_account.ai_developer",
            "module.project_services.google_project_service.apis"
          ]
        }
      ]
    },
    {
      "module": "module.iam",
      "mode": "managed",
      "type": "google_project_iam_member",
      "name": "ai_developer_cloudaicompanion",
      "provider": "provider[\"registry.terraform.io/hashicorp/google\"]",
      "instances": [
        {
          "schema_version": 0,
          "attributes": {
            "condition": [],
            "etag": "BwZNvMgJHlU=",
            "id": "vishal-sandpit-474523/roles/cloudaicompanion.user/serviceAccount:ai-developer@vishal-sandpit-474523.iam.gserviceaccount.com",
            "member": "serviceAccount:ai-developer@vishal-sandpit-474523.iam.gserviceaccount.com",
            "project": "vishal-sandpit-474523",
            "role": "roles/cloudaicompanion.user"
          },
          "sensitive_attributes": [],
          "private": "bnVsbA==",
          "dependencies": [
            "module.iam.google_service_account.ai_developer",
            "module.project_services.google_project_service.apis"
          ]
        }
      ]
    },
    {
      "module": "module.iam",
      "mode": "managed",
      "type": "google_project_iam_member",
      "name": "all_users_cloudaicompanion",
      "provider": "provider[\"registry.terraform.io/hashicorp/google\"]",
      "instances": [
        {
          "schema_version": 0,
          "attributes": {
            "condition": [],
            "etag": "BwZNvMgJHlU=",
            "id": "vishal-sandpit-474523/roles/cloudaicompanion.user/domain:intelia.com.au",
            "member": "domain:intelia.com.au",
            "project": "vishal-sandpit-474523",
            "role": "roles/cloudaicompanion.user"
          },
          "sensitive_attributes": [],
          "private": "bnVsbA==",
          "dependencies": [
            "module.project_services.google_project_service.apis"
          ]
        }
      ]
    },
    {
      "module": "module.iam",
      "mode": "managed",
      "type": "google_project_iam_member",
      "name": "cloudbuild_sa_bq_job_user",
      "provider": "provider[\"registry.terraform.io/hashicorp/google\"]",
      "instances": [
        {
          "schema_version": 0,
          "attributes": {
            "condition": [],
            "etag": "BwZNulcgsmI=",
            "id": "vishal-sandpit-474523/roles/bigquery.jobUser/serviceAccount:cloudbuild-sa@vishal-sandpit-474523.iam.gserviceaccount.com",
            "member": "serviceAccount:cloudbuild-sa@vishal-sandpit-474523.iam.gserviceaccount.com",
            "project": "vishal-sandpit-474523",
            "role": "roles/bigquery.jobUser"
          },
          "sensitive_attributes": [],
          "private": "bnVsbA==",
          "dependencies": [
            "module.iam.google_service_account.cloudbuild",
            "module.project_services.google_project_service.apis"
          ]
        }
      ]
    },
    {
      "module": "module.iam",
      "mode": "managed",
      "type": "google_project_iam_member",
      "name": "cloudbuild_sa_builds_editor",
      "provider": "provider[\"registry.terraform.io/hashicorp/google\"]",
      "instances": [
        {
          "schema_version": 0,
          "attributes": {
            "condition": [],
            "etag": "BwZNulcgsmI=",
            "id": "vishal-sandpit-474523/roles/cloudbuild.builds.editor/serviceAccount:cloudbuild-sa@vishal-sandpit-474523.iam.gserviceaccount.com",
            "member": "serviceAccount:cloudbuild-sa@vishal-sandpit-474523.iam.gserviceaccount.com",
            "project": "vishal-sandpit-474523",
            "role": "roles/cloudbuild.builds.editor"
          },
          "sensitive_attributes": [],
          "private": "bnVsbA==",
          "dependencies": [
            "module.iam.google_service_account.cloudbuild",
            "module.project_services.google_project_service.apis"
          ]
        }
      ]
    },
    {
      "module": "module.iam",
      "mode": "managed",
      "type": "google_project_iam_member",
      "name": "cloudbuild_sa_dataform_editor",
      "provider": "provider[\"registry.terraform.io/hashicorp/google\"]",
      "instances": [
        {
          "schema_version": 0,
          "attributes": {
            "condition": [],
            "etag": "BwZNulcgsmI=",
            "id": "vishal-sandpit-474523/roles/dataform.editor/serviceAccount:cloudbuild-sa@vishal-sandpit-474523.iam.gserviceaccount.com",
            "member": "serviceAccount:cloudbuild-sa@vishal-sandpit-474523.iam.gserviceaccount.com",
            "project": "vishal-sandpit-474523",
            "role": "roles/dataform.editor"
          },
          "sensitive_attributes": [],
          "private": "bnVsbA==",
          "dependencies": [
            "module.iam.google_service_account.cloudbuild",
            "module.project_services.google_project_service.apis"
          ]
        }
      ]
    },
    {
      "module": "module.iam",
      "mode": "managed",
      "type": "google_project_iam_member",
      "name": "cloudbuild_sa_secret_accessor",
      "provider": "provider[\"registry.terraform.io/hashicorp/google\"]",
      "instances": [
        {
          "schema_version": 0,
          "attributes": {
            "condition": [],
            "etag": "BwZNulcgsmI=",
            "id": "vishal-sandpit-474523/roles/secretmanager.secretAccessor/serviceAccount:cloudbuild-sa@vishal-sandpit-474523.iam.gserviceaccount.com",
            "member": "serviceAccount:cloudbuild-sa@vishal-sandpit-474523.iam.gserviceaccount.com",
            "project": "vishal-sandpit-474523",
            "role": "roles/secretmanager.secretAccessor"
          },
          "sensitive_attributes": [],
          "private": "bnVsbA==",
          "dependencies": [
            "module.iam.google_service_account.cloudbuild",
            "module.project_services.google_project_service.apis"
          ]
        }
      ]
    },
    {
      "module": "module.iam",
      "mode": "managed",
      "type": "google_project_iam_member",
      "name": "cloudbuild_sa_storage_admin",
      "provider": "provider[\"registry.terraform.io/hashicorp/google\"]",
      "instances": [
        {
          "schema_version": 0,
          "attributes": {
            "condition": [],
            "etag": "BwZNulcgsmI=",
            "id": "vishal-sandpit-474523/roles/storage.objectAdmin/serviceAccount:cloudbuild-sa@vishal-sandpit-474523.iam.gserviceaccount.com",
            "member": "serviceAccount:cloudbuild-sa@vishal-sandpit-474523.iam.gserviceaccount.com",
            "project": "vishal-sandpit-474523",
            "role": "roles/storage.objectAdmin"
          },
          "sensitive_attributes": [],
          "private": "bnVsbA==",
          "dependencies": [
            "module.iam.google_service_account.cloudbuild",
            "module.project_services.google_project_service.apis"
          ]
        }
      ]
    },
    {
      "module": "module.iam",
      "mode": "managed",
      "type": "google_project_iam_member",
      "name": "data_analyst_bq_job_user",
      "provider": "provider[\"registry.terraform.io/hashicorp/google\"]",
      "instances": [
        {
          "schema_version": 0,
          "attributes": {
            "condition": [],
            "etag": "BwZNulcgsmI=",
            "id": "vishal-sandpit-474523/roles/bigquery.jobUser/serviceAccount:data-analyst@vishal-sandpit-474523.iam.gserviceaccount.com",
            "member": "serviceAccount:data-analyst@vishal-sandpit-474523.iam.gserviceaccount.com",
            "project": "vishal-sandpit-474523",
            "role": "roles/bigquery.jobUser"
          },
          "sensitive_attributes": [],
          "private": "bnVsbA==",
          "dependencies": [
            "module.iam.google_service_account.data_analyst",
            "module.project_services.google_project_service.apis"
          ]
        }
      ]
    },
    {
      "module": "module.iam",
      "mode": "managed",
      "type": "google_project_iam_member",
      "name": "data_analyst_bq_viewer",
      "provider": "provider[\"registry.terraform.io/hashicorp/google\"]",
      "instances": [
        {
          "schema_version": 0,
          "attributes": {
            "condition": [],
            "etag": "BwZNulcgsmI=",
            "id": "vishal-sandpit-474523/roles/bigquery.dataViewer/serviceAccount:data-analyst@vishal-sandpit-474523.iam.gserviceaccount.com",
            "member": "serviceAccount:data-analyst@vishal-sandpit-474523.iam.gserviceaccount.com",
            "project": "vishal-sandpit-474523",
            "role": "roles/bigquery.dataViewer"
          },
          "sensitive_attributes": [],
          "private": "bnVsbA==",
          "dependencies": [
            "module.iam.google_service_account.data_analyst",
            "module.project_services.google_project_service.apis"
          ]
        }
      ]
    },
    {
      "module": "module.iam",
      "mode": "managed",
      "type": "google_project_iam_member",
      "name": "data_engineer_bq_editor",
      "provider": "provider[\"registry.terraform.io/hashicorp/google\"]",
      "instances": [
        {
          "schema_version": 0,
          "attributes": {
            "condition": [],
            "etag": "BwZNulcgsmI=",
            "id": "vishal-sandpit-474523/roles/bigquery.dataEditor/serviceAccount:data-engineer@vishal-sandpit-474523.iam.gserviceaccount.com",
            "member": "serviceAccount:data-engineer@vishal-sandpit-474523.iam.gserviceaccount.com",
            "project": "vishal-sandpit-474523",
            "role": "roles/bigquery.dataEditor"
          },
          "sensitive_attributes": [],
          "private": "bnVsbA==",
          "dependencies": [
            "module.iam.google_service_account.data_engineer",
            "module.project_services.google_project_service.apis"
          ]
        }
      ]
    },
    {
      "module": "module.iam",
      "mode": "managed",
      "type": "google_project_iam_member",
      "name": "data_engineer_bq_job_user",
      "provider": "provider[\"registry.terraform.io/hashicorp/google\"]",
      "instances": [
        {
          "schema_version": 0,
          "attributes": {
            "condition": [],
            "etag": "BwZNulcgsmI=",
            "id": "vishal-sandpit-474523/roles/bigquery.jobUser/serviceAccount:data-engineer@vishal-sandpit-474523.iam.gserviceaccount.com",
            "member": "serviceAccount:data-engineer@vishal-sandpit-474523.iam.gserviceaccount.com",
            "project": "vishal-sandpit-474523",
            "role": "roles/bigquery.jobUser"
          },
          "sensitive_attributes": [],
          "private": "bnVsbA==",
          "dependencies": [
            "module.iam.google_service_account.data_engineer",
            "module.project_services.google_project_service.apis"
          ]
        }
      ]
    },
    {
      "module": "module.iam",
      "mode": "managed",
      "type": "google_project_iam_member",
      "name": "data_engineer_dataform_editor",
      "provider": "provider[\"registry.terraform.io/hashicorp/google\"]",
      "instances": [
        {
          "schema_version": 0,
          "attributes": {
            "condition": [],
            "etag": "BwZNulcgsmI=",
            "id": "vishal-sandpit-474523/roles/dataform.editor/serviceAccount:data-engineer@vishal-sandpit-474523.iam.gserviceaccount.com",
            "member": "serviceAccount:data-engineer@vishal-sandpit-474523.iam.gserviceaccount.com",
            "project": "vishal-sandpit-474523",
            "role": "roles/dataform.editor"
          },
          "sensitive_attributes": [],
          "private": "bnVsbA==",
          "dependencies": [
            "module.iam.google_service_account.data_engineer",
            "module.project_services.google_project_service.apis"
          ]
        }
      ]
    },
    {
      "module": "module.iam",
      "mode": "managed",
      "type": "google_project_iam_member",
      "name": "data_engineer_storage_object_viewer",
      "provider": "provider[\"registry.terraform.io/hashicorp/google\"]",
      "instances": [
        {
          "schema_version": 0,
          "attributes": {
            "condition": [],
            "etag": "BwZNulcgsmI=",
            "id": "vishal-sandpit-474523/roles/storage.objectViewer/serviceAccount:data-engineer@vishal-sandpit-474523.iam.gserviceaccount.com",
            "member": "serviceAccount:data-engineer@vishal-sandpit-474523.iam.gserviceaccount.com",
            "project": "vishal-sandpit-474523",
            "role": "roles/storage.objectViewer"
          },
          "sensitive_attributes": [],
          "private": "bnVsbA==",
          "dependencies": [
            "module.iam.google_service_account.data_engineer",
            "module.project_services.google_project_service.apis"
          ]
        }
      ]
    },
    {
      "module": "module.iam",
      "mode": "managed",
      "type": "google_project_iam_member",
      "name": "dataform_sa_bq_editor",
      "provider": "provider[\"registry.terraform.io/hashicorp/google\"]",
      "instances": [
        {
          "schema_version": 0,
          "attributes": {
            "condition": [],
            "etag": "BwZNulcgsmI=",
            "id": "vishal-sandpit-474523/roles/bigquery.dataEditor/serviceAccount:dataform-sa@vishal-sandpit-474523.iam.gserviceaccount.com",
            "member": "serviceAccount:dataform-sa@vishal-sandpit-474523.iam.gserviceaccount.com",
            "project": "vishal-sandpit-474523",
            "role": "roles/bigquery.dataEditor"
          },
          "sensitive_attributes": [],
          "private": "bnVsbA==",
          "dependencies": [
            "module.iam.google_service_account.dataform",
            "module.project_services.google_project_service.apis"
          ]
        }
      ]
    },
    {
      "module": "module.iam",
      "mode": "managed",
      "type": "google_project_iam_member",
      "name": "dataform_sa_bq_job_user",
      "provider": "provider[\"registry.terraform.io/hashicorp/google\"]",
      "instances": [
        {
          "schema_version": 0,
          "attributes": {
            "condition": [],
            "etag": "BwZNulcgsmI=",
            "id": "vishal-sandpit-474523/roles/bigquery.jobUser/serviceAccount:dataform-sa@vishal-sandpit-474523.iam.gserviceaccount.com",
            "member": "serviceAccount:dataform-sa@vishal-sandpit-474523.iam.gserviceaccount.com",
            "project": "vishal-sandpit-474523",
            "role": "roles/bigquery.jobUser"
          },
          "sensitive_attributes": [],
          "private": "bnVsbA==",
          "dependencies": [
            "module.iam.google_service_account.dataform",
            "module.project_services.google_project_service.apis"
          ]
        }
      ]
    },
    {
      "module": "module.iam",
      "mode": "managed",
      "type": "google_project_iam_member",
      "name": "dataplex_sa_bq_data_viewer",
      "provider": "provider[\"registry.terraform.io/hashicorp/google\"]",
      "instances": [
        {
          "schema_version": 0,
          "attributes": {
            "condition": [],
            "etag": "BwZNulcgsmI=",
            "id": "vishal-sandpit-474523/roles/bigquery.dataViewer/serviceAccount:dataplex-sa@vishal-sandpit-474523.iam.gserviceaccount.com",
            "member": "serviceAccount:dataplex-sa@vishal-sandpit-474523.iam.gserviceaccount.com",
            "project": "vishal-sandpit-474523",
            "role": "roles/bigquery.dataViewer"
          },
          "sensitive_attributes": [],
          "private": "bnVsbA==",
          "dependencies": [
            "module.iam.google_service_account.dataplex",
            "module.project_services.google_project_service.apis"
          ]
        }
      ]
    },
    {
      "module": "module.iam",
      "mode": "managed",
      "type": "google_project_iam_member",
      "name": "dataplex_sa_bq_job_user",
      "provider": "provider[\"registry.terraform.io/hashicorp/google\"]",
      "instances": [
        {
          "schema_version": 0,
          "attributes": {
            "condition": [],
            "etag": "BwZNulcgsmI=",
            "id": "vishal-sandpit-474523/roles/bigquery.jobUser/serviceAccount:dataplex-sa@vishal-sandpit-474523.iam.gserviceaccount.com",
            "member": "serviceAccount:dataplex-sa@vishal-sandpit-474523.iam.gserviceaccount.com",
            "project": "vishal-sandpit-474523",
            "role": "roles/bigquery.jobUser"
          },
          "sensitive_attributes": [],
          "private": "bnVsbA==",
          "dependencies": [
            "module.iam.google_service_account.dataplex",
            "module.project_services.google_project_service.apis"
          ]
        }
      ]
    },
    {
      "module": "module.iam",
      "mode": "managed",
      "type": "google_project_iam_member",
      "name": "dataplex_sa_dataplex_editor",
      "provider": "provider[\"registry.terraform.io/hashicorp/google\"]",
      "instances": [
        {
          "schema_version": 0,
          "attributes": {
            "condition": [],
            "etag": "BwZNulcgsmI=",
            "id": "vishal-sandpit-474523/roles/dataplex.editor/serviceAccount:dataplex-sa@vishal-sandpit-474523.iam.gserviceaccount.com",
            "member": "serviceAccount:dataplex-sa@vishal-sandpit-474523.iam.gserviceaccount.com",
            "project": "vishal-sandpit-474523",
            "role": "roles/dataplex.editor"
          },
          "sensitive_attributes": [],
          "private": "bnVsbA==",
          "dependencies": [
            "module.iam.google_service_account.dataplex",
            "module.project_services.google_project_service.apis"
          ]
        }
      ]
    },
    {
      "module": "module.iam",
      "mode": "managed",
      "type": "google_project_iam_member",
      "name": "eventarc_sa_event_receiver",
      "provider": "provider[\"registry.terraform.io/hashicorp/google\"]",
      "instances": [
        {
          "schema_version": 0,
          "attributes": {
            "condition": [],
            "etag": "BwZNulcgsmI=",
            "id": "vishal-sandpit-474523/roles/eventarc.eventReceiver/serviceAccount:eventarc-sa@vishal-sandpit-474523.iam.gserviceaccount.com",
            "member": "serviceAccount:eventarc-sa@vishal-sandpit-474523.iam.gserviceaccount.com",
            "project": "vishal-sandpit-474523",
            "role": "roles/eventarc.eventReceiver"
          },
          "sensitive_attributes": [],
          "private": "bnVsbA==",
          "dependencies": [
            "module.iam.google_service_account.eventarc",
            "module.project_services.google_project_service.apis"
          ]
        }
      ]
    },
    {
      "module": "module.iam",
      "mode": "managed",
      "type": "google_project_iam_member",
      "name": "eventarc_sa_workflows_invoker",
      "provider": "provider[\"registry.terraform.io/hashicorp/google\"]",
      "instances": [
        {
          "schema_version": 0,
          "attributes": {
            "condition": [],
            "etag": "BwZNulcgsmI=",
            "id": "vishal-sandpit-474523/roles/workflows.invoker/serviceAccount:eventarc-sa@vishal-sandpit-474523.iam.gserviceaccount.com",
            "member": "serviceAccount:eventarc-sa@vishal-sandpit-474523.iam.gserviceaccount.com",
            "project": "vishal-sandpit-474523",
            "role": "roles/workflows.invoker"
          },
          "sensitive_attributes": [],
          "private": "bnVsbA==",
          "dependencies": [
            "module.iam.google_service_account.eventarc",
            "module.project_services.google_project_service.apis"
          ]
        }
      ]
    },
    {
      "module": "module.iam",
      "mode": "managed",
      "type": "google_project_iam_member",
      "name": "governance_bq_metadata_viewer",
      "provider": "provider[\"registry.terraform.io/hashicorp/google\"]",
      "instances": [
        {
          "schema_version": 0,
          "attributes": {
            "condition": [],
            "etag": "BwZNulcgsmI=",
            "id": "vishal-sandpit-474523/roles/bigquery.metadataViewer/serviceAccount:governance@vishal-sandpit-474523.iam.gserviceaccount.com",
            "member": "serviceAccount:governance@vishal-sandpit-474523.iam.gserviceaccount.com",
            "project": "vishal-sandpit-474523",
            "role": "roles/bigquery.metadataViewer"
          },
          "sensitive_attributes": [],
          "private": "bnVsbA==",
          "dependencies": [
            "module.iam.google_service_account.governance",
            "module.project_services.google_project_service.apis"
          ]
        }
      ]
    },
    {
      "module": "module.iam",
      "mode": "managed",
      "type": "google_project_iam_member",
      "name": "governance_catalog_tag_editor",
      "provider": "provider[\"registry.terraform.io/hashicorp/google\"]",
      "instances": [
        {
          "schema_version": 0,
          "attributes": {
            "condition": [],
            "etag": "BwZNulcgsmI=",
            "id": "vishal-sandpit-474523/roles/datacatalog.tagEditor/serviceAccount:governance@vishal-sandpit-474523.iam.gserviceaccount.com",
            "member": "serviceAccount:governance@vishal-sandpit-474523.iam.gserviceaccount.com",
            "project": "vishal-sandpit-474523",
            "role": "roles/datacatalog.tagEditor"
          },
          "sensitive_attributes": [],
          "private": "bnVsbA==",
          "dependencies": [
            "module.iam.google_service_account.governance",
            "module.project_services.google_project_service.apis"
          ]
        }
      ]
    },
    {
      "module": "module.iam",
      "mode": "managed",
      "type": "google_project_iam_member",
      "name": "scheduler_sa_workflows_invoker",
      "provider": "provider[\"registry.terraform.io/hashicorp/google\"]",
      "instances": [
        {
          "schema_version": 0,
          "attributes": {
            "condition": [],
            "etag": "BwZNulcgsmI=",
            "id": "vishal-sandpit-474523/roles/workflows.invoker/serviceAccount:scheduler-sa@vishal-sandpit-474523.iam.gserviceaccount.com",
            "member": "serviceAccount:scheduler-sa@vishal-sandpit-474523.iam.gserviceaccount.com",
            "project": "vishal-sandpit-474523",
            "role": "roles/workflows.invoker"
          },
          "sensitive_attributes": [],
          "private": "bnVsbA==",
          "dependencies": [
            "module.iam.google_service_account.scheduler",
            "module.project_services.google_project_service.apis"
          ]
        }
      ]
    },
    {
      "module": "module.iam",
      "mode": "managed",
      "type": "google_project_iam_member",
      "name": "workflows_sa_bq_job_user",
      "provider": "provider[\"registry.terraform.io/hashicorp/google\"]",
      "instances": [
        {
          "schema_version": 0,
          "attributes": {
            "condition": [],
            "etag": "BwZNulcgsmI=",
            "id": "vishal-sandpit-474523/roles/bigquery.jobUser/serviceAccount:workflows-sa@vishal-sandpit-474523.iam.gserviceaccount.com",
            "member": "serviceAccount:workflows-sa@vishal-sandpit-474523.iam.gserviceaccount.com",
            "project": "vishal-sandpit-474523",
            "role": "roles/bigquery.jobUser"
          },
          "sensitive_attributes": [],
          "private": "bnVsbA==",
          "dependencies": [
            "module.iam.google_service_account.workflows",
            "module.project_services.google_project_service.apis"
          ]
        }
      ]
    },
    {
      "module": "module.iam",
      "mode": "managed",
      "type": "google_project_iam_member",
      "name": "workflows_sa_dataform_editor",
      "provider": "provider[\"registry.terraform.io/hashicorp/google\"]",
      "instances": [
        {
          "schema_version": 0,
          "attributes": {
            "condition": [],
            "etag": "BwZNulcgsmI=",
            "id": "vishal-sandpit-474523/roles/dataform.editor/serviceAccount:workflows-sa@vishal-sandpit-474523.iam.gserviceaccount.com",
            "member": "serviceAccount:workflows-sa@vishal-sandpit-474523.iam.gserviceaccount.com",
            "project": "vishal-sandpit-474523",
            "role": "roles/dataform.editor"
          },
          "sensitive_attributes": [],
          "private": "bnVsbA==",
          "dependencies": [
            "module.iam.google_service_account.workflows",
            "module.project_services.google_project_service.apis"
          ]
        }
      ]
    },
    {
      "module": "module.iam",
      "mode": "managed",
      "type": "google_project_iam_member",
      "name": "workflows_sa_log_writer",
      "provider": "provider[\"registry.terraform.io/hashicorp/google\"]",
      "instances": [
        {
          "schema_version": 0,
          "attributes": {
            "condition": [],
            "etag": "BwZNulcgsmI=",
            "id": "vishal-sandpit-474523/roles/logging.logWriter/serviceAccount:workflows-sa@vishal-sandpit-474523.iam.gserviceaccount.com",
            "member": "serviceAccount:workflows-sa@vishal-sandpit-474523.iam.gserviceaccount.com",
            "project": "vishal-sandpit-474523",
            "role": "roles/logging.logWriter"
          },
          "sensitive_attributes": [],
          "private": "bnVsbA==",
          "dependencies": [
            "module.iam.google_service_account.workflows",
            "module.project_services.google_project_service.apis"
          ]
        }
      ]
    },
    {
      "module": "module.iam",
      "mode": "managed",
      "type": "google_service_account",
      "name": "ai_developer",
      "provider": "provider[\"registry.terraform.io/hashicorp/google\"]",
      "instances": [
        {
          "schema_version": 0,
          "attributes": {
            "account_id": "ai-developer",
            "create_ignore_already_exists": null,
            "description": "BigQuery data editor and Vertex AI user for ML/AI development.",
            "disabled": false,
            "display_name": "AI Developer Service Account",
            "email": "ai-developer@vishal-sandpit-474523.iam.gserviceaccount.com",
            "id": "projects/vishal-sandpit-474523/serviceAccounts/ai-developer@vishal-sandpit-474523.iam.gserviceaccount.com",
            "member": "serviceAccount:ai-developer@vishal-sandpit-474523.iam.gserviceaccount.com",
            "name": "projects/vishal-sandpit-474523/serviceAccounts/ai-developer@vishal-sandpit-474523.iam.gserviceaccount.com",
            "project": "vishal-sandpit-474523",
            "timeouts": null,
            "unique_id": "112962094343090645023"
          },
          "sensitive_attributes": [],
          "private": "eyJlMmJmYjczMC1lY2FhLTExZTYtOGY4OC0zNDM2M2JjN2M0YzAiOnsiY3JlYXRlIjozMDAwMDAwMDAwMDB9fQ==",
          "dependencies": [
            "module.project_services.google_project_service.apis"
          ]
        }
      ]
    },
    {
      "module": "module.iam",
      "mode": "managed",
      "type": "google_service_account",
      "name": "cloudbuild",
      "provider": "provider[\"registry.terraform.io/hashicorp/google\"]",
      "instances": [
        {
          "schema_version": 0,
          "attributes": {
            "account_id": "cloudbuild-sa",
            "create_ignore_already_exists": null,
            "description": "CI/CD SA — validates and deploys Terraform and Dataform on GitHub push events.",
            "disabled": false,
            "display_name": "Cloud Build Service Account",
            "email": "cloudbuild-sa@vishal-sandpit-474523.iam.gserviceaccount.com",
            "id": "projects/vishal-sandpit-474523/serviceAccounts/cloudbuild-sa@vishal-sandpit-474523.iam.gserviceaccount.com",
            "member": "serviceAccount:cloudbuild-sa@vishal-sandpit-474523.iam.gserviceaccount.com",
            "name": "projects/vishal-sandpit-474523/serviceAccounts/cloudbuild-sa@vishal-sandpit-474523.iam.gserviceaccount.com",
            "project": "vishal-sandpit-474523",
            "timeouts": null,
            "unique_id": "113490119736409750092"
          },
          "sensitive_attributes": [],
          "private": "eyJlMmJmYjczMC1lY2FhLTExZTYtOGY4OC0zNDM2M2JjN2M0YzAiOnsiY3JlYXRlIjozMDAwMDAwMDAwMDB9fQ==",
          "dependencies": [
            "module.project_services.google_project_service.apis"
          ]
        }
      ]
    },
    {
      "module": "module.iam",
      "mode": "managed",
      "type": "google_service_account",
      "name": "data_analyst",
      "provider": "provider[\"registry.terraform.io/hashicorp/google\"]",
      "instances": [
        {
          "schema_version": 0,
          "attributes": {
            "account_id": "data-analyst",
            "create_ignore_already_exists": null,
            "description": "Read-only access to BigQuery datasets for analytics workloads.",
            "disabled": false,
            "display_name": "Data Analyst Service Account",
            "email": "data-analyst@vishal-sandpit-474523.iam.gserviceaccount.com",
            "id": "projects/vishal-sandpit-474523/serviceAccounts/data-analyst@vishal-sandpit-474523.iam.gserviceaccount.com",
            "member": "serviceAccount:data-analyst@vishal-sandpit-474523.iam.gserviceaccount.com",
            "name": "projects/vishal-sandpit-474523/serviceAccounts/data-analyst@vishal-sandpit-474523.iam.gserviceaccount.com",
            "project": "vishal-sandpit-474523",
            "timeouts": null,
            "unique_id": "105503583867520619451"
          },
          "sensitive_attributes": [],
          "private": "eyJlMmJmYjczMC1lY2FhLTExZTYtOGY4OC0zNDM2M2JjN2M0YzAiOnsiY3JlYXRlIjozMDAwMDAwMDAwMDB9fQ==",
          "dependencies": [
            "module.project_services.google_project_service.apis"
          ]
        }
      ]
    },
    {
      "module": "module.iam",
      "mode": "managed",
      "type": "google_service_account",
      "name": "data_engineer",
      "provider": "provider[\"registry.terraform.io/hashicorp/google\"]",
      "instances": [
        {
          "schema_version": 0,
          "attributes": {
            "account_id": "data-engineer",
            "create_ignore_already_exists": null,
            "description": "Dataform editor, BigQuery data editor, and GCS object viewer for pipeline development.",
            "disabled": false,
            "display_name": "Data Engineer Service Account",
            "email": "data-engineer@vishal-sandpit-474523.iam.gserviceaccount.com",
            "id": "projects/vishal-sandpit-474523/serviceAccounts/data-engineer@vishal-sandpit-474523.iam.gserviceaccount.com",
            "member": "serviceAccount:data-engineer@vishal-sandpit-474523.iam.gserviceaccount.com",
            "name": "projects/vishal-sandpit-474523/serviceAccounts/data-engineer@vishal-sandpit-474523.iam.gserviceaccount.com",
            "project": "vishal-sandpit-474523",
            "timeouts": null,
            "unique_id": "111991281205152483248"
          },
          "sensitive_attributes": [],
          "private": "eyJlMmJmYjczMC1lY2FhLTExZTYtOGY4OC0zNDM2M2JjN2M0YzAiOnsiY3JlYXRlIjozMDAwMDAwMDAwMDB9fQ==",
          "dependencies": [
            "module.project_services.google_project_service.apis"
          ]
        }
      ]
    },
    {
      "module": "module.iam",
      "mode": "managed",
      "type": "google_service_account",
      "name": "dataform",
      "provider": "provider[\"registry.terraform.io/hashicorp/google\"]",
      "instances": [
        {
          "schema_version": 0,
          "attributes": {
            "account_id": "dataform-sa",
            "create_ignore_already_exists": null,
            "description": "Service account used by Dataform repository to run BigQuery jobs.",
            "disabled": false,
            "display_name": "Dataform Service Account",
            "email": "dataform-sa@vishal-sandpit-474523.iam.gserviceaccount.com",
            "id": "projects/vishal-sandpit-474523/serviceAccounts/dataform-sa@vishal-sandpit-474523.iam.gserviceaccount.com",
            "member": "serviceAccount:dataform-sa@vishal-sandpit-474523.iam.gserviceaccount.com",
            "name": "projects/vishal-sandpit-474523/serviceAccounts/dataform-sa@vishal-sandpit-474523.iam.gserviceaccount.com",
            "project": "vishal-sandpit-474523",
            "timeouts": null,
            "unique_id": "113387545074136047370"
          },
          "sensitive_attributes": [],
          "private": "eyJlMmJmYjczMC1lY2FhLTExZTYtOGY4OC0zNDM2M2JjN2M0YzAiOnsiY3JlYXRlIjozMDAwMDAwMDAwMDB9fQ==",
          "dependencies": [
            "module.project_services.google_project_service.apis"
          ]
        }
      ]
    },
    {
      "module": "module.iam",
      "mode": "managed",
      "type": "google_service_account",
      "name": "dataplex",
      "provider": "provider[\"registry.terraform.io/hashicorp/google\"]",
      "instances": [
        {
          "schema_version": 0,
          "attributes": {
            "account_id": "dataplex-sa",
            "create_ignore_already_exists": null,
            "description": "Runs Dataplex data quality scans against BigQuery datasets.",
            "disabled": false,
            "display_name": "Dataplex Service Account",
            "email": "dataplex-sa@vishal-sandpit-474523.iam.gserviceaccount.com",
            "id": "projects/vishal-sandpit-474523/serviceAccounts/dataplex-sa@vishal-sandpit-474523.iam.gserviceaccount.com",
            "member": "serviceAccount:dataplex-sa@vishal-sandpit-474523.iam.gserviceaccount.com",
            "name": "projects/vishal-sandpit-474523/serviceAccounts/dataplex-sa@vishal-sandpit-474523.iam.gserviceaccount.com",
            "project": "vishal-sandpit-474523",
            "timeouts": null,
            "unique_id": "103607669174843923895"
          },
          "sensitive_attributes": [],
          "private": "eyJlMmJmYjczMC1lY2FhLTExZTYtOGY4OC0zNDM2M2JjN2M0YzAiOnsiY3JlYXRlIjozMDAwMDAwMDAwMDB9fQ==",
          "dependencies": [
            "module.project_services.google_project_service.apis"
          ]
        }
      ]
    },
    {
      "module": "module.iam",
      "mode": "managed",
      "type": "google_service_account",
      "name": "eventarc",
      "provider": "provider[\"registry.terraform.io/hashicorp/google\"]",
      "instances": [
        {
          "schema_version": 0,
          "attributes": {
            "account_id": "eventarc-sa",
            "create_ignore_already_exists": null,
            "description": "Receives GCS object.finalize events and invokes the delta-ingest Cloud Workflow.",
            "disabled": false,
            "display_name": "Eventarc Service Account",
            "email": "eventarc-sa@vishal-sandpit-474523.iam.gserviceaccount.com",
            "id": "projects/vishal-sandpit-474523/serviceAccounts/eventarc-sa@vishal-sandpit-474523.iam.gserviceaccount.com",
            "member": "serviceAccount:eventarc-sa@vishal-sandpit-474523.iam.gserviceaccount.com",
            "name": "projects/vishal-sandpit-474523/serviceAccounts/eventarc-sa@vishal-sandpit-474523.iam.gserviceaccount.com",
            "project": "vishal-sandpit-474523",
            "timeouts": null,
            "unique_id": "115215078736975632362"
          },
          "sensitive_attributes": [],
          "private": "eyJlMmJmYjczMC1lY2FhLTExZTYtOGY4OC0zNDM2M2JjN2M0YzAiOnsiY3JlYXRlIjozMDAwMDAwMDAwMDB9fQ==",
          "dependencies": [
            "module.project_services.google_project_service.apis"
          ]
        }
      ]
    },
    {
      "module": "module.iam",
      "mode": "managed",
      "type": "google_service_account",
      "name": "governance",
      "provider": "provider[\"registry.terraform.io/hashicorp/google\"]",
      "instances": [
        {
          "schema_version": 0,
          "attributes": {
            "account_id": "governance",
            "create_ignore_already_exists": null,
            "description": "Data Catalog tag editor and BigQuery metadata viewer for data governance.",
            "disabled": false,
            "display_name": "Governance Service Account",
            "email": "governance@vishal-sandpit-474523.iam.gserviceaccount.com",
            "id": "projects/vishal-sandpit-474523/serviceAccounts/governance@vishal-sandpit-474523.iam.gserviceaccount.com",
            "member": "serviceAccount:governance@vishal-sandpit-474523.iam.gserviceaccount.com",
            "name": "projects/vishal-sandpit-474523/serviceAccounts/governance@vishal-sandpit-474523.iam.gserviceaccount.com",
            "project": "vishal-sandpit-474523",
            "timeouts": null,
            "unique_id": "103250367581063035720"
          },
          "sensitive_attributes": [],
          "private": "eyJlMmJmYjczMC1lY2FhLTExZTYtOGY4OC0zNDM2M2JjN2M0YzAiOnsiY3JlYXRlIjozMDAwMDAwMDAwMDB9fQ==",
          "dependencies": [
            "module.project_services.google_project_service.apis"
          ]
        }
      ]
    },
    {
      "module": "module.iam",
      "mode": "managed",
      "type": "google_service_account",
      "name": "scheduler",
      "provider": "provider[\"registry.terraform.io/hashicorp/google\"]",
      "instances": [
        {
          "schema_version": 0,
          "attributes": {
            "account_id": "scheduler-sa",
            "create_ignore_already_exists": null,
            "description": "Invokes Cloud Workflows on a daily schedule for full-refresh runs.",
            "disabled": false,
            "display_name": "Cloud Scheduler Service Account",
            "email": "scheduler-sa@vishal-sandpit-474523.iam.gserviceaccount.com",
            "id": "projects/vishal-sandpit-474523/serviceAccounts/scheduler-sa@vishal-sandpit-474523.iam.gserviceaccount.com",
            "member": "serviceAccount:scheduler-sa@vishal-sandpit-474523.iam.gserviceaccount.com",
            "name": "projects/vishal-sandpit-474523/serviceAccounts/scheduler-sa@vishal-sandpit-474523.iam.gserviceaccount.com",
            "project": "vishal-sandpit-474523",
            "timeouts": null,
            "unique_id": "100755054855067261585"
          },
          "sensitive_attributes": [],
          "private": "eyJlMmJmYjczMC1lY2FhLTExZTYtOGY4OC0zNDM2M2JjN2M0YzAiOnsiY3JlYXRlIjozMDAwMDAwMDAwMDB9fQ==",
          "dependencies": [
            "module.project_services.google_project_service.apis"
          ]
        }
      ]
    },
    {
      "module": "module.iam",
      "mode": "managed",
      "type": "google_service_account",
      "name": "workflows",
      "provider": "provider[\"registry.terraform.io/hashicorp/google\"]",
      "instances": [
        {
          "schema_version": 0,
          "attributes": {
            "account_id": "workflows-sa",
            "create_ignore_already_exists": null,
            "description": "SA that Cloud Workflows runs as — calls Dataform API and BigQuery.",
            "disabled": false,
            "display_name": "Cloud Workflows Service Account",
            "email": "workflows-sa@vishal-sandpit-474523.iam.gserviceaccount.com",
            "id": "projects/vishal-sandpit-474523/serviceAccounts/workflows-sa@vishal-sandpit-474523.iam.gserviceaccount.com",
            "member": "serviceAccount:workflows-sa@vishal-sandpit-474523.iam.gserviceaccount.com",
            "name": "projects/vishal-sandpit-474523/serviceAccounts/workflows-sa@vishal-sandpit-474523.iam.gserviceaccount.com",
            "project": "vishal-sandpit-474523",
            "timeouts": null,
            "unique_id": "102764286952725313982"
          },
          "sensitive_attributes": [],
          "private": "eyJlMmJmYjczMC1lY2FhLTExZTYtOGY4OC0zNDM2M2JjN2M0YzAiOnsiY3JlYXRlIjozMDAwMDAwMDAwMDB9fQ==",
          "dependencies": [
            "module.project_services.google_project_service.apis"
          ]
        }
      ]
    },
    {
      "module": "module.monitoring",
      "mode": "managed",
      "type": "google_billing_budget",
      "name": "monthly",
      "provider": "provider[\"registry.terraform.io/hashicorp/google\"]",
      "instances": [
        {
          "schema_version": 0,
          "attributes": {
            "all_updates_rule": [
              {
                "disable_default_iam_recipients": false,
                "enable_project_level_recipients": false,
                "monitoring_notification_channels": [
                  "projects/vishal-sandpit-474523/notificationChannels/14335889433679969742"
                ],
                "pubsub_topic": "",
                "schema_version": "1.0"
              }
            ],
            "amount": [
              {
                "last_period_amount": false,
                "specified_amount": [
                  {
                    "currency_code": "AUD",
                    "nanos": 0,
                    "units": "200"
                  }
                ]
              }
            ],
            "billing_account": "013163-F3E0F6-FE6E14",
            "budget_filter": [
              {
                "calendar_period": "MONTH",
                "credit_types": [],
                "credit_types_treatment": "INCLUDE_ALL_CREDITS",
                "custom_period": [],
                "labels": {},
                "projects": [
                  "projects/160702508047"
                ],
                "resource_ancestors": [],
                "services": [],
                "subaccounts": []
              }
            ],
            "display_name": "intelia-warehouse-monthly-budget",
            "id": "billingAccounts/013163-F3E0F6-FE6E14/budgets/6687a57b-cf2a-4f71-a1b5-6f94d63167e8",
            "name": "billingAccounts/013163-F3E0F6-FE6E14/budgets/6687a57b-cf2a-4f71-a1b5-6f94d63167e8",
            "threshold_rules": [
              {
                "spend_basis": "CURRENT_SPEND",
                "threshold_percent": 0.8
              },
              {
                "spend_basis": "CURRENT_SPEND",
                "threshold_percent": 1.0
              },
              {
                "spend_basis": "FORECASTED_SPEND",
                "threshold_percent": 1.0
              }
            ],
            "timeouts": null
          },
          "sensitive_attributes": [],
          "dependencies": [
            "module.monitoring.google_monitoring_notification_channel.email"
          ]
        }
      ]
    },
    {
      "module": "module.monitoring",
      "mode": "managed",
      "type": "google_monitoring_alert_policy",
      "name": "bq_slot_high",
      "provider": "provider[\"registry.terraform.io/hashicorp/google\"]",
      "instances": [
        {
          "schema_version": 0,
          "attributes": {
            "combiner": "OR",
            "conditions": [
              {
                "condition_absent": [],
                "condition_matched_log": [],
                "condition_monitoring_query_language": [],
                "condition_prometheus_query_language": [],
                "condition_threshold": [
                  {
                    "aggregations": [
                      {
                        "alignment_period": "300s",
                        "cross_series_reducer": "REDUCE_SUM",
                        "group_by_fields": [
                          "resource.project_id"
                        ],
                        "per_series_aligner": "ALIGN_MEAN"
                      }
                    ],
                    "comparison": "COMPARISON_GT",
                    "denominator_aggregations": [],
                    "denominator_filter": "",
                    "duration": "300s",
                    "evaluation_missing_data": [],
                    "filter": "resource.type=\"bigquery_dataset\" AND metric.type=\"bigquery.googleapis.com/storage/stored_bytes\"",
                    "threshold_value": 536870912000,
                    "trigger": [
                      {
                        "count": 1,
                        "percent": 0
                      }
                    ]
                  }
                ],
                "display_name": "BQ total stored bytes above 500 GB",
                "name": ""
              }
            ],
            "display_name": "BigQuery Storage High (\u003e500 GB)",
            "documentation": [
              {
                "content": "BigQuery storage exceeded 500 GB. Review lifecycle policies.",
                "mime_type": "text/markdown"
              }
            ],
            "enabled": true,
            "id": "projects/vishal-sandpit-474523/alertPolicies/12788110488129700108",
            "name": "projects/vishal-sandpit-474523/alertPolicies/12788110488129700108",
            "notification_channels": [
              "projects/vishal-sandpit-474523/notificationChannels/14335889433679969742"
            ],
            "project": "vishal-sandpit-474523",
            "severity": "ERROR",
            "timeouts": null,
            "user_labels": {},
            "alert_strategy": [
              {
                "auto_close": "1800s",
                "notification_channel_strategy": [],
                "notification_prompts": []
              }
            ]
          },
          "sensitive_attributes": [],
          "dependencies": [
            "module.monitoring.google_monitoring_notification_channel.email"
          ]
        }
      ]
    },
    {
      "module": "module.monitoring",
      "mode": "managed",
      "type": "google_monitoring_alert_policy",
      "name": "data_freshness_sla",
      "provider": "provider[\"registry.terraform.io/hashicorp/google\"]",
      "instances": [
        {
          "schema_version": 0,
          "attributes": {
            "combiner": "OR",
            "conditions": [
              {
                "condition_absent": [
                  {
                    "aggregations": [
                      {
                        "alignment_period": "3600s",
                        "cross_series_reducer": "REDUCE_NONE",
                        "group_by_fields": [],
                        "per_series_aligner": "ALIGN_SUM"
                      }
                    ],
                    "duration": "82800s",
                    "filter": "resource.type=\"workflows.googleapis.com/Workflow\" AND metric.type=\"workflows.googleapis.com/finished_execution_count\" AND metric.labels.status=\"SUCCEEDED\"",
                    "trigger": [
                      {
                        "count": 1,
                        "percent": 0
                      }
                    ]
                  }
                ],
                "condition_matched_log": [],
                "condition_monitoring_query_language": [],
                "condition_prometheus_query_language": [],
                "condition_threshold": [],
                "display_name": "No successful workflow in 23h",
                "name": ""
              }
            ],
            "display_name": "Data Freshness SLA Breach - No Successful Workflow in 23h",
            "documentation": [
              {
                "content": "No Cloud Workflow completed successfully in 23h. Gold layer may be stale.",
                "mime_type": "text/markdown"
              }
            ],
            "enabled": true,
            "id": "projects/vishal-sandpit-474523/alertPolicies/14726016433937617998",
            "name": "projects/vishal-sandpit-474523/alertPolicies/14726016433937617998",
            "notification_channels": [
              "projects/vishal-sandpit-474523/notificationChannels/14335889433679969742"
            ],
            "project": "vishal-sandpit-474523",
            "severity": "ERROR",
            "timeouts": null,
            "user_labels": {},
            "alert_strategy": [
              {
                "auto_close": "86400s",
                "notification_channel_strategy": [],
                "notification_prompts": []
              }
            ]
          },
          "sensitive_attributes": [],
          "dependencies": [
            "module.monitoring.google_monitoring_notification_channel.email"
          ]
        }
      ]
    },
    {
      "module": "module.monitoring",
      "mode": "managed",
      "type": "google_monitoring_alert_policy",
      "name": "workflow_failed",
      "provider": "provider[\"registry.terraform.io/hashicorp/google\"]",
      "instances": [
        {
          "schema_version": 0,
          "attributes": {
            "combiner": "OR",
            "conditions": [
              {
                "condition_absent": [],
                "condition_matched_log": [],
                "condition_monitoring_query_language": [],
                "condition_prometheus_query_language": [],
                "condition_threshold": [
                  {
                    "aggregations": [
                      {
                        "alignment_period": "300s",
                        "cross_series_reducer": "REDUCE_NONE",
                        "group_by_fields": [],
                        "per_series_aligner": "ALIGN_SUM"
                      }
                    ],
                    "comparison": "COMPARISON_GT",
                    "denominator_aggregations": [],
                    "denominator_filter": "",
                    "duration": "0s",
                    "evaluation_missing_data": [],
                    "filter": "resource.type = \"workflows.googleapis.com/Workflow\" AND metric.type = \"workflows.googleapis.com/finished_execution_count\" AND metric.labels.status = \"FAILED\"",
                    "threshold_value": 0,
                    "trigger": [
                      {
                        "count": 1,
                        "percent": 0
                      }
                    ]
                  }
                ],
                "display_name": "Workflow finished with FAILED state",
                "name": ""
              }
            ],
            "display_name": "Cloud Workflow Execution Failed",
            "documentation": [
              {
                "content": "A Cloud Workflow has failed. Check Cloud Workflows console.",
                "mime_type": "text/markdown"
              }
            ],
            "enabled": true,
            "id": "projects/vishal-sandpit-474523/alertPolicies/14726016433937620750",
            "name": "projects/vishal-sandpit-474523/alertPolicies/14726016433937620750",
            "notification_channels": [
              "projects/vishal-sandpit-474523/notificationChannels/14335889433679969742"
            ],
            "project": "vishal-sandpit-474523",
            "severity": "ERROR",
            "timeouts": null,
            "user_labels": {},
            "alert_strategy": [
              {
                "auto_close": "1800s",
                "notification_channel_strategy": [],
                "notification_prompts": []
              }
            ]
          },
          "sensitive_attributes": [],
          "dependencies": [
            "module.monitoring.google_monitoring_notification_channel.email"
          ]
        }
      ]
    },
    {
      "module": "module.monitoring",
      "mode": "managed",
      "type": "google_monitoring_notification_channel",
      "name": "email",
      "provider": "provider[\"registry.terraform.io/hashicorp/google\"]",
      "instances": [
        {
          "schema_version": 0,
          "attributes": {
            "description": "",
            "display_name": "Intelia Warehouse Alerts",
            "enabled": true,
            "force_delete": false,
            "id": "projects/vishal-sandpit-474523/notificationChannels/14335889433679969742",
            "labels": {
              "email_address": "vishal.pattabiraman@intelia.com.au"
            },
            "name": "projects/vishal-sandpit-474523/notificationChannels/14335889433679969742",
            "project": "vishal-sandpit-474523",
            "sensitive_labels": [],
            "timeouts": null,
            "type": "email",
            "user_labels": {},
            "verification_status": "UNVERIFIED"
          },
          "sensitive_attributes": []
        }
      ]
    },
    {
      "module": "module.project_services",
      "mode": "managed",
      "type": "google_project_service",
      "name": "apis",
      "provider": "provider[\"registry.terraform.io/hashicorp/google\"]",
      "instances": [
        {
          "index_key": "aiplatform.googleapis.com",
          "schema_version": 0,
          "attributes": {
            "disable_dependent_services": false,
            "disable_on_destroy": true,
            "id": "vishal-sandpit-474523/aiplatform.googleapis.com",
            "project": "vishal-sandpit-474523",
            "service": "aiplatform.googleapis.com",
            "timeouts": null
          },
          "sensitive_attributes": [],
          "private": "eyJlMmJmYjczMC1lY2FhLTExZTYtOGY4OC0zNDM2M2JjN2M0YzAiOnsiY3JlYXRlIjoxMjAwMDAwMDAwMDAwLCJkZWxldGUiOjEyMDAwMDAwMDAwMDAsInJlYWQiOjYwMDAwMDAwMDAwMCwidXBkYXRlIjoxMjAwMDAwMDAwMDAwfX0="
        },
        {
          "index_key": "bigquery.googleapis.com",
          "schema_version": 0,
          "attributes": {
            "disable_dependent_services": false,
            "disable_on_destroy": true,
            "id": "vishal-sandpit-474523/bigquery.googleapis.com",
            "project": "vishal-sandpit-474523",
            "service": "bigquery.googleapis.com",
            "timeouts": null
          },
          "sensitive_attributes": [],
          "private": "eyJlMmJmYjczMC1lY2FhLTExZTYtOGY4OC0zNDM2M2JjN2M0YzAiOnsiY3JlYXRlIjoxMjAwMDAwMDAwMDAwLCJkZWxldGUiOjEyMDAwMDAwMDAwMDAsInJlYWQiOjYwMDAwMDAwMDAwMCwidXBkYXRlIjoxMjAwMDAwMDAwMDAwfX0="
        },
        {
          "index_key": "bigqueryconnection.googleapis.com",
          "schema_version": 0,
          "attributes": {
            "disable_dependent_services": false,
            "disable_on_destroy": true,
            "id": "vishal-sandpit-474523/bigqueryconnection.googleapis.com",
            "project": "vishal-sandpit-474523",
            "service": "bigqueryconnection.googleapis.com",
            "timeouts": null
          },
          "sensitive_attributes": [],
          "private": "eyJlMmJmYjczMC1lY2FhLTExZTYtOGY4OC0zNDM2M2JjN2M0YzAiOnsiY3JlYXRlIjoxMjAwMDAwMDAwMDAwLCJkZWxldGUiOjEyMDAwMDAwMDAwMDAsInJlYWQiOjYwMDAwMDAwMDAwMCwidXBkYXRlIjoxMjAwMDAwMDAwMDAwfX0="
        },
        {
          "index_key": "bigquerydatapolicy.googleapis.com",
          "schema_version": 0,
          "attributes": {
            "disable_dependent_services": false,
            "disable_on_destroy": true,
            "id": "vishal-sandpit-474523/bigquerydatapolicy.googleapis.com",
            "project": "vishal-sandpit-474523",
            "service": "bigquerydatapolicy.googleapis.com",
            "timeouts": null
          },
          "sensitive_attributes": [],
          "private": "eyJlMmJmYjczMC1lY2FhLTExZTYtOGY4OC0zNDM2M2JjN2M0YzAiOnsiY3JlYXRlIjoxMjAwMDAwMDAwMDAwLCJkZWxldGUiOjEyMDAwMDAwMDAwMDAsInJlYWQiOjYwMDAwMDAwMDAwMCwidXBkYXRlIjoxMjAwMDAwMDAwMDAwfX0="
        },
        {
          "index_key": "bigquerydatatransfer.googleapis.com",
          "schema_version": 0,
          "attributes": {
            "disable_dependent_services": false,
            "disable_on_destroy": true,
            "id": "vishal-sandpit-474523/bigquerydatatransfer.googleapis.com",
            "project": "vishal-sandpit-474523",
            "service": "bigquerydatatransfer.googleapis.com",
            "timeouts": null
          },
          "sensitive_attributes": [],
          "private": "eyJlMmJmYjczMC1lY2FhLTExZTYtOGY4OC0zNDM2M2JjN2M0YzAiOnsiY3JlYXRlIjoxMjAwMDAwMDAwMDAwLCJkZWxldGUiOjEyMDAwMDAwMDAwMDAsInJlYWQiOjYwMDAwMDAwMDAwMCwidXBkYXRlIjoxMjAwMDAwMDAwMDAwfX0="
        },
        {
          "index_key": "billingbudgets.googleapis.com",
          "schema_version": 0,
          "attributes": {
            "disable_dependent_services": false,
            "disable_on_destroy": true,
            "id": "vishal-sandpit-474523/billingbudgets.googleapis.com",
            "project": "vishal-sandpit-474523",
            "service": "billingbudgets.googleapis.com",
            "timeouts": null
          },
          "sensitive_attributes": [],
          "private": "eyJlMmJmYjczMC1lY2FhLTExZTYtOGY4OC0zNDM2M2JjN2M0YzAiOnsiY3JlYXRlIjoxMjAwMDAwMDAwMDAwLCJkZWxldGUiOjEyMDAwMDAwMDAwMDAsInJlYWQiOjYwMDAwMDAwMDAwMCwidXBkYXRlIjoxMjAwMDAwMDAwMDAwfX0="
        },
        {
          "index_key": "cloudaicompanion.googleapis.com",
          "schema_version": 0,
          "attributes": {
            "disable_dependent_services": false,
            "disable_on_destroy": true,
            "id": "vishal-sandpit-474523/cloudaicompanion.googleapis.com",
            "project": "vishal-sandpit-474523",
            "service": "cloudaicompanion.googleapis.com",
            "timeouts": null
          },
          "sensitive_attributes": [],
          "private": "eyJlMmJmYjczMC1lY2FhLTExZTYtOGY4OC0zNDM2M2JjN2M0YzAiOnsiY3JlYXRlIjoxMjAwMDAwMDAwMDAwLCJkZWxldGUiOjEyMDAwMDAwMDAwMDAsInJlYWQiOjYwMDAwMDAwMDAwMCwidXBkYXRlIjoxMjAwMDAwMDAwMDAwfX0="
        },
        {
          "index_key": "cloudbuild.googleapis.com",
          "schema_version": 0,
          "attributes": {
            "disable_dependent_services": false,
            "disable_on_destroy": true,
            "id": "vishal-sandpit-474523/cloudbuild.googleapis.com",
            "project": "vishal-sandpit-474523",
            "service": "cloudbuild.googleapis.com",
            "timeouts": null
          },
          "sensitive_attributes": [],
          "private": "eyJlMmJmYjczMC1lY2FhLTExZTYtOGY4OC0zNDM2M2JjN2M0YzAiOnsiY3JlYXRlIjoxMjAwMDAwMDAwMDAwLCJkZWxldGUiOjEyMDAwMDAwMDAwMDAsInJlYWQiOjYwMDAwMDAwMDAwMCwidXBkYXRlIjoxMjAwMDAwMDAwMDAwfX0="
        },
        {
          "index_key": "cloudresourcemanager.googleapis.com",
          "schema_version": 0,
          "attributes": {
            "disable_dependent_services": false,
            "disable_on_destroy": true,
            "id": "vishal-sandpit-474523/cloudresourcemanager.googleapis.com",
            "project": "vishal-sandpit-474523",
            "service": "cloudresourcemanager.googleapis.com",
            "timeouts": null
          },
          "sensitive_attributes": [],
          "private": "eyJlMmJmYjczMC1lY2FhLTExZTYtOGY4OC0zNDM2M2JjN2M0YzAiOnsiY3JlYXRlIjoxMjAwMDAwMDAwMDAwLCJkZWxldGUiOjEyMDAwMDAwMDAwMDAsInJlYWQiOjYwMDAwMDAwMDAwMCwidXBkYXRlIjoxMjAwMDAwMDAwMDAwfX0="
        },
        {
          "index_key": "cloudscheduler.googleapis.com",
          "schema_version": 0,
          "attributes": {
            "disable_dependent_services": false,
            "disable_on_destroy": true,
            "id": "vishal-sandpit-474523/cloudscheduler.googleapis.com",
            "project": "vishal-sandpit-474523",
            "service": "cloudscheduler.googleapis.com",
            "timeouts": null
          },
          "sensitive_attributes": [],
          "private": "eyJlMmJmYjczMC1lY2FhLTExZTYtOGY4OC0zNDM2M2JjN2M0YzAiOnsiY3JlYXRlIjoxMjAwMDAwMDAwMDAwLCJkZWxldGUiOjEyMDAwMDAwMDAwMDAsInJlYWQiOjYwMDAwMDAwMDAwMCwidXBkYXRlIjoxMjAwMDAwMDAwMDAwfX0="
        },
        {
          "index_key": "datacatalog.googleapis.com",
          "schema_version": 0,
          "attributes": {
            "disable_dependent_services": false,
            "disable_on_destroy": true,
            "id": "vishal-sandpit-474523/datacatalog.googleapis.com",
            "project": "vishal-sandpit-474523",
            "service": "datacatalog.googleapis.com",
            "timeouts": null
          },
          "sensitive_attributes": [],
          "private": "eyJlMmJmYjczMC1lY2FhLTExZTYtOGY4OC0zNDM2M2JjN2M0YzAiOnsiY3JlYXRlIjoxMjAwMDAwMDAwMDAwLCJkZWxldGUiOjEyMDAwMDAwMDAwMDAsInJlYWQiOjYwMDAwMDAwMDAwMCwidXBkYXRlIjoxMjAwMDAwMDAwMDAwfX0="
        },
        {
          "index_key": "dataform.googleapis.com",
          "schema_version": 0,
          "attributes": {
            "disable_dependent_services": false,
            "disable_on_destroy": true,
            "id": "vishal-sandpit-474523/dataform.googleapis.com",
            "project": "vishal-sandpit-474523",
            "service": "dataform.googleapis.com",
            "timeouts": null
          },
          "sensitive_attributes": [],
          "private": "eyJlMmJmYjczMC1lY2FhLTExZTYtOGY4OC0zNDM2M2JjN2M0YzAiOnsiY3JlYXRlIjoxMjAwMDAwMDAwMDAwLCJkZWxldGUiOjEyMDAwMDAwMDAwMDAsInJlYWQiOjYwMDAwMDAwMDAwMCwidXBkYXRlIjoxMjAwMDAwMDAwMDAwfX0="
        },
        {
          "index_key": "dataplex.googleapis.com",
          "schema_version": 0,
          "attributes": {
            "disable_dependent_services": false,
            "disable_on_destroy": true,
            "id": "vishal-sandpit-474523/dataplex.googleapis.com",
            "project": "vishal-sandpit-474523",
            "service": "dataplex.googleapis.com",
            "timeouts": null
          },
          "sensitive_attributes": [],
          "private": "eyJlMmJmYjczMC1lY2FhLTExZTYtOGY4OC0zNDM2M2JjN2M0YzAiOnsiY3JlYXRlIjoxMjAwMDAwMDAwMDAwLCJkZWxldGUiOjEyMDAwMDAwMDAwMDAsInJlYWQiOjYwMDAwMDAwMDAwMCwidXBkYXRlIjoxMjAwMDAwMDAwMDAwfX0="
        },
        {
          "index_key": "discoveryengine.googleapis.com",
          "schema_version": 0,
          "attributes": {
            "disable_dependent_services": false,
            "disable_on_destroy": true,
            "id": "vishal-sandpit-474523/discoveryengine.googleapis.com",
            "project": "vishal-sandpit-474523",
            "service": "discoveryengine.googleapis.com",
            "timeouts": null
          },
          "sensitive_attributes": [],
          "private": "eyJlMmJmYjczMC1lY2FhLTExZTYtOGY4OC0zNDM2M2JjN2M0YzAiOnsiY3JlYXRlIjoxMjAwMDAwMDAwMDAwLCJkZWxldGUiOjEyMDAwMDAwMDAwMDAsInJlYWQiOjYwMDAwMDAwMDAwMCwidXBkYXRlIjoxMjAwMDAwMDAwMDAwfX0="
        },
        {
          "index_key": "eventarc.googleapis.com",
          "schema_version": 0,
          "attributes": {
            "disable_dependent_services": false,
            "disable_on_destroy": true,
            "id": "vishal-sandpit-474523/eventarc.googleapis.com",
            "project": "vishal-sandpit-474523",
            "service": "eventarc.googleapis.com",
            "timeouts": null
          },
          "sensitive_attributes": [],
          "private": "eyJlMmJmYjczMC1lY2FhLTExZTYtOGY4OC0zNDM2M2JjN2M0YzAiOnsiY3JlYXRlIjoxMjAwMDAwMDAwMDAwLCJkZWxldGUiOjEyMDAwMDAwMDAwMDAsInJlYWQiOjYwMDAwMDAwMDAwMCwidXBkYXRlIjoxMjAwMDAwMDAwMDAwfX0="
        },
        {
          "index_key": "iam.googleapis.com",
          "schema_version": 0,
          "attributes": {
            "disable_dependent_services": false,
            "disable_on_destroy": true,
            "id": "vishal-sandpit-474523/iam.googleapis.com",
            "project": "vishal-sandpit-474523",
            "service": "iam.googleapis.com",
            "timeouts": null
          },
          "sensitive_attributes": [],
          "private": "eyJlMmJmYjczMC1lY2FhLTExZTYtOGY4OC0zNDM2M2JjN2M0YzAiOnsiY3JlYXRlIjoxMjAwMDAwMDAwMDAwLCJkZWxldGUiOjEyMDAwMDAwMDAwMDAsInJlYWQiOjYwMDAwMDAwMDAwMCwidXBkYXRlIjoxMjAwMDAwMDAwMDAwfX0="
        },
        {
          "index_key": "logging.googleapis.com",
          "schema_version": 0,
          "attributes": {
            "disable_dependent_services": false,
            "disable_on_destroy": true,
            "id": "vishal-sandpit-474523/logging.googleapis.com",
            "project": "vishal-sandpit-474523",
            "service": "logging.googleapis.com",
            "timeouts": null
          },
          "sensitive_attributes": [],
          "private": "eyJlMmJmYjczMC1lY2FhLTExZTYtOGY4OC0zNDM2M2JjN2M0YzAiOnsiY3JlYXRlIjoxMjAwMDAwMDAwMDAwLCJkZWxldGUiOjEyMDAwMDAwMDAwMDAsInJlYWQiOjYwMDAwMDAwMDAwMCwidXBkYXRlIjoxMjAwMDAwMDAwMDAwfX0="
        },
        {
          "index_key": "monitoring.googleapis.com",
          "schema_version": 0,
          "attributes": {
            "disable_dependent_services": false,
            "disable_on_destroy": true,
            "id": "vishal-sandpit-474523/monitoring.googleapis.com",
            "project": "vishal-sandpit-474523",
            "service": "monitoring.googleapis.com",
            "timeouts": null
          },
          "sensitive_attributes": [],
          "private": "eyJlMmJmYjczMC1lY2FhLTExZTYtOGY4OC0zNDM2M2JjN2M0YzAiOnsiY3JlYXRlIjoxMjAwMDAwMDAwMDAwLCJkZWxldGUiOjEyMDAwMDAwMDAwMDAsInJlYWQiOjYwMDAwMDAwMDAwMCwidXBkYXRlIjoxMjAwMDAwMDAwMDAwfX0="
        },
        {
          "index_key": "pubsub.googleapis.com",
          "schema_version": 0,
          "attributes": {
            "disable_dependent_services": false,
            "disable_on_destroy": true,
            "id": "vishal-sandpit-474523/pubsub.googleapis.com",
            "project": "vishal-sandpit-474523",
            "service": "pubsub.googleapis.com",
            "timeouts": null
          },
          "sensitive_attributes": [],
          "private": "eyJlMmJmYjczMC1lY2FhLTExZTYtOGY4OC0zNDM2M2JjN2M0YzAiOnsiY3JlYXRlIjoxMjAwMDAwMDAwMDAwLCJkZWxldGUiOjEyMDAwMDAwMDAwMDAsInJlYWQiOjYwMDAwMDAwMDAwMCwidXBkYXRlIjoxMjAwMDAwMDAwMDAwfX0="
        },
        {
          "index_key": "secretmanager.googleapis.com",
          "schema_version": 0,
          "attributes": {
            "disable_dependent_services": false,
            "disable_on_destroy": true,
            "id": "vishal-sandpit-474523/secretmanager.googleapis.com",
            "project": "vishal-sandpit-474523",
            "service": "secretmanager.googleapis.com",
            "timeouts": null
          },
          "sensitive_attributes": [],
          "private": "eyJlMmJmYjczMC1lY2FhLTExZTYtOGY4OC0zNDM2M2JjN2M0YzAiOnsiY3JlYXRlIjoxMjAwMDAwMDAwMDAwLCJkZWxldGUiOjEyMDAwMDAwMDAwMDAsInJlYWQiOjYwMDAwMDAwMDAwMCwidXBkYXRlIjoxMjAwMDAwMDAwMDAwfX0="
        },
        {
          "index_key": "storage.googleapis.com",
          "schema_version": 0,
          "attributes": {
            "disable_dependent_services": false,
            "disable_on_destroy": true,
            "id": "vishal-sandpit-474523/storage.googleapis.com",
            "project": "vishal-sandpit-474523",
            "service": "storage.googleapis.com",
            "timeouts": null
          },
          "sensitive_attributes": [],
          "private": "eyJlMmJmYjczMC1lY2FhLTExZTYtOGY4OC0zNDM2M2JjN2M0YzAiOnsiY3JlYXRlIjoxMjAwMDAwMDAwMDAwLCJkZWxldGUiOjEyMDAwMDAwMDAwMDAsInJlYWQiOjYwMDAwMDAwMDAwMCwidXBkYXRlIjoxMjAwMDAwMDAwMDAwfX0="
        },
        {
          "index_key": "workflows.googleapis.com",
          "schema_version": 0,
          "attributes": {
            "disable_dependent_services": false,
            "disable_on_destroy": true,
            "id": "vishal-sandpit-474523/workflows.googleapis.com",
            "project": "vishal-sandpit-474523",
            "service": "workflows.googleapis.com",
            "timeouts": null
          },
          "sensitive_attributes": [],
          "private": "eyJlMmJmYjczMC1lY2FhLTExZTYtOGY4OC0zNDM2M2JjN2M0YzAiOnsiY3JlYXRlIjoxMjAwMDAwMDAwMDAwLCJkZWxldGUiOjEyMDAwMDAwMDAwMDAsInJlYWQiOjYwMDAwMDAwMDAwMCwidXBkYXRlIjoxMjAwMDAwMDAwMDAwfX0="
        }
      ]
    },
    {
      "module": "module.pubsub",
      "mode": "data",
      "type": "google_storage_project_service_account",
      "name": "gcs_sa",
      "provider": "provider[\"registry.terraform.io/hashicorp/google\"]",
      "instances": [
        {
          "schema_version": 0,
          "attributes": {
            "email_address": "service-160702508047@gs-project-accounts.iam.gserviceaccount.com",
            "id": "service-160702508047@gs-project-accounts.iam.gserviceaccount.com",
            "member": "serviceAccount:service-160702508047@gs-project-accounts.iam.gserviceaccount.com",
            "project": "vishal-sandpit-474523",
            "user_project": null
          },
          "sensitive_attributes": []
        }
      ]
    },
    {
      "module": "module.pubsub",
      "mode": "managed",
      "type": "google_project_iam_member",
      "name": "gcs_pubsub_publisher",
      "provider": "provider[\"registry.terraform.io/hashicorp/google\"]",
      "instances": [
        {
          "schema_version": 0,
          "attributes": {
            "condition": [],
            "etag": "BwZNulcgsmI=",
            "id": "vishal-sandpit-474523/roles/pubsub.publisher/serviceAccount:service-160702508047@gs-project-accounts.iam.gserviceaccount.com",
            "member": "serviceAccount:service-160702508047@gs-project-accounts.iam.gserviceaccount.com",
            "project": "vishal-sandpit-474523",
            "role": "roles/pubsub.publisher"
          },
          "sensitive_attributes": [],
          "private": "bnVsbA==",
          "dependencies": [
            "module.project_services.google_project_service.apis",
            "module.pubsub.data.google_storage_project_service_account.gcs_sa",
            "module.storage.google_storage_bucket.delta_staging"
          ]
        }
      ]
    },
    {
      "module": "module.pubsub",
      "mode": "managed",
      "type": "google_pubsub_topic",
      "name": "delta_ingest",
      "provider": "provider[\"registry.terraform.io/hashicorp/google\"]",
      "instances": [
        {
          "schema_version": 0,
          "attributes": {
            "effective_labels": {
              "workload": "delta-pipeline"
            },
            "id": "projects/vishal-sandpit-474523/topics/delta-ingest-events",
            "ingestion_data_source_settings": [],
            "kms_key_name": "",
            "labels": {
              "workload": "delta-pipeline"
            },
            "message_retention_duration": "86600s",
            "message_storage_policy": [],
            "name": "delta-ingest-events",
            "project": "vishal-sandpit-474523",
            "schema_settings": [],
            "terraform_labels": {
              "workload": "delta-pipeline"
            },
            "timeouts": null
          },
          "sensitive_attributes": [],
          "private": "eyJlMmJmYjczMC1lY2FhLTExZTYtOGY4OC0zNDM2M2JjN2M0YzAiOnsiY3JlYXRlIjoxMjAwMDAwMDAwMDAwLCJkZWxldGUiOjEyMDAwMDAwMDAwMDAsInVwZGF0ZSI6MTIwMDAwMDAwMDAwMH19",
          "dependencies": [
            "module.project_services.google_project_service.apis",
            "module.storage.google_storage_bucket.delta_staging"
          ]
        }
      ]
    },
    {
      "module": "module.pubsub",
      "mode": "managed",
      "type": "google_pubsub_topic_iam_member",
      "name": "gcs_publisher",
      "provider": "provider[\"registry.terraform.io/hashicorp/google\"]",
      "instances": [
        {
          "schema_version": 0,
          "attributes": {
            "condition": [],
            "etag": "BwZNuem+Ems=",
            "id": "projects/vishal-sandpit-474523/topics/delta-ingest-events/roles/pubsub.publisher/serviceAccount:service-160702508047@gs-project-accounts.iam.gserviceaccount.com",
            "member": "serviceAccount:service-160702508047@gs-project-accounts.iam.gserviceaccount.com",
            "project": "vishal-sandpit-474523",
            "role": "roles/pubsub.publisher",
            "topic": "projects/vishal-sandpit-474523/topics/delta-ingest-events"
          },
          "sensitive_attributes": [],
          "private": "bnVsbA==",
          "dependencies": [
            "module.project_services.google_project_service.apis",
            "module.pubsub.data.google_storage_project_service_account.gcs_sa",
            "module.pubsub.google_pubsub_topic.delta_ingest",
            "module.storage.google_storage_bucket.delta_staging"
          ]
        }
      ]
    },
    {
      "module": "module.pubsub",
      "mode": "managed",
      "type": "google_storage_notification",
      "name": "delta_ingest",
      "provider": "provider[\"registry.terraform.io/hashicorp/google\"]",
      "instances": [
        {
          "schema_version": 0,
          "attributes": {
            "bucket": "vishal-sandpit-474523-delta-staging",
            "custom_attributes": {},
            "event_types": [
              "OBJECT_FINALIZE"
            ],
            "id": "vishal-sandpit-474523-delta-staging/notificationConfigs/1",
            "notification_id": "1",
            "object_name_prefix": "",
            "payload_format": "JSON_API_V1",
            "self_link": "https://www.googleapis.com/storage/v1/b/vishal-sandpit-474523-delta-staging/notificationConfigs/1",
            "topic": "//pubsub.googleapis.com/projects/vishal-sandpit-474523/topics/delta-ingest-events"
          },
          "sensitive_attributes": [],
          "private": "bnVsbA==",
          "dependencies": [
            "module.project_services.google_project_service.apis",
            "module.pubsub.data.google_storage_project_service_account.gcs_sa",
            "module.pubsub.google_pubsub_topic.delta_ingest",
            "module.pubsub.google_pubsub_topic_iam_member.gcs_publisher",
            "module.storage.google_storage_bucket.delta_staging"
          ]
        }
      ]
    },
    {
      "module": "module.secret_manager",
      "mode": "data",
      "type": "google_project",
      "name": "current",
      "provider": "provider[\"registry.terraform.io/hashicorp/google\"]",
      "instances": [
        {
          "schema_version": 0,
          "attributes": {
            "auto_create_network": null,
            "billing_account": "013163-F3E0F6-FE6E14",
            "deletion_policy": "DELETE",
            "effective_labels": {},
            "folder_id": "527842360388",
            "id": "projects/vishal-sandpit-474523",
            "labels": {},
            "name": "vishal-sandpit",
            "number": "160702508047",
            "org_id": "",
            "project_id": "vishal-sandpit-474523",
            "skip_delete": null,
            "terraform_labels": {}
          },
          "sensitive_attributes": []
        }
      ]
    },
    {
      "module": "module.secret_manager",
      "mode": "managed",
      "type": "google_secret_manager_secret",
      "name": "gemini_api_key",
      "provider": "provider[\"registry.terraform.io/hashicorp/google\"]",
      "instances": [
        {
          "schema_version": 0,
          "attributes": {
            "annotations": {},
            "create_time": "2026-03-23T03:17:20.474104Z",
            "effective_annotations": {},
            "effective_labels": {
              "purpose": "gemini-api-reserved"
            },
            "expire_time": "",
            "id": "projects/vishal-sandpit-474523/secrets/gemini-api-key",
            "labels": {
              "purpose": "gemini-api-reserved"
            },
            "name": "projects/160702508047/secrets/gemini-api-key",
            "project": "vishal-sandpit-474523",
            "replication": [
              {
                "auto": [
                  {
                    "customer_managed_encryption": []
                  }
                ],
                "user_managed": []
              }
            ],
            "rotation": [],
            "secret_id": "gemini-api-key",
            "terraform_labels": {
              "purpose": "gemini-api-reserved"
            },
            "timeouts": null,
            "topics": [],
            "ttl": null,
            "version_aliases": {},
            "version_destroy_ttl": ""
          },
          "sensitive_attributes": [],
          "private": "eyJlMmJmYjczMC1lY2FhLTExZTYtOGY4OC0zNDM2M2JjN2M0YzAiOnsiY3JlYXRlIjoxMjAwMDAwMDAwMDAwLCJkZWxldGUiOjEyMDAwMDAwMDAwMDAsInVwZGF0ZSI6MTIwMDAwMDAwMDAwMH19",
          "dependencies": [
            "module.iam.google_project_iam_member.ai_developer_aiplatform_user",
            "module.iam.google_project_iam_member.ai_developer_bq_editor",
            "module.iam.google_project_iam_member.ai_developer_bq_job_user",
            "module.iam.google_project_iam_member.cloudbuild_sa_bq_job_user",
            "module.iam.google_project_iam_member.cloudbuild_sa_builds_editor",
            "module.iam.google_project_iam_member.cloudbuild_sa_dataform_editor",
            "module.iam.google_project_iam_member.cloudbuild_sa_secret_accessor",
            "module.iam.google_project_iam_member.cloudbuild_sa_storage_admin",
            "module.iam.google_project_iam_member.data_analyst_bq_job_user",
            "module.iam.google_project_iam_member.data_analyst_bq_viewer",
            "module.iam.google_project_iam_member.data_engineer_bq_editor",
            "module.iam.google_project_iam_member.data_engineer_bq_job_user",
            "module.iam.google_project_iam_member.data_engineer_dataform_editor",
            "module.iam.google_project_iam_member.data_engineer_storage_object_viewer",
            "module.iam.google_project_iam_member.dataform_sa_bq_editor",
            "module.iam.google_project_iam_member.dataform_sa_bq_job_user",
            "module.iam.google_project_iam_member.dataplex_sa_bq_data_viewer",
            "module.iam.google_project_iam_member.dataplex_sa_bq_job_user",
            "module.iam.google_project_iam_member.dataplex_sa_dataplex_editor",
            "module.iam.google_project_iam_member.eventarc_sa_event_receiver",
            "module.iam.google_project_iam_member.eventarc_sa_workflows_invoker",
            "module.iam.google_project_iam_member.governance_bq_metadata_viewer",
            "module.iam.google_project_iam_member.governance_catalog_tag_editor",
            "module.iam.google_project_iam_member.scheduler_sa_workflows_invoker",
            "module.iam.google_project_iam_member.workflows_sa_bq_job_user",
            "module.iam.google_project_iam_member.workflows_sa_dataform_editor",
            "module.iam.google_project_iam_member.workflows_sa_log_writer",
            "module.iam.google_service_account.ai_developer",
            "module.iam.google_service_account.cloudbuild",
            "module.iam.google_service_account.data_analyst",
            "module.iam.google_service_account.data_engineer",
            "module.iam.google_service_account.dataform",
            "module.iam.google_service_account.dataplex",
            "module.iam.google_service_account.eventarc",
            "module.iam.google_service_account.governance",
            "module.iam.google_service_account.scheduler",
            "module.iam.google_service_account.workflows",
            "module.project_services.google_project_service.apis"
          ]
        }
      ]
    },
    {
      "module": "module.secret_manager",
      "mode": "managed",
      "type": "google_secret_manager_secret",
      "name": "github_token",
      "provider": "provider[\"registry.terraform.io/hashicorp/google\"]",
      "instances": [
        {
          "schema_version": 0,
          "attributes": {
            "annotations": {},
            "create_time": "2026-03-23T03:17:20.474299Z",
            "effective_annotations": {},
            "effective_labels": {
              "purpose": "dataform-git-auth"
            },
            "expire_time": "",
            "id": "projects/vishal-sandpit-474523/secrets/github-token",
            "labels": {
              "purpose": "dataform-git-auth"
            },
            "name": "projects/160702508047/secrets/github-token",
            "project": "vishal-sandpit-474523",
            "replication": [
              {
                "auto": [
                  {
                    "customer_managed_encryption": []
                  }
                ],
                "user_managed": []
              }
            ],
            "rotation": [],
            "secret_id": "github-token",
            "terraform_labels": {
              "purpose": "dataform-git-auth"
            },
            "timeouts": null,
            "topics": [],
            "ttl": null,
            "version_aliases": {},
            "version_destroy_ttl": ""
          },
          "sensitive_attributes": [],
          "private": "eyJlMmJmYjczMC1lY2FhLTExZTYtOGY4OC0zNDM2M2JjN2M0YzAiOnsiY3JlYXRlIjoxMjAwMDAwMDAwMDAwLCJkZWxldGUiOjEyMDAwMDAwMDAwMDAsInVwZGF0ZSI6MTIwMDAwMDAwMDAwMH19",
          "dependencies": [
            "module.iam.google_project_iam_member.ai_developer_aiplatform_user",
            "module.iam.google_project_iam_member.ai_developer_bq_editor",
            "module.iam.google_project_iam_member.ai_developer_bq_job_user",
            "module.iam.google_project_iam_member.cloudbuild_sa_bq_job_user",
            "module.iam.google_project_iam_member.cloudbuild_sa_builds_editor",
            "module.iam.google_project_iam_member.cloudbuild_sa_dataform_editor",
            "module.iam.google_project_iam_member.cloudbuild_sa_secret_accessor",
            "module.iam.google_project_iam_member.cloudbuild_sa_storage_admin",
            "module.iam.google_project_iam_member.data_analyst_bq_job_user",
            "module.iam.google_project_iam_member.data_analyst_bq_viewer",
            "module.iam.google_project_iam_member.data_engineer_bq_editor",
            "module.iam.google_project_iam_member.data_engineer_bq_job_user",
            "module.iam.google_project_iam_member.data_engineer_dataform_editor",
            "module.iam.google_project_iam_member.data_engineer_storage_object_viewer",
            "module.iam.google_project_iam_member.dataform_sa_bq_editor",
            "module.iam.google_project_iam_member.dataform_sa_bq_job_user",
            "module.iam.google_project_iam_member.dataplex_sa_bq_data_viewer",
            "module.iam.google_project_iam_member.dataplex_sa_bq_job_user",
            "module.iam.google_project_iam_member.dataplex_sa_dataplex_editor",
            "module.iam.google_project_iam_member.eventarc_sa_event_receiver",
            "module.iam.google_project_iam_member.eventarc_sa_workflows_invoker",
            "module.iam.google_project_iam_member.governance_bq_metadata_viewer",
            "module.iam.google_project_iam_member.governance_catalog_tag_editor",
            "module.iam.google_project_iam_member.scheduler_sa_workflows_invoker",
            "module.iam.google_project_iam_member.workflows_sa_bq_job_user",
            "module.iam.google_project_iam_member.workflows_sa_dataform_editor",
            "module.iam.google_project_iam_member.workflows_sa_log_writer",
            "module.iam.google_service_account.ai_developer",
            "module.iam.google_service_account.cloudbuild",
            "module.iam.google_service_account.data_analyst",
            "module.iam.google_service_account.data_engineer",
            "module.iam.google_service_account.dataform",
            "module.iam.google_service_account.dataplex",
            "module.iam.google_service_account.eventarc",
            "module.iam.google_service_account.governance",
            "module.iam.google_service_account.scheduler",
            "module.iam.google_service_account.workflows",
            "module.project_services.google_project_service.apis"
          ]
        }
      ]
    },
    {
      "module": "module.secret_manager",
      "mode": "managed",
      "type": "google_secret_manager_secret",
      "name": "looker_api_key",
      "provider": "provider[\"registry.terraform.io/hashicorp/google\"]",
      "instances": [
        {
          "schema_version": 0,
          "attributes": {
            "annotations": {},
            "create_time": "2026-03-23T03:17:20.474571Z",
            "effective_annotations": {},
            "effective_labels": {
              "purpose": "looker-api-connection"
            },
            "expire_time": "",
            "id": "projects/vishal-sandpit-474523/secrets/looker-api-key",
            "labels": {
              "purpose": "looker-api-connection"
            },
            "name": "projects/160702508047/secrets/looker-api-key",
            "project": "vishal-sandpit-474523",
            "replication": [
              {
                "auto": [
                  {
                    "customer_managed_encryption": []
                  }
                ],
                "user_managed": []
              }
            ],
            "rotation": [],
            "secret_id": "looker-api-key",
            "terraform_labels": {
              "purpose": "looker-api-connection"
            },
            "timeouts": null,
            "topics": [],
            "ttl": null,
            "version_aliases": {},
            "version_destroy_ttl": ""
          },
          "sensitive_attributes": [],
          "private": "eyJlMmJmYjczMC1lY2FhLTExZTYtOGY4OC0zNDM2M2JjN2M0YzAiOnsiY3JlYXRlIjoxMjAwMDAwMDAwMDAwLCJkZWxldGUiOjEyMDAwMDAwMDAwMDAsInVwZGF0ZSI6MTIwMDAwMDAwMDAwMH19",
          "dependencies": [
            "module.iam.google_project_iam_member.ai_developer_aiplatform_user",
            "module.iam.google_project_iam_member.ai_developer_bq_editor",
            "module.iam.google_project_iam_member.ai_developer_bq_job_user",
            "module.iam.google_project_iam_member.cloudbuild_sa_bq_job_user",
            "module.iam.google_project_iam_member.cloudbuild_sa_builds_editor",
            "module.iam.google_project_iam_member.cloudbuild_sa_dataform_editor",
            "module.iam.google_project_iam_member.cloudbuild_sa_secret_accessor",
            "module.iam.google_project_iam_member.cloudbuild_sa_storage_admin",
            "module.iam.google_project_iam_member.data_analyst_bq_job_user",
            "module.iam.google_project_iam_member.data_analyst_bq_viewer",
            "module.iam.google_project_iam_member.data_engineer_bq_editor",
            "module.iam.google_project_iam_member.data_engineer_bq_job_user",
            "module.iam.google_project_iam_member.data_engineer_dataform_editor",
            "module.iam.google_project_iam_member.data_engineer_storage_object_viewer",
            "module.iam.google_project_iam_member.dataform_sa_bq_editor",
            "module.iam.google_project_iam_member.dataform_sa_bq_job_user",
            "module.iam.google_project_iam_member.dataplex_sa_bq_data_viewer",
            "module.iam.google_project_iam_member.dataplex_sa_bq_job_user",
            "module.iam.google_project_iam_member.dataplex_sa_dataplex_editor",
            "module.iam.google_project_iam_member.eventarc_sa_event_receiver",
            "module.iam.google_project_iam_member.eventarc_sa_workflows_invoker",
            "module.iam.google_project_iam_member.governance_bq_metadata_viewer",
            "module.iam.google_project_iam_member.governance_catalog_tag_editor",
            "module.iam.google_project_iam_member.scheduler_sa_workflows_invoker",
            "module.iam.google_project_iam_member.workflows_sa_bq_job_user",
            "module.iam.google_project_iam_member.workflows_sa_dataform_editor",
            "module.iam.google_project_iam_member.workflows_sa_log_writer",
            "module.iam.google_service_account.ai_developer",
            "module.iam.google_service_account.cloudbuild",
            "module.iam.google_service_account.data_analyst",
            "module.iam.google_service_account.data_engineer",
            "module.iam.google_service_account.dataform",
            "module.iam.google_service_account.dataplex",
            "module.iam.google_service_account.eventarc",
            "module.iam.google_service_account.governance",
            "module.iam.google_service_account.scheduler",
            "module.iam.google_service_account.workflows",
            "module.project_services.google_project_service.apis"
          ]
        }
      ]
    },
    {
      "module": "module.secret_manager",
      "mode": "managed",
      "type": "google_secret_manager_secret_iam_member",
      "name": "cloudbuild_agent_github_token",
      "provider": "provider[\"registry.terraform.io/hashicorp/google\"]",
      "instances": [
        {
          "schema_version": 0,
          "attributes": {
            "condition": [],
            "etag": "BwZNugcRTew=",
            "id": "projects/vishal-sandpit-474523/secrets/github-token/roles/secretmanager.secretAccessor/serviceAccount:service-160702508047@gcp-sa-cloudbuild.iam.gserviceaccount.com",
            "member": "serviceAccount:service-160702508047@gcp-sa-cloudbuild.iam.gserviceaccount.com",
            "project": "vishal-sandpit-474523",
            "role": "roles/secretmanager.secretAccessor",
            "secret_id": "projects/vishal-sandpit-474523/secrets/github-token"
          },
          "sensitive_attributes": [],
          "private": "bnVsbA==",
          "dependencies": [
            "module.iam.google_project_iam_member.ai_developer_aiplatform_user",
            "module.iam.google_project_iam_member.ai_developer_bq_editor",
            "module.iam.google_project_iam_member.ai_developer_bq_job_user",
            "module.iam.google_project_iam_member.cloudbuild_sa_bq_job_user",
            "module.iam.google_project_iam_member.cloudbuild_sa_builds_editor",
            "module.iam.google_project_iam_member.cloudbuild_sa_dataform_editor",
            "module.iam.google_project_iam_member.cloudbuild_sa_secret_accessor",
            "module.iam.google_project_iam_member.cloudbuild_sa_storage_admin",
            "module.iam.google_project_iam_member.data_analyst_bq_job_user",
            "module.iam.google_project_iam_member.data_analyst_bq_viewer",
            "module.iam.google_project_iam_member.data_engineer_bq_editor",
            "module.iam.google_project_iam_member.data_engineer_bq_job_user",
            "module.iam.google_project_iam_member.data_engineer_dataform_editor",
            "module.iam.google_project_iam_member.data_engineer_storage_object_viewer",
            "module.iam.google_project_iam_member.dataform_sa_bq_editor",
            "module.iam.google_project_iam_member.dataform_sa_bq_job_user",
            "module.iam.google_project_iam_member.dataplex_sa_bq_data_viewer",
            "module.iam.google_project_iam_member.dataplex_sa_bq_job_user",
            "module.iam.google_project_iam_member.dataplex_sa_dataplex_editor",
            "module.iam.google_project_iam_member.eventarc_sa_event_receiver",
            "module.iam.google_project_iam_member.eventarc_sa_workflows_invoker",
            "module.iam.google_project_iam_member.governance_bq_metadata_viewer",
            "module.iam.google_project_iam_member.governance_catalog_tag_editor",
            "module.iam.google_project_iam_member.scheduler_sa_workflows_invoker",
            "module.iam.google_project_iam_member.workflows_sa_bq_job_user",
            "module.iam.google_project_iam_member.workflows_sa_dataform_editor",
            "module.iam.google_project_iam_member.workflows_sa_log_writer",
            "module.iam.google_service_account.ai_developer",
            "module.iam.google_service_account.cloudbuild",
            "module.iam.google_service_account.data_analyst",
            "module.iam.google_service_account.data_engineer",
            "module.iam.google_service_account.dataform",
            "module.iam.google_service_account.dataplex",
            "module.iam.google_service_account.eventarc",
            "module.iam.google_service_account.governance",
            "module.iam.google_service_account.scheduler",
            "module.iam.google_service_account.workflows",
            "module.project_services.google_project_service.apis",
            "module.secret_manager.data.google_project.current",
            "module.secret_manager.google_secret_manager_secret.github_token"
          ]
        }
      ]
    },
    {
      "module": "module.secret_manager",
      "mode": "managed",
      "type": "google_secret_manager_secret_iam_member",
      "name": "cloudbuild_sa_github_token",
      "provider": "provider[\"registry.terraform.io/hashicorp/google\"]",
      "instances": [
        {
          "schema_version": 0,
          "attributes": {
            "condition": [],
            "etag": "BwZNugcRTew=",
            "id": "projects/vishal-sandpit-474523/secrets/github-token/roles/secretmanager.secretAccessor/serviceAccount:cloudbuild-sa@vishal-sandpit-474523.iam.gserviceaccount.com",
            "member": "serviceAccount:cloudbuild-sa@vishal-sandpit-474523.iam.gserviceaccount.com",
            "project": "vishal-sandpit-474523",
            "role": "roles/secretmanager.secretAccessor",
            "secret_id": "projects/vishal-sandpit-474523/secrets/github-token"
          },
          "sensitive_attributes": [],
          "private": "bnVsbA==",
          "dependencies": [
            "module.iam.google_project_iam_member.ai_developer_aiplatform_user",
            "module.iam.google_project_iam_member.ai_developer_bq_editor",
            "module.iam.google_project_iam_member.ai_developer_bq_job_user",
            "module.iam.google_project_iam_member.cloudbuild_sa_bq_job_user",
            "module.iam.google_project_iam_member.cloudbuild_sa_builds_editor",
            "module.iam.google_project_iam_member.cloudbuild_sa_dataform_editor",
            "module.iam.google_project_iam_member.cloudbuild_sa_secret_accessor",
            "module.iam.google_project_iam_member.cloudbuild_sa_storage_admin",
            "module.iam.google_project_iam_member.data_analyst_bq_job_user",
            "module.iam.google_project_iam_member.data_analyst_bq_viewer",
            "module.iam.google_project_iam_member.data_engineer_bq_editor",
            "module.iam.google_project_iam_member.data_engineer_bq_job_user",
            "module.iam.google_project_iam_member.data_engineer_dataform_editor",
            "module.iam.google_project_iam_member.data_engineer_storage_object_viewer",
            "module.iam.google_project_iam_member.dataform_sa_bq_editor",
            "module.iam.google_project_iam_member.dataform_sa_bq_job_user",
            "module.iam.google_project_iam_member.dataplex_sa_bq_data_viewer",
            "module.iam.google_project_iam_member.dataplex_sa_bq_job_user",
            "module.iam.google_project_iam_member.dataplex_sa_dataplex_editor",
            "module.iam.google_project_iam_member.eventarc_sa_event_receiver",
            "module.iam.google_project_iam_member.eventarc_sa_workflows_invoker",
            "module.iam.google_project_iam_member.governance_bq_metadata_viewer",
            "module.iam.google_project_iam_member.governance_catalog_tag_editor",
            "module.iam.google_project_iam_member.scheduler_sa_workflows_invoker",
            "module.iam.google_project_iam_member.workflows_sa_bq_job_user",
            "module.iam.google_project_iam_member.workflows_sa_dataform_editor",
            "module.iam.google_project_iam_member.workflows_sa_log_writer",
            "module.iam.google_service_account.ai_developer",
            "module.iam.google_service_account.cloudbuild",
            "module.iam.google_service_account.data_analyst",
            "module.iam.google_service_account.data_engineer",
            "module.iam.google_service_account.dataform",
            "module.iam.google_service_account.dataplex",
            "module.iam.google_service_account.eventarc",
            "module.iam.google_service_account.governance",
            "module.iam.google_service_account.scheduler",
            "module.iam.google_service_account.workflows",
            "module.project_services.google_project_service.apis",
            "module.secret_manager.google_secret_manager_secret.github_token"
          ]
        }
      ]
    },
    {
      "module": "module.secret_manager",
      "mode": "managed",
      "type": "google_secret_manager_secret_iam_member",
      "name": "dataform_github_token",
      "provider": "provider[\"registry.terraform.io/hashicorp/google\"]",
      "instances": [
        {
          "schema_version": 0,
          "attributes": {
            "condition": [],
            "etag": "BwZNugcRTew=",
            "id": "projects/vishal-sandpit-474523/secrets/github-token/roles/secretmanager.secretAccessor/serviceAccount:dataform-sa@vishal-sandpit-474523.iam.gserviceaccount.com",
            "member": "serviceAccount:dataform-sa@vishal-sandpit-474523.iam.gserviceaccount.com",
            "project": "vishal-sandpit-474523",
            "role": "roles/secretmanager.secretAccessor",
            "secret_id": "projects/vishal-sandpit-474523/secrets/github-token"
          },
          "sensitive_attributes": [],
          "private": "bnVsbA==",
          "dependencies": [
            "module.iam.google_project_iam_member.ai_developer_aiplatform_user",
            "module.iam.google_project_iam_member.ai_developer_bq_editor",
            "module.iam.google_project_iam_member.ai_developer_bq_job_user",
            "module.iam.google_project_iam_member.cloudbuild_sa_bq_job_user",
            "module.iam.google_project_iam_member.cloudbuild_sa_builds_editor",
            "module.iam.google_project_iam_member.cloudbuild_sa_dataform_editor",
            "module.iam.google_project_iam_member.cloudbuild_sa_secret_accessor",
            "module.iam.google_project_iam_member.cloudbuild_sa_storage_admin",
            "module.iam.google_project_iam_member.data_analyst_bq_job_user",
            "module.iam.google_project_iam_member.data_analyst_bq_viewer",
            "module.iam.google_project_iam_member.data_engineer_bq_editor",
            "module.iam.google_project_iam_member.data_engineer_bq_job_user",
            "module.iam.google_project_iam_member.data_engineer_dataform_editor",
            "module.iam.google_project_iam_member.data_engineer_storage_object_viewer",
            "module.iam.google_project_iam_member.dataform_sa_bq_editor",
            "module.iam.google_project_iam_member.dataform_sa_bq_job_user",
            "module.iam.google_project_iam_member.dataplex_sa_bq_data_viewer",
            "module.iam.google_project_iam_member.dataplex_sa_bq_job_user",
            "module.iam.google_project_iam_member.dataplex_sa_dataplex_editor",
            "module.iam.google_project_iam_member.eventarc_sa_event_receiver",
            "module.iam.google_project_iam_member.eventarc_sa_workflows_invoker",
            "module.iam.google_project_iam_member.governance_bq_metadata_viewer",
            "module.iam.google_project_iam_member.governance_catalog_tag_editor",
            "module.iam.google_project_iam_member.scheduler_sa_workflows_invoker",
            "module.iam.google_project_iam_member.workflows_sa_bq_job_user",
            "module.iam.google_project_iam_member.workflows_sa_dataform_editor",
            "module.iam.google_project_iam_member.workflows_sa_log_writer",
            "module.iam.google_service_account.ai_developer",
            "module.iam.google_service_account.cloudbuild",
            "module.iam.google_service_account.data_analyst",
            "module.iam.google_service_account.data_engineer",
            "module.iam.google_service_account.dataform",
            "module.iam.google_service_account.dataplex",
            "module.iam.google_service_account.eventarc",
            "module.iam.google_service_account.governance",
            "module.iam.google_service_account.scheduler",
            "module.iam.google_service_account.workflows",
            "module.project_services.google_project_service.apis",
            "module.secret_manager.google_secret_manager_secret.github_token"
          ]
        }
      ]
    },
    {
      "module": "module.secret_manager",
      "mode": "managed",
      "type": "google_secret_manager_secret_version",
      "name": "gemini_api_key_placeholder",
      "provider": "provider[\"registry.terraform.io/hashicorp/google\"]",
      "instances": [
        {
          "schema_version": 0,
          "attributes": {
            "create_time": "2026-03-23T03:17:25.878210Z",
            "deletion_policy": "DELETE",
            "destroy_time": "",
            "enabled": true,
            "id": "projects/160702508047/secrets/gemini-api-key/versions/1",
            "is_secret_data_base64": false,
            "name": "projects/160702508047/secrets/gemini-api-key/versions/1",
            "secret": "projects/vishal-sandpit-474523/secrets/gemini-api-key",
            "secret_data": "REPLACE_WITH_GEMINI_API_KEY",
            "timeouts": null,
            "version": "1"
          },
          "sensitive_attributes": [],
          "private": "eyJlMmJmYjczMC1lY2FhLTExZTYtOGY4OC0zNDM2M2JjN2M0YzAiOnsiY3JlYXRlIjoxMjAwMDAwMDAwMDAwLCJkZWxldGUiOjEyMDAwMDAwMDAwMDAsInVwZGF0ZSI6MTIwMDAwMDAwMDAwMH19",
          "dependencies": [
            "module.iam.google_project_iam_member.ai_developer_aiplatform_user",
            "module.iam.google_project_iam_member.ai_developer_bq_editor",
            "module.iam.google_project_iam_member.ai_developer_bq_job_user",
            "module.iam.google_project_iam_member.cloudbuild_sa_bq_job_user",
            "module.iam.google_project_iam_member.cloudbuild_sa_builds_editor",
            "module.iam.google_project_iam_member.cloudbuild_sa_dataform_editor",
            "module.iam.google_project_iam_member.cloudbuild_sa_secret_accessor",
            "module.iam.google_project_iam_member.cloudbuild_sa_storage_admin",
            "module.iam.google_project_iam_member.data_analyst_bq_job_user",
            "module.iam.google_project_iam_member.data_analyst_bq_viewer",
            "module.iam.google_project_iam_member.data_engineer_bq_editor",
            "module.iam.google_project_iam_member.data_engineer_bq_job_user",
            "module.iam.google_project_iam_member.data_engineer_dataform_editor",
            "module.iam.google_project_iam_member.data_engineer_storage_object_viewer",
            "module.iam.google_project_iam_member.dataform_sa_bq_editor",
            "module.iam.google_project_iam_member.dataform_sa_bq_job_user",
            "module.iam.google_project_iam_member.dataplex_sa_bq_data_viewer",
            "module.iam.google_project_iam_member.dataplex_sa_bq_job_user",
            "module.iam.google_project_iam_member.dataplex_sa_dataplex_editor",
            "module.iam.google_project_iam_member.eventarc_sa_event_receiver",
            "module.iam.google_project_iam_member.eventarc_sa_workflows_invoker",
            "module.iam.google_project_iam_member.governance_bq_metadata_viewer",
            "module.iam.google_project_iam_member.governance_catalog_tag_editor",
            "module.iam.google_project_iam_member.scheduler_sa_workflows_invoker",
            "module.iam.google_project_iam_member.workflows_sa_bq_job_user",
            "module.iam.google_project_iam_member.workflows_sa_dataform_editor",
            "module.iam.google_project_iam_member.workflows_sa_log_writer",
            "module.iam.google_service_account.ai_developer",
            "module.iam.google_service_account.cloudbuild",
            "module.iam.google_service_account.data_analyst",
            "module.iam.google_service_account.data_engineer",
            "module.iam.google_service_account.dataform",
            "module.iam.google_service_account.dataplex",
            "module.iam.google_service_account.eventarc",
            "module.iam.google_service_account.governance",
            "module.iam.google_service_account.scheduler",
            "module.iam.google_service_account.workflows",
            "module.project_services.google_project_service.apis",
            "module.secret_manager.google_secret_manager_secret.gemini_api_key"
          ]
        }
      ]
    },
    {
      "module": "module.secret_manager",
      "mode": "managed",
      "type": "google_secret_manager_secret_version",
      "name": "github_token_placeholder",
      "provider": "provider[\"registry.terraform.io/hashicorp/google\"]",
      "instances": [
        {
          "schema_version": 0,
          "attributes": {
            "create_time": "2026-03-23T03:17:27.294592Z",
            "deletion_policy": "DELETE",
            "destroy_time": "",
            "enabled": true,
            "id": "projects/160702508047/secrets/github-token/versions/1",
            "is_secret_data_base64": false,
            "name": "projects/160702508047/secrets/github-token/versions/1",
            "secret": "projects/vishal-sandpit-474523/secrets/github-token",
            "secret_data": "REPLACE_WITH_GITHUB_PAT",
            "timeouts": null,
            "version": "1"
          },
          "sensitive_attributes": [],
          "private": "eyJlMmJmYjczMC1lY2FhLTExZTYtOGY4OC0zNDM2M2JjN2M0YzAiOnsiY3JlYXRlIjoxMjAwMDAwMDAwMDAwLCJkZWxldGUiOjEyMDAwMDAwMDAwMDAsInVwZGF0ZSI6MTIwMDAwMDAwMDAwMH19",
          "dependencies": [
            "module.iam.google_project_iam_member.ai_developer_aiplatform_user",
            "module.iam.google_project_iam_member.ai_developer_bq_editor",
            "module.iam.google_project_iam_member.ai_developer_bq_job_user",
            "module.iam.google_project_iam_member.cloudbuild_sa_bq_job_user",
            "module.iam.google_project_iam_member.cloudbuild_sa_builds_editor",
            "module.iam.google_project_iam_member.cloudbuild_sa_dataform_editor",
            "module.iam.google_project_iam_member.cloudbuild_sa_secret_accessor",
            "module.iam.google_project_iam_member.cloudbuild_sa_storage_admin",
            "module.iam.google_project_iam_member.data_analyst_bq_job_user",
            "module.iam.google_project_iam_member.data_analyst_bq_viewer",
            "module.iam.google_project_iam_member.data_engineer_bq_editor",
            "module.iam.google_project_iam_member.data_engineer_bq_job_user",
            "module.iam.google_project_iam_member.data_engineer_dataform_editor",
            "module.iam.google_project_iam_member.data_engineer_storage_object_viewer",
            "module.iam.google_project_iam_member.dataform_sa_bq_editor",
            "module.iam.google_project_iam_member.dataform_sa_bq_job_user",
            "module.iam.google_project_iam_member.dataplex_sa_bq_data_viewer",
            "module.iam.google_project_iam_member.dataplex_sa_bq_job_user",
            "module.iam.google_project_iam_member.dataplex_sa_dataplex_editor",
            "module.iam.google_project_iam_member.eventarc_sa_event_receiver",
            "module.iam.google_project_iam_member.eventarc_sa_workflows_invoker",
            "module.iam.google_project_iam_member.governance_bq_metadata_viewer",
            "module.iam.google_project_iam_member.governance_catalog_tag_editor",
            "module.iam.google_project_iam_member.scheduler_sa_workflows_invoker",
            "module.iam.google_project_iam_member.workflows_sa_bq_job_user",
            "module.iam.google_project_iam_member.workflows_sa_dataform_editor",
            "module.iam.google_project_iam_member.workflows_sa_log_writer",
            "module.iam.google_service_account.ai_developer",
            "module.iam.google_service_account.cloudbuild",
            "module.iam.google_service_account.data_analyst",
            "module.iam.google_service_account.data_engineer",
            "module.iam.google_service_account.dataform",
            "module.iam.google_service_account.dataplex",
            "module.iam.google_service_account.eventarc",
            "module.iam.google_service_account.governance",
            "module.iam.google_service_account.scheduler",
            "module.iam.google_service_account.workflows",
            "module.project_services.google_project_service.apis",
            "module.secret_manager.google_secret_manager_secret.github_token"
          ]
        }
      ]
    },
    {
      "module": "module.secret_manager",
      "mode": "managed",
      "type": "google_secret_manager_secret_version",
      "name": "looker_api_key_placeholder",
      "provider": "provider[\"registry.terraform.io/hashicorp/google\"]",
      "instances": [
        {
          "schema_version": 0,
          "attributes": {
            "create_time": "2026-03-23T03:17:27.562702Z",
            "deletion_policy": "DELETE",
            "destroy_time": "",
            "enabled": true,
            "id": "projects/160702508047/secrets/looker-api-key/versions/1",
            "is_secret_data_base64": false,
            "name": "projects/160702508047/secrets/looker-api-key/versions/1",
            "secret": "projects/vishal-sandpit-474523/secrets/looker-api-key",
            "secret_data": "REPLACE_WITH_LOOKER_API_KEY",
            "timeouts": null,
            "version": "1"
          },
          "sensitive_attributes": [],
          "private": "eyJlMmJmYjczMC1lY2FhLTExZTYtOGY4OC0zNDM2M2JjN2M0YzAiOnsiY3JlYXRlIjoxMjAwMDAwMDAwMDAwLCJkZWxldGUiOjEyMDAwMDAwMDAwMDAsInVwZGF0ZSI6MTIwMDAwMDAwMDAwMH19",
          "dependencies": [
            "module.iam.google_project_iam_member.ai_developer_aiplatform_user",
            "module.iam.google_project_iam_member.ai_developer_bq_editor",
            "module.iam.google_project_iam_member.ai_developer_bq_job_user",
            "module.iam.google_project_iam_member.cloudbuild_sa_bq_job_user",
            "module.iam.google_project_iam_member.cloudbuild_sa_builds_editor",
            "module.iam.google_project_iam_member.cloudbuild_sa_dataform_editor",
            "module.iam.google_project_iam_member.cloudbuild_sa_secret_accessor",
            "module.iam.google_project_iam_member.cloudbuild_sa_storage_admin",
            "module.iam.google_project_iam_member.data_analyst_bq_job_user",
            "module.iam.google_project_iam_member.data_analyst_bq_viewer",
            "module.iam.google_project_iam_member.data_engineer_bq_editor",
            "module.iam.google_project_iam_member.data_engineer_bq_job_user",
            "module.iam.google_project_iam_member.data_engineer_dataform_editor",
            "module.iam.google_project_iam_member.data_engineer_storage_object_viewer",
            "module.iam.google_project_iam_member.dataform_sa_bq_editor",
            "module.iam.google_project_iam_member.dataform_sa_bq_job_user",
            "module.iam.google_project_iam_member.dataplex_sa_bq_data_viewer",
            "module.iam.google_project_iam_member.dataplex_sa_bq_job_user",
            "module.iam.google_project_iam_member.dataplex_sa_dataplex_editor",
            "module.iam.google_project_iam_member.eventarc_sa_event_receiver",
            "module.iam.google_project_iam_member.eventarc_sa_workflows_invoker",
            "module.iam.google_project_iam_member.governance_bq_metadata_viewer",
            "module.iam.google_project_iam_member.governance_catalog_tag_editor",
            "module.iam.google_project_iam_member.scheduler_sa_workflows_invoker",
            "module.iam.google_project_iam_member.workflows_sa_bq_job_user",
            "module.iam.google_project_iam_member.workflows_sa_dataform_editor",
            "module.iam.google_project_iam_member.workflows_sa_log_writer",
            "module.iam.google_service_account.ai_developer",
            "module.iam.google_service_account.cloudbuild",
            "module.iam.google_service_account.data_analyst",
            "module.iam.google_service_account.data_engineer",
            "module.iam.google_service_account.dataform",
            "module.iam.google_service_account.dataplex",
            "module.iam.google_service_account.eventarc",
            "module.iam.google_service_account.governance",
            "module.iam.google_service_account.scheduler",
            "module.iam.google_service_account.workflows",
            "module.project_services.google_project_service.apis",
            "module.secret_manager.google_secret_manager_secret.looker_api_key"
          ]
        }
      ]
    },
    {
      "module": "module.storage",
      "mode": "managed",
      "type": "google_storage_bucket",
      "name": "delta_staging",
      "provider": "provider[\"registry.terraform.io/hashicorp/google\"]",
      "instances": [
        {
          "schema_version": 2,
          "attributes": {
            "autoclass": [],
            "cors": [],
            "custom_placement_config": [],
            "default_event_based_hold": false,
            "effective_labels": {
              "environment": "production",
              "workload": "delta-pipeline"
            },
            "enable_object_retention": false,
            "encryption": [],
            "force_destroy": false,
            "id": "vishal-sandpit-474523-delta-staging",
            "labels": {
              "environment": "production",
              "workload": "delta-pipeline"
            },
            "lifecycle_rule": [
              {
                "action": [
                  {
                    "storage_class": "COLDLINE",
                    "type": "SetStorageClass"
                  }
                ],
                "condition": [
                  {
                    "age": 90,
                    "created_before": "",
                    "custom_time_before": "",
                    "days_since_custom_time": 0,
                    "days_since_noncurrent_time": 0,
                    "matches_prefix": [],
                    "matches_storage_class": [],
                    "matches_suffix": [],
                    "no_age": false,
                    "noncurrent_time_before": "",
                    "num_newer_versions": 0,
                    "send_age_if_zero": true,
                    "send_days_since_custom_time_if_zero": false,
                    "send_days_since_noncurrent_time_if_zero": false,
                    "send_num_newer_versions_if_zero": false,
                    "with_state": "ANY"
                  }
                ]
              },
              {
                "action": [
                  {
                    "storage_class": "",
                    "type": "Delete"
                  }
                ],
                "condition": [
                  {
                    "age": 365,
                    "created_before": "",
                    "custom_time_before": "",
                    "days_since_custom_time": 0,
                    "days_since_noncurrent_time": 0,
                    "matches_prefix": [],
                    "matches_storage_class": [],
                    "matches_suffix": [],
                    "no_age": false,
                    "noncurrent_time_before": "",
                    "num_newer_versions": 0,
                    "send_age_if_zero": true,
                    "send_days_since_custom_time_if_zero": false,
                    "send_days_since_noncurrent_time_if_zero": false,
                    "send_num_newer_versions_if_zero": false,
                    "with_state": "ANY"
                  }
                ]
              }
            ],
            "location": "AUSTRALIA-SOUTHEAST1",
            "logging": [],
            "name": "vishal-sandpit-474523-delta-staging",
            "project": "vishal-sandpit-474523",
            "project_number": 1788718095,
            "public_access_prevention": "inherited",
            "requester_pays": false,
            "retention_policy": [],
            "rpo": null,
            "self_link": "https://www.googleapis.com/storage/v1/b/vishal-sandpit-474523-delta-staging",
            "soft_delete_policy": [
              {
                "effective_time": "2026-03-23T03:16:30.998Z",
                "retention_duration_seconds": 604800
              }
            ],
            "storage_class": "STANDARD",
            "terraform_labels": {
              "environment": "production",
              "workload": "delta-pipeline"
            },
            "timeouts": null,
            "uniform_bucket_level_access": true,
            "url": "gs://vishal-sandpit-474523-delta-staging",
            "versioning": [
              {
                "enabled": true
              }
            ],
            "website": []
          },
          "sensitive_attributes": [],
          "private": "eyJlMmJmYjczMC1lY2FhLTExZTYtOGY4OC0zNDM2M2JjN2M0YzAiOnsiY3JlYXRlIjo2MDAwMDAwMDAwMDAsInJlYWQiOjI0MDAwMDAwMDAwMCwidXBkYXRlIjoyNDAwMDAwMDAwMDB9LCJzY2hlbWFfdmVyc2lvbiI6IjIifQ==",
          "dependencies": [
            "module.project_services.google_project_service.apis"
          ]
        }
      ]
    },
    {
      "module": "module.vertex_ai",
      "mode": "managed",
      "type": "google_vertex_ai_metadata_store",
      "name": "default",
      "provider": "provider[\"registry.terraform.io/hashicorp/google-beta\"]",
      "instances": [
        {
          "schema_version": 0,
          "attributes": {
            "create_time": "2026-03-23T03:17:20.684229Z",
            "description": "Default Vertex AI Metadata Store for the Intelia warehouse pipeline.",
            "encryption_spec": [],
            "id": "default",
            "name": "default",
            "project": "vishal-sandpit-474523",
            "region": "australia-southeast1",
            "state": [],
            "timeouts": null,
            "update_time": "2026-03-23T03:18:29.598036Z"
          },
          "sensitive_attributes": [],
          "private": "eyJlMmJmYjczMC1lY2FhLTExZTYtOGY4OC0zNDM2M2JjN2M0YzAiOnsiY3JlYXRlIjoyNDAwMDAwMDAwMDAwLCJkZWxldGUiOjEyMDAwMDAwMDAwMDB9fQ==",
          "dependencies": [
            "module.project_services.google_project_service.apis"
          ]
        }
      ]
    }
  ],
  "check_results": null
}
